{"format_version":"1.2","terraform_version":"1.6.6","planned_values":{"root_module":{"resources":[{"address":"aws_ebs_volume.costiac_ebs_volume","mode":"managed","type":"aws_ebs_volume","name":"costiac_ebs_volume","provider_name":"registry.terraform.io/hashicorp/aws","schema_version":0,"values":{"availability_zone":"us-east-1a","final_snapshot":false,"multi_attach_enabled":null,"outpost_arn":null,"size":100,"tags":{"Name":"costiac-ebs-volume"},"tags_all":{"Name":"costiac-ebs-volume"},"timeouts":null},"sensitive_values":{"tags":{},"tags_all":{}}},{"address":"aws_efs_file_system.costiac_efs","mode":"managed","type":"aws_efs_file_system","name":"costiac_efs","provider_name":"registry.terraform.io/hashicorp/aws","schema_version":0,"values":{"lifecycle_policy":[],"provisioned_throughput_in_mibps":null,"tags":{"Name":"costiac-efs"},"tags_all":{"Name":"costiac-efs"},"throughput_mode":"bursting"},"sensitive_values":{"lifecycle_policy":[],"protection":[],"size_in_bytes":[],"tags":{},"tags_all":{}}},{"address":"aws_efs_mount_target.costiac_efs_mount_target","mode":"managed","type":"aws_efs_mount_target","name":"costiac_efs_mount_target","provider_name":"registry.terraform.io/hashicorp/aws","schema_version":0,"values":{"timeouts":null},"sensitive_values":{"security_groups":[]}},{"address":"aws_instance.costiac_instance_1","mode":"managed","type":"aws_instance","name":"costiac_instance_1","provider_name":"registry.terraform.io/hashicorp/aws","schema_version":1,"values":{"ami":"ami-0c02fb55956c7d316","credit_specification":[],"ebs_block_device":[{"delete_on_termination":true,"device_name":"/dev/sdh","tags":null,"volume_size":500}],"get_password_data":false,"hibernation":null,"instance_type":"c4.8xlarge","launch_template":[],"root_block_device":[{"delete_on_termination":true,"tags":null,"volume_size":8}],"source_dest_check":true,"tags":{"Name":"costiac-instance-1"},"tags_all":{"Name":"costiac-instance-1"},"timeouts":null,"user_data":"3678008cf8f03b8f8c711e97fe52e20e21cb0987","user_data_replace_on_change":false,"volume_tags":null},"sensitive_values":{"capacity_reservation_specification":[],"cpu_options":[],"credit_specification":[],"ebs_block_device":[{"tags_all":{}}],"enclave_options":[],"ephemeral_block_device":[],"instance_market_options":[],"ipv6_addresses":[],"launch_template":[],"maintenance_options":[],"metadata_options":[],"network_interface":[],"private_dns_name_options":[],"root_block_device":[{"tags_all":{}}],"secondary_private_ips":[],"security_groups":[],"tags":{},"tags_all":{},"vpc_security_group_ids":[]}},{"address":"aws_instance.costiac_instance_2","mode":"managed","type":"aws_instance","name":"costiac_instance_2","provider_name":"registry.terraform.io/hashicorp/aws","schema_version":1,"values":{"ami":"ami-0c02fb55956c7d316","credit_specification":[],"get_password_data":false,"hibernation":null,"instance_type":"c4.8xlarge","launch_template":[],"root_block_device":[{"delete_on_termination":true,"tags":null,"volume_size":8}],"source_dest_check":true,"tags":{"Name":"costiac-instance-2"},"tags_all":{"Name":"costiac-instance-2"},"timeouts":null,"user_data_replace_on_change":false,"volume_tags":null},"sensitive_values":{"capacity_reservation_specification":[],"cpu_options":[],"credit_specification":[],"ebs_block_device":[],"enclave_options":[],"ephemeral_block_device":[],"instance_market_options":[],"ipv6_addresses":[],"launch_template":[],"maintenance_options":[],"metadata_options":[],"network_interface":[],"private_dns_name_options":[],"root_block_device":[{"tags_all":{}}],"secondary_private_ips":[],"security_groups":[],"tags":{},"tags_all":{},"vpc_security_group_ids":[]}},{"address":"aws_instance.my_ec2","mode":"managed","type":"aws_instance","name":"my_ec2","provider_name":"registry.terraform.io/hashicorp/aws","schema_version":1,"values":{"ami":"ami-0c02fb55956c7d316","credit_specification":[],"get_password_data":false,"hibernation":null,"instance_type":"t3.medium","key_name":"my-generated-key","launch_template":[],"root_block_device":[{"delete_on_termination":true,"tags":null,"volume_size":8,"volume_type":"gp2"}],"source_dest_check":true,"tags":{"Name":"costiac-estimator"},"tags_all":{"Name":"costiac-estimator"},"timeouts":null,"user_data":"52c4d5c6cab775f3966a17552c2a712257bab0f3","user_data_replace_on_change":false,"volume_tags":null},"sensitive_values":{"capacity_reservation_specification":[],"cpu_options":[],"credit_specification":[],"ebs_block_device":[],"enclave_options":[],"ephemeral_block_device":[],"instance_market_options":[],"ipv6_addresses":[],"launch_template":[],"maintenance_options":[],"metadata_options":[],"network_interface":[],"private_dns_name_options":[],"root_block_device":[{"tags_all":{}}],"secondary_private_ips":[],"security_groups":[],"tags":{},"tags_all":{},"vpc_security_group_ids":[]}},{"address":"aws_internet_gateway.costiac_igw","mode":"managed","type":"aws_internet_gateway","name":"costiac_igw","provider_name":"registry.terraform.io/hashicorp/aws","schema_version":0,"values":{"tags":{"Name":"costiac-igw"},"tags_all":{"Name":"costiac-igw"},"timeouts":null},"sensitive_values":{"tags":{},"tags_all":{}}},{"address":"aws_key_pair.deployed_key","mode":"managed","type":"aws_key_pair","name":"deployed_key","provider_name":"registry.terraform.io/hashicorp/aws","schema_version":1,"values":{"key_name":"my-generated-key","tags":null},"sensitive_values":{"tags_all":{}}},{"address":"aws_route_table.costiac_public_route_table","mode":"managed","type":"aws_route_table","name":"costiac_public_route_table","provider_name":"registry.terraform.io/hashicorp/aws","schema_version":0,"values":{"route":[{"carrier_gateway_id":"","cidr_block":"0.0.0.0/0","core_network_arn":"","destination_prefix_list_id":"","egress_only_gateway_id":"","ipv6_cidr_block":"","local_gateway_id":"","nat_gateway_id":"","network_interface_id":"","transit_gateway_id":"","vpc_endpoint_id":"","vpc_peering_connection_id":""}],"tags":{"Name":"costiac-public-route-table"},"tags_all":{"Name":"costiac-public-route-table"},"timeouts":null},"sensitive_values":{"propagating_vgws":[],"route":[{}],"tags":{},"tags_all":{}}},{"address":"aws_route_table_association.costiac_route_assoc_subnet_1","mode":"managed","type":"aws_route_table_association","name":"costiac_route_assoc_subnet_1","provider_name":"registry.terraform.io/hashicorp/aws","schema_version":0,"values":{"gateway_id":null,"timeouts":null},"sensitive_values":{}},{"address":"aws_route_table_association.costiac_route_assoc_subnet_2","mode":"managed","type":"aws_route_table_association","name":"costiac_route_assoc_subnet_2","provider_name":"registry.terraform.io/hashicorp/aws","schema_version":0,"values":{"gateway_id":null,"timeouts":null},"sensitive_values":{}},{"address":"aws_security_group.costiac_sg","mode":"managed","type":"aws_security_group","name":"costiac_sg","provider_name":"registry.terraform.io/hashicorp/aws","schema_version":1,"values":{"description":"Managed by Terraform","egress":[{"cidr_blocks":["0.0.0.0/0"],"description":"","from_port":0,"ipv6_cidr_blocks":[],"prefix_list_ids":[],"protocol":"-1","security_groups":[],"self":false,"to_port":0}],"ingress":[{"cidr_blocks":["0.0.0.0/0"],"description":"","from_port":22,"ipv6_cidr_blocks":[],"prefix_list_ids":[],"protocol":"tcp","security_groups":[],"self":false,"to_port":22},{"cidr_blocks":["0.0.0.0/0"],"description":"","from_port":443,"ipv6_cidr_blocks":[],"prefix_list_ids":[],"protocol":"tcp","security_groups":[],"self":false,"to_port":443}],"revoke_rules_on_delete":false,"tags":{"Name":"costiac-sg"},"tags_all":{"Name":"costiac-sg"},"timeouts":null},"sensitive_values":{"egress":[{"cidr_blocks":[false],"ipv6_cidr_blocks":[],"prefix_list_ids":[],"security_groups":[]}],"ingress":[{"cidr_blocks":[false],"ipv6_cidr_blocks":[],"prefix_list_ids":[],"security_groups":[]},{"cidr_blocks":[false],"ipv6_cidr_blocks":[],"prefix_list_ids":[],"security_groups":[]}],"tags":{},"tags_all":{}}},{"address":"aws_security_group.my_security_group","mode":"managed","type":"aws_security_group","name":"my_security_group","provider_name":"registry.terraform.io/hashicorp/aws","schema_version":1,"values":{"description":"Allow SSH inbound traffic","egress":[{"cidr_blocks":["0.0.0.0/0"],"description":"","from_port":0,"ipv6_cidr_blocks":[],"prefix_list_ids":[],"protocol":"-1","security_groups":[],"self":false,"to_port":0}],"ingress":[{"cidr_blocks":["0.0.0.0/0"],"description":"","from_port":22,"ipv6_cidr_blocks":[],"prefix_list_ids":[],"protocol":"tcp","security_groups":[],"self":false,"to_port":22}],"name":"costiac_allow_ssh","revoke_rules_on_delete":false,"tags":null,"timeouts":null},"sensitive_values":{"egress":[{"cidr_blocks":[false],"ipv6_cidr_blocks":[],"prefix_list_ids":[],"security_groups":[]}],"ingress":[{"cidr_blocks":[false],"ipv6_cidr_blocks":[],"prefix_list_ids":[],"security_groups":[]}],"tags_all":{}}},{"address":"aws_subnet.costiac_public_subnet_1","mode":"managed","type":"aws_subnet","name":"costiac_public_subnet_1","provider_name":"registry.terraform.io/hashicorp/aws","schema_version":1,"values":{"assign_ipv6_address_on_creation":false,"availability_zone":"us-east-1a","cidr_block":"10.0.1.0/24","customer_owned_ipv4_pool":null,"enable_dns64":false,"enable_lni_at_device_index":null,"enable_resource_name_dns_a_record_on_launch":false,"enable_resource_name_dns_aaaa_record_on_launch":false,"ipv6_cidr_block":null,"ipv6_native":false,"map_customer_owned_ip_on_launch":null,"map_public_ip_on_launch":true,"outpost_arn":null,"tags":{"Name":"costiac-public-subnet-1"},"tags_all":{"Name":"costiac-public-subnet-1"},"timeouts":null},"sensitive_values":{"tags":{},"tags_all":{}}},{"address":"aws_subnet.costiac_public_subnet_2","mode":"managed","type":"aws_subnet","name":"costiac_public_subnet_2","provider_name":"registry.terraform.io/hashicorp/aws","schema_version":1,"values":{"assign_ipv6_address_on_creation":false,"availability_zone":"us-east-1b","cidr_block":"10.0.2.0/24","customer_owned_ipv4_pool":null,"enable_dns64":false,"enable_lni_at_device_index":null,"enable_resource_name_dns_a_record_on_launch":false,"enable_resource_name_dns_aaaa_record_on_launch":false,"ipv6_cidr_block":null,"ipv6_native":false,"map_customer_owned_ip_on_launch":null,"map_public_ip_on_launch":true,"outpost_arn":null,"tags":{"Name":"costiac-public-subnet-2"},"tags_all":{"Name":"costiac-public-subnet-2"},"timeouts":null},"sensitive_values":{"tags":{},"tags_all":{}}},{"address":"aws_vpc.costiac_vpc","mode":"managed","type":"aws_vpc","name":"costiac_vpc","provider_name":"registry.terraform.io/hashicorp/aws","schema_version":1,"values":{"assign_generated_ipv6_cidr_block":null,"cidr_block":"10.0.0.0/16","enable_dns_support":true,"instance_tenancy":"default","ipv4_ipam_pool_id":null,"ipv4_netmask_length":null,"ipv6_ipam_pool_id":null,"ipv6_netmask_length":null,"tags":{"Name":"costiac-vpc"},"tags_all":{"Name":"costiac-vpc"}},"sensitive_values":{"tags":{},"tags_all":{}}},{"address":"local_file.private_key","mode":"managed","type":"local_file","name":"private_key","provider_name":"registry.terraform.io/hashicorp/local","schema_version":0,"values":{"content_base64":null,"directory_permission":"0777","file_permission":"0400","filename":"./config/my-generated-key.pem","sensitive_content":null,"source":null},"sensitive_values":{"content":true}},{"address":"tls_private_key.ec2_key_pair","mode":"managed","type":"tls_private_key","name":"ec2_key_pair","provider_name":"registry.terraform.io/hashicorp/tls","schema_version":1,"values":{"algorithm":"RSA","ecdsa_curve":"P224","rsa_bits":2048},"sensitive_values":{}}]}},"resource_changes":[{"address":"aws_ebs_volume.costiac_ebs_volume","mode":"managed","type":"aws_ebs_volume","name":"costiac_ebs_volume","provider_name":"registry.terraform.io/hashicorp/aws","change":{"actions":["create"],"before":null,"after":{"availability_zone":"us-east-1a","final_snapshot":false,"multi_attach_enabled":null,"outpost_arn":null,"size":100,"tags":{"Name":"costiac-ebs-volume"},"tags_all":{"Name":"costiac-ebs-volume"},"timeouts":null},"after_unknown":{"arn":true,"encrypted":true,"id":true,"iops":true,"kms_key_id":true,"snapshot_id":true,"tags":{},"tags_all":{},"throughput":true,"type":true},"before_sensitive":false,"after_sensitive":{"tags":{},"tags_all":{}}}},{"address":"aws_efs_file_system.costiac_efs","mode":"managed","type":"aws_efs_file_system","name":"costiac_efs","provider_name":"registry.terraform.io/hashicorp/aws","change":{"actions":["create"],"before":null,"after":{"lifecycle_policy":[],"provisioned_throughput_in_mibps":null,"tags":{"Name":"costiac-efs"},"tags_all":{"Name":"costiac-efs"},"throughput_mode":"bursting"},"after_unknown":{"arn":true,"availability_zone_id":true,"availability_zone_name":true,"creation_token":true,"dns_name":true,"encrypted":true,"id":true,"kms_key_id":true,"lifecycle_policy":[],"name":true,"number_of_mount_targets":true,"owner_id":true,"performance_mode":true,"protection":true,"size_in_bytes":true,"tags":{},"tags_all":{}},"before_sensitive":false,"after_sensitive":{"lifecycle_policy":[],"protection":[],"size_in_bytes":[],"tags":{},"tags_all":{}}}},{"address":"aws_efs_mount_target.costiac_efs_mount_target","mode":"managed","type":"aws_efs_mount_target","name":"costiac_efs_mount_target","provider_name":"registry.terraform.io/hashicorp/aws","change":{"actions":["create"],"before":null,"after":{"timeouts":null},"after_unknown":{"availability_zone_id":true,"availability_zone_name":true,"dns_name":true,"file_system_arn":true,"file_system_id":true,"id":true,"ip_address":true,"mount_target_dns_name":true,"network_interface_id":true,"owner_id":true,"security_groups":true,"subnet_id":true},"before_sensitive":false,"after_sensitive":{"security_groups":[]}}},{"address":"aws_instance.costiac_instance_1","mode":"managed","type":"aws_instance","name":"costiac_instance_1","provider_name":"registry.terraform.io/hashicorp/aws","change":{"actions":["create"],"before":null,"after":{"ami":"ami-0c02fb55956c7d316","credit_specification":[],"ebs_block_device":[{"delete_on_termination":true,"device_name":"/dev/sdh","tags":null,"volume_size":500}],"get_password_data":false,"hibernation":null,"instance_type":"c4.8xlarge","launch_template":[],"root_block_device":[{"delete_on_termination":true,"tags":null,"volume_size":8}],"source_dest_check":true,"tags":{"Name":"costiac-instance-1"},"tags_all":{"Name":"costiac-instance-1"},"timeouts":null,"user_data":"3678008cf8f03b8f8c711e97fe52e20e21cb0987","user_data_replace_on_change":false,"volume_tags":null},"after_unknown":{"arn":true,"associate_public_ip_address":true,"availability_zone":true,"capacity_reservation_specification":true,"cpu_core_count":true,"cpu_options":true,"cpu_threads_per_core":true,"credit_specification":[],"disable_api_stop":true,"disable_api_termination":true,"ebs_block_device":[{"encrypted":true,"iops":true,"kms_key_id":true,"snapshot_id":true,"tags_all":true,"throughput":true,"volume_id":true,"volume_type":true}],"ebs_optimized":true,"enclave_options":true,"ephemeral_block_device":true,"host_id":true,"host_resource_group_arn":true,"iam_instance_profile":true,"id":true,"instance_initiated_shutdown_behavior":true,"instance_lifecycle":true,"instance_market_options":true,"instance_state":true,"ipv6_address_count":true,"ipv6_addresses":true,"key_name":true,"launch_template":[],"maintenance_options":true,"metadata_options":true,"monitoring":true,"network_interface":true,"outpost_arn":true,"password_data":true,"placement_group":true,"placement_partition_number":true,"primary_network_interface_id":true,"private_dns":true,"private_dns_name_options":true,"private_ip":true,"public_dns":true,"public_ip":true,"root_block_device":[{"device_name":true,"encrypted":true,"iops":true,"kms_key_id":true,"tags_all":true,"throughput":true,"volume_id":true,"volume_type":true}],"secondary_private_ips":true,"security_groups":true,"spot_instance_request_id":true,"subnet_id":true,"tags":{},"tags_all":{},"tenancy":true,"user_data_base64":true,"vpc_security_group_ids":true},"before_sensitive":false,"after_sensitive":{"capacity_reservation_specification":[],"cpu_options":[],"credit_specification":[],"ebs_block_device":[{"tags_all":{}}],"enclave_options":[],"ephemeral_block_device":[],"instance_market_options":[],"ipv6_addresses":[],"launch_template":[],"maintenance_options":[],"metadata_options":[],"network_interface":[],"private_dns_name_options":[],"root_block_device":[{"tags_all":{}}],"secondary_private_ips":[],"security_groups":[],"tags":{},"tags_all":{},"vpc_security_group_ids":[]}}},{"address":"aws_instance.costiac_instance_2","mode":"managed","type":"aws_instance","name":"costiac_instance_2","provider_name":"registry.terraform.io/hashicorp/aws","change":{"actions":["create"],"before":null,"after":{"ami":"ami-0c02fb55956c7d316","credit_specification":[],"get_password_data":false,"hibernation":null,"instance_type":"c4.8xlarge","launch_template":[],"root_block_device":[{"delete_on_termination":true,"tags":null,"volume_size":8}],"source_dest_check":true,"tags":{"Name":"costiac-instance-2"},"tags_all":{"Name":"costiac-instance-2"},"timeouts":null,"user_data_replace_on_change":false,"volume_tags":null},"after_unknown":{"arn":true,"associate_public_ip_address":true,"availability_zone":true,"capacity_reservation_specification":true,"cpu_core_count":true,"cpu_options":true,"cpu_threads_per_core":true,"credit_specification":[],"disable_api_stop":true,"disable_api_termination":true,"ebs_block_device":true,"ebs_optimized":true,"enclave_options":true,"ephemeral_block_device":true,"host_id":true,"host_resource_group_arn":true,"iam_instance_profile":true,"id":true,"instance_initiated_shutdown_behavior":true,"instance_lifecycle":true,"instance_market_options":true,"instance_state":true,"ipv6_address_count":true,"ipv6_addresses":true,"key_name":true,"launch_template":[],"maintenance_options":true,"metadata_options":true,"monitoring":true,"network_interface":true,"outpost_arn":true,"password_data":true,"placement_group":true,"placement_partition_number":true,"primary_network_interface_id":true,"private_dns":true,"private_dns_name_options":true,"private_ip":true,"public_dns":true,"public_ip":true,"root_block_device":[{"device_name":true,"encrypted":true,"iops":true,"kms_key_id":true,"tags_all":true,"throughput":true,"volume_id":true,"volume_type":true}],"secondary_private_ips":true,"security_groups":true,"spot_instance_request_id":true,"subnet_id":true,"tags":{},"tags_all":{},"tenancy":true,"user_data":true,"user_data_base64":true,"vpc_security_group_ids":true},"before_sensitive":false,"after_sensitive":{"capacity_reservation_specification":[],"cpu_options":[],"credit_specification":[],"ebs_block_device":[],"enclave_options":[],"ephemeral_block_device":[],"instance_market_options":[],"ipv6_addresses":[],"launch_template":[],"maintenance_options":[],"metadata_options":[],"network_interface":[],"private_dns_name_options":[],"root_block_device":[{"tags_all":{}}],"secondary_private_ips":[],"security_groups":[],"tags":{},"tags_all":{},"vpc_security_group_ids":[]}}},{"address":"aws_instance.my_ec2","mode":"managed","type":"aws_instance","name":"my_ec2","provider_name":"registry.terraform.io/hashicorp/aws","change":{"actions":["create"],"before":null,"after":{"ami":"ami-0c02fb55956c7d316","credit_specification":[],"get_password_data":false,"hibernation":null,"instance_type":"t3.medium","key_name":"my-generated-key","launch_template":[],"root_block_device":[{"delete_on_termination":true,"tags":null,"volume_size":8,"volume_type":"gp2"}],"source_dest_check":true,"tags":{"Name":"costiac-estimator"},"tags_all":{"Name":"costiac-estimator"},"timeouts":null,"user_data":"52c4d5c6cab775f3966a17552c2a712257bab0f3","user_data_replace_on_change":false,"volume_tags":null},"after_unknown":{"arn":true,"associate_public_ip_address":true,"availability_zone":true,"capacity_reservation_specification":true,"cpu_core_count":true,"cpu_options":true,"cpu_threads_per_core":true,"credit_specification":[],"disable_api_stop":true,"disable_api_termination":true,"ebs_block_device":true,"ebs_optimized":true,"enclave_options":true,"ephemeral_block_device":true,"host_id":true,"host_resource_group_arn":true,"iam_instance_profile":true,"id":true,"instance_initiated_shutdown_behavior":true,"instance_lifecycle":true,"instance_market_options":true,"instance_state":true,"ipv6_address_count":true,"ipv6_addresses":true,"launch_template":[],"maintenance_options":true,"metadata_options":true,"monitoring":true,"network_interface":true,"outpost_arn":true,"password_data":true,"placement_group":true,"placement_partition_number":true,"primary_network_interface_id":true,"private_dns":true,"private_dns_name_options":true,"private_ip":true,"public_dns":true,"public_ip":true,"root_block_device":[{"device_name":true,"encrypted":true,"iops":true,"kms_key_id":true,"tags_all":true,"throughput":true,"volume_id":true}],"secondary_private_ips":true,"security_groups":true,"spot_instance_request_id":true,"subnet_id":true,"tags":{},"tags_all":{},"tenancy":true,"user_data_base64":true,"vpc_security_group_ids":true},"before_sensitive":false,"after_sensitive":{"capacity_reservation_specification":[],"cpu_options":[],"credit_specification":[],"ebs_block_device":[],"enclave_options":[],"ephemeral_block_device":[],"instance_market_options":[],"ipv6_addresses":[],"launch_template":[],"maintenance_options":[],"metadata_options":[],"network_interface":[],"private_dns_name_options":[],"root_block_device":[{"tags_all":{}}],"secondary_private_ips":[],"security_groups":[],"tags":{},"tags_all":{},"vpc_security_group_ids":[]}}},{"address":"aws_internet_gateway.costiac_igw","mode":"managed","type":"aws_internet_gateway","name":"costiac_igw","provider_name":"registry.terraform.io/hashicorp/aws","change":{"actions":["create"],"before":null,"after":{"tags":{"Name":"costiac-igw"},"tags_all":{"Name":"costiac-igw"},"timeouts":null},"after_unknown":{"arn":true,"id":true,"owner_id":true,"tags":{},"tags_all":{},"vpc_id":true},"before_sensitive":false,"after_sensitive":{"tags":{},"tags_all":{}}}},{"address":"aws_key_pair.deployed_key","mode":"managed","type":"aws_key_pair","name":"deployed_key","provider_name":"registry.terraform.io/hashicorp/aws","change":{"actions":["create"],"before":null,"after":{"key_name":"my-generated-key","tags":null},"after_unknown":{"arn":true,"fingerprint":true,"id":true,"key_name_prefix":true,"key_pair_id":true,"key_type":true,"public_key":true,"tags_all":true},"before_sensitive":false,"after_sensitive":{"tags_all":{}}}},{"address":"aws_route_table.costiac_public_route_table","mode":"managed","type":"aws_route_table","name":"costiac_public_route_table","provider_name":"registry.terraform.io/hashicorp/aws","change":{"actions":["create"],"before":null,"after":{"route":[{"carrier_gateway_id":"","cidr_block":"0.0.0.0/0","core_network_arn":"","destination_prefix_list_id":"","egress_only_gateway_id":"","ipv6_cidr_block":"","local_gateway_id":"","nat_gateway_id":"","network_interface_id":"","transit_gateway_id":"","vpc_endpoint_id":"","vpc_peering_connection_id":""}],"tags":{"Name":"costiac-public-route-table"},"tags_all":{"Name":"costiac-public-route-table"},"timeouts":null},"after_unknown":{"arn":true,"id":true,"owner_id":true,"propagating_vgws":true,"route":[{"gateway_id":true}],"tags":{},"tags_all":{},"vpc_id":true},"before_sensitive":false,"after_sensitive":{"propagating_vgws":[],"route":[{}],"tags":{},"tags_all":{}}}},{"address":"aws_route_table_association.costiac_route_assoc_subnet_1","mode":"managed","type":"aws_route_table_association","name":"costiac_route_assoc_subnet_1","provider_name":"registry.terraform.io/hashicorp/aws","change":{"actions":["create"],"before":null,"after":{"gateway_id":null,"timeouts":null},"after_unknown":{"id":true,"route_table_id":true,"subnet_id":true},"before_sensitive":false,"after_sensitive":{}}},{"address":"aws_route_table_association.costiac_route_assoc_subnet_2","mode":"managed","type":"aws_route_table_association","name":"costiac_route_assoc_subnet_2","provider_name":"registry.terraform.io/hashicorp/aws","change":{"actions":["create"],"before":null,"after":{"gateway_id":null,"timeouts":null},"after_unknown":{"id":true,"route_table_id":true,"subnet_id":true},"before_sensitive":false,"after_sensitive":{}}},{"address":"aws_security_group.costiac_sg","mode":"managed","type":"aws_security_group","name":"costiac_sg","provider_name":"registry.terraform.io/hashicorp/aws","change":{"actions":["create"],"before":null,"after":{"description":"Managed by Terraform","egress":[{"cidr_blocks":["0.0.0.0/0"],"description":"","from_port":0,"ipv6_cidr_blocks":[],"prefix_list_ids":[],"protocol":"-1","security_groups":[],"self":false,"to_port":0}],"ingress":[{"cidr_blocks":["0.0.0.0/0"],"description":"","from_port":22,"ipv6_cidr_blocks":[],"prefix_list_ids":[],"protocol":"tcp","security_groups":[],"self":false,"to_port":22},{"cidr_blocks":["0.0.0.0/0"],"description":"","from_port":443,"ipv6_cidr_blocks":[],"prefix_list_ids":[],"protocol":"tcp","security_groups":[],"self":false,"to_port":443}],"revoke_rules_on_delete":false,"tags":{"Name":"costiac-sg"},"tags_all":{"Name":"costiac-sg"},"timeouts":null},"after_unknown":{"arn":true,"egress":[{"cidr_blocks":[false],"ipv6_cidr_blocks":[],"prefix_list_ids":[],"security_groups":[]}],"id":true,"ingress":[{"cidr_blocks":[false],"ipv6_cidr_blocks":[],"prefix_list_ids":[],"security_groups":[]},{"cidr_blocks":[false],"ipv6_cidr_blocks":[],"prefix_list_ids":[],"security_groups":[]}],"name":true,"name_prefix":true,"owner_id":true,"tags":{},"tags_all":{},"vpc_id":true},"before_sensitive":false,"after_sensitive":{"egress":[{"cidr_blocks":[false],"ipv6_cidr_blocks":[],"prefix_list_ids":[],"security_groups":[]}],"ingress":[{"cidr_blocks":[false],"ipv6_cidr_blocks":[],"prefix_list_ids":[],"security_groups":[]},{"cidr_blocks":[false],"ipv6_cidr_blocks":[],"prefix_list_ids":[],"security_groups":[]}],"tags":{},"tags_all":{}}}},{"address":"aws_security_group.my_security_group","mode":"managed","type":"aws_security_group","name":"my_security_group","provider_name":"registry.terraform.io/hashicorp/aws","change":{"actions":["create"],"before":null,"after":{"description":"Allow SSH inbound traffic","egress":[{"cidr_blocks":["0.0.0.0/0"],"description":"","from_port":0,"ipv6_cidr_blocks":[],"prefix_list_ids":[],"protocol":"-1","security_groups":[],"self":false,"to_port":0}],"ingress":[{"cidr_blocks":["0.0.0.0/0"],"description":"","from_port":22,"ipv6_cidr_blocks":[],"prefix_list_ids":[],"protocol":"tcp","security_groups":[],"self":false,"to_port":22}],"name":"costiac_allow_ssh","revoke_rules_on_delete":false,"tags":null,"timeouts":null},"after_unknown":{"arn":true,"egress":[{"cidr_blocks":[false],"ipv6_cidr_blocks":[],"prefix_list_ids":[],"security_groups":[]}],"id":true,"ingress":[{"cidr_blocks":[false],"ipv6_cidr_blocks":[],"prefix_list_ids":[],"security_groups":[]}],"name_prefix":true,"owner_id":true,"tags_all":true,"vpc_id":true},"before_sensitive":false,"after_sensitive":{"egress":[{"cidr_blocks":[false],"ipv6_cidr_blocks":[],"prefix_list_ids":[],"security_groups":[]}],"ingress":[{"cidr_blocks":[false],"ipv6_cidr_blocks":[],"prefix_list_ids":[],"security_groups":[]}],"tags_all":{}}}},{"address":"aws_subnet.costiac_public_subnet_1","mode":"managed","type":"aws_subnet","name":"costiac_public_subnet_1","provider_name":"registry.terraform.io/hashicorp/aws","change":{"actions":["create"],"before":null,"after":{"assign_ipv6_address_on_creation":false,"availability_zone":"us-east-1a","cidr_block":"10.0.1.0/24","customer_owned_ipv4_pool":null,"enable_dns64":false,"enable_lni_at_device_index":null,"enable_resource_name_dns_a_record_on_launch":false,"enable_resource_name_dns_aaaa_record_on_launch":false,"ipv6_cidr_block":null,"ipv6_native":false,"map_customer_owned_ip_on_launch":null,"map_public_ip_on_launch":true,"outpost_arn":null,"tags":{"Name":"costiac-public-subnet-1"},"tags_all":{"Name":"costiac-public-subnet-1"},"timeouts":null},"after_unknown":{"arn":true,"availability_zone_id":true,"id":true,"ipv6_cidr_block_association_id":true,"owner_id":true,"private_dns_hostname_type_on_launch":true,"tags":{},"tags_all":{},"vpc_id":true},"before_sensitive":false,"after_sensitive":{"tags":{},"tags_all":{}}}},{"address":"aws_subnet.costiac_public_subnet_2","mode":"managed","type":"aws_subnet","name":"costiac_public_subnet_2","provider_name":"registry.terraform.io/hashicorp/aws","change":{"actions":["create"],"before":null,"after":{"assign_ipv6_address_on_creation":false,"availability_zone":"us-east-1b","cidr_block":"10.0.2.0/24","customer_owned_ipv4_pool":null,"enable_dns64":false,"enable_lni_at_device_index":null,"enable_resource_name_dns_a_record_on_launch":false,"enable_resource_name_dns_aaaa_record_on_launch":false,"ipv6_cidr_block":null,"ipv6_native":false,"map_customer_owned_ip_on_launch":null,"map_public_ip_on_launch":true,"outpost_arn":null,"tags":{"Name":"costiac-public-subnet-2"},"tags_all":{"Name":"costiac-public-subnet-2"},"timeouts":null},"after_unknown":{"arn":true,"availability_zone_id":true,"id":true,"ipv6_cidr_block_association_id":true,"owner_id":true,"private_dns_hostname_type_on_launch":true,"tags":{},"tags_all":{},"vpc_id":true},"before_sensitive":false,"after_sensitive":{"tags":{},"tags_all":{}}}},{"address":"aws_vpc.costiac_vpc","mode":"managed","type":"aws_vpc","name":"costiac_vpc","provider_name":"registry.terraform.io/hashicorp/aws","change":{"actions":["create"],"before":null,"after":{"assign_generated_ipv6_cidr_block":null,"cidr_block":"10.0.0.0/16","enable_dns_support":true,"instance_tenancy":"default","ipv4_ipam_pool_id":null,"ipv4_netmask_length":null,"ipv6_ipam_pool_id":null,"ipv6_netmask_length":null,"tags":{"Name":"costiac-vpc"},"tags_all":{"Name":"costiac-vpc"}},"after_unknown":{"arn":true,"default_network_acl_id":true,"default_route_table_id":true,"default_security_group_id":true,"dhcp_options_id":true,"enable_dns_hostnames":true,"enable_network_address_usage_metrics":true,"id":true,"ipv6_association_id":true,"ipv6_cidr_block":true,"ipv6_cidr_block_network_border_group":true,"main_route_table_id":true,"owner_id":true,"tags":{},"tags_all":{}},"before_sensitive":false,"after_sensitive":{"tags":{},"tags_all":{}}}},{"address":"local_file.private_key","mode":"managed","type":"local_file","name":"private_key","provider_name":"registry.terraform.io/hashicorp/local","change":{"actions":["create"],"before":null,"after":{"content_base64":null,"directory_permission":"0777","file_permission":"0400","filename":"./config/my-generated-key.pem","sensitive_content":null,"source":null},"after_unknown":{"content":true,"content_base64sha256":true,"content_base64sha512":true,"content_md5":true,"content_sha1":true,"content_sha256":true,"content_sha512":true,"id":true},"before_sensitive":false,"after_sensitive":{"content":true,"sensitive_content":true}}},{"address":"tls_private_key.ec2_key_pair","mode":"managed","type":"tls_private_key","name":"ec2_key_pair","provider_name":"registry.terraform.io/hashicorp/tls","change":{"actions":["create"],"before":null,"after":{"algorithm":"RSA","ecdsa_curve":"P224","rsa_bits":2048},"after_unknown":{"id":true,"private_key_openssh":true,"private_key_pem":true,"private_key_pem_pkcs8":true,"public_key_fingerprint_md5":true,"public_key_fingerprint_sha256":true,"public_key_openssh":true,"public_key_pem":true},"before_sensitive":false,"after_sensitive":{"private_key_openssh":true,"private_key_pem":true,"private_key_pem_pkcs8":true}}}],"configuration":{"provider_config":{"aws":{"name":"aws","full_name":"registry.terraform.io/hashicorp/aws","expressions":{"region":{"constant_value":"us-east-1"}}},"local":{"name":"local","full_name":"registry.terraform.io/hashicorp/local"},"tls":{"name":"tls","full_name":"registry.terraform.io/hashicorp/tls"}},"root_module":{"resources":[{"address":"aws_ebs_volume.costiac_ebs_volume","mode":"managed","type":"aws_ebs_volume","name":"costiac_ebs_volume","provider_config_key":"aws","expressions":{"availability_zone":{"constant_value":"us-east-1a"},"size":{"constant_value":100},"tags":{"constant_value":{"Name":"costiac-ebs-volume"}}},"schema_version":0},{"address":"aws_efs_file_system.costiac_efs","mode":"managed","type":"aws_efs_file_system","name":"costiac_efs","provider_config_key":"aws","expressions":{"tags":{"constant_value":{"Name":"costiac-efs"}}},"schema_version":0},{"address":"aws_efs_mount_target.costiac_efs_mount_target","mode":"managed","type":"aws_efs_mount_target","name":"costiac_efs_mount_target","provider_config_key":"aws","expressions":{"file_system_id":{"references":["aws_efs_file_system.costiac_efs.id","aws_efs_file_system.costiac_efs"]},"security_groups":{"references":["aws_security_group.costiac_sg.id","aws_security_group.costiac_sg"]},"subnet_id":{"references":["aws_subnet.costiac_public_subnet_2.id","aws_subnet.costiac_public_subnet_2"]}},"schema_version":0},{"address":"aws_instance.costiac_instance_1","mode":"managed","type":"aws_instance","name":"costiac_instance_1","provider_config_key":"aws","expressions":{"ami":{"constant_value":"ami-0c02fb55956c7d316"},"ebs_block_device":[{"delete_on_termination":{"constant_value":true},"device_name":{"constant_value":"/dev/sdh"},"volume_size":{"constant_value":500}}],"instance_type":{"constant_value":"c4.8xlarge"},"root_block_device":[{"volume_size":{"constant_value":8}}],"security_groups":{"references":["aws_security_group.costiac_sg.id","aws_security_group.costiac_sg"]},"subnet_id":{"references":["aws_subnet.costiac_public_subnet_1.id","aws_subnet.costiac_public_subnet_1"]},"tags":{"constant_value":{"Name":"costiac-instance-1"}},"user_data":{"constant_value":"#!/bin/bash\r\nyum install -y amazon-ssm-agent\r\nsystemctl enable amazon-ssm-agent\r\nsystemctl start amazon-ssm-agent\r\n"}},"schema_version":1},{"address":"aws_instance.costiac_instance_2","mode":"managed","type":"aws_instance","name":"costiac_instance_2","provider_config_key":"aws","expressions":{"ami":{"constant_value":"ami-0c02fb55956c7d316"},"instance_type":{"constant_value":"c4.8xlarge"},"root_block_device":[{"volume_size":{"constant_value":8}}],"security_groups":{"references":["aws_security_group.costiac_sg.id","aws_security_group.costiac_sg"]},"subnet_id":{"references":["aws_subnet.costiac_public_subnet_2.id","aws_subnet.costiac_public_subnet_2"]},"tags":{"constant_value":{"Name":"costiac-instance-2"}},"user_data":{"references":["aws_efs_file_system.costiac_efs.id","aws_efs_file_system.costiac_efs"]}},"schema_version":1},{"address":"aws_instance.my_ec2","mode":"managed","type":"aws_instance","name":"my_ec2","provider_config_key":"aws","expressions":{"ami":{"constant_value":"ami-0c02fb55956c7d316"},"instance_type":{"constant_value":"t3.medium"},"key_name":{"references":["aws_key_pair.deployed_key.key_name","aws_key_pair.deployed_key"]},"root_block_device":[{"volume_size":{"constant_value":8},"volume_type":{"constant_value":"gp2"}}],"tags":{"constant_value":{"Name":"costiac-estimator"}},"user_data":{"constant_value":"#!/bin/bash\r\n\r\n# Archivo de log\r\nLOG_FILE=\"/var/log/user-data.log\"\r\n\r\n# Redirigir toda la salida a este archivo de log\r\nexec \u003e \u003e(tee -a \\$LOG_FILE /var/log/cloud-init-output.log) 2\u003e\u00261\r\n\r\necho \"User Data script started at $(date)\" | tee -a \\$LOG_FILE\r\n\r\n# Actualizar paquetes del sistema\r\necho \"Updating system packages...\" | tee -a \\$LOG_FILE\r\nsudo yum update -y | tee -a \\$LOG_FILE\r\n\r\n# Instalar Python3\r\necho \"Installing Python3...\" | tee -a \\$LOG_FILE\r\nsudo yum install -y python3 | tee -a \\$LOG_FILE\r\n\r\n# Instalar pip (si es necesario)\r\necho \"Installing pip...\" | tee -a \\$LOG_FILE\r\nsudo yum install -y python3-pip | tee -a \\$LOG_FILE\r\n\r\n# Instalar boto3 (la biblioteca de AWS para Python)\r\necho \"Installing boto3...\" | tee -a \\$LOG_FILE\r\npip3 install boto3 | tee -a \\$LOG_FILE\r\n\r\n# Instalar JQ (para manejar JSON en bash)\r\necho \"Installing JQ...\" | tee -a \\$LOG_FILE\r\nsudo yum install -y jq | tee -a \\$LOG_FILE\r\n\r\necho \"User Data script finished at $(date)\" | tee -a \\$LOG_FILE\r\n"},"vpc_security_group_ids":{"references":["aws_security_group.my_security_group.id","aws_security_group.my_security_group"]}},"schema_version":1},{"address":"aws_internet_gateway.costiac_igw","mode":"managed","type":"aws_internet_gateway","name":"costiac_igw","provider_config_key":"aws","expressions":{"tags":{"constant_value":{"Name":"costiac-igw"}},"vpc_id":{"references":["aws_vpc.costiac_vpc.id","aws_vpc.costiac_vpc"]}},"schema_version":0},{"address":"aws_key_pair.deployed_key","mode":"managed","type":"aws_key_pair","name":"deployed_key","provider_config_key":"aws","expressions":{"key_name":{"constant_value":"my-generated-key"},"public_key":{"references":["tls_private_key.ec2_key_pair.public_key_openssh","tls_private_key.ec2_key_pair"]}},"schema_version":1},{"address":"aws_route_table.costiac_public_route_table","mode":"managed","type":"aws_route_table","name":"costiac_public_route_table","provider_config_key":"aws","expressions":{"route":{"references":["aws_internet_gateway.costiac_igw.id","aws_internet_gateway.costiac_igw"]},"tags":{"constant_value":{"Name":"costiac-public-route-table"}},"vpc_id":{"references":["aws_vpc.costiac_vpc.id","aws_vpc.costiac_vpc"]}},"schema_version":0},{"address":"aws_route_table_association.costiac_route_assoc_subnet_1","mode":"managed","type":"aws_route_table_association","name":"costiac_route_assoc_subnet_1","provider_config_key":"aws","expressions":{"route_table_id":{"references":["aws_route_table.costiac_public_route_table.id","aws_route_table.costiac_public_route_table"]},"subnet_id":{"references":["aws_subnet.costiac_public_subnet_1.id","aws_subnet.costiac_public_subnet_1"]}},"schema_version":0},{"address":"aws_route_table_association.costiac_route_assoc_subnet_2","mode":"managed","type":"aws_route_table_association","name":"costiac_route_assoc_subnet_2","provider_config_key":"aws","expressions":{"route_table_id":{"references":["aws_route_table.costiac_public_route_table.id","aws_route_table.costiac_public_route_table"]},"subnet_id":{"references":["aws_subnet.costiac_public_subnet_2.id","aws_subnet.costiac_public_subnet_2"]}},"schema_version":0},{"address":"aws_security_group.costiac_sg","mode":"managed","type":"aws_security_group","name":"costiac_sg","provider_config_key":"aws","expressions":{"egress":{"constant_value":[{"cidr_blocks":["0.0.0.0/0"],"description":null,"from_port":0,"ipv6_cidr_blocks":null,"prefix_list_ids":null,"protocol":"-1","security_groups":null,"self":null,"to_port":0}]},"ingress":{"constant_value":[{"cidr_blocks":["0.0.0.0/0"],"description":null,"from_port":22,"ipv6_cidr_blocks":null,"prefix_list_ids":null,"protocol":"tcp","security_groups":null,"self":null,"to_port":22},{"cidr_blocks":["0.0.0.0/0"],"description":null,"from_port":443,"ipv6_cidr_blocks":null,"prefix_list_ids":null,"protocol":"tcp","security_groups":null,"self":null,"to_port":443}]},"tags":{"constant_value":{"Name":"costiac-sg"}},"vpc_id":{"references":["aws_vpc.costiac_vpc.id","aws_vpc.costiac_vpc"]}},"schema_version":1},{"address":"aws_security_group.my_security_group","mode":"managed","type":"aws_security_group","name":"my_security_group","provider_config_key":"aws","expressions":{"description":{"constant_value":"Allow SSH inbound traffic"},"egress":{"constant_value":[{"cidr_blocks":["0.0.0.0/0"],"description":null,"from_port":0,"ipv6_cidr_blocks":null,"prefix_list_ids":null,"protocol":"-1","security_groups":null,"self":null,"to_port":0}]},"ingress":{"constant_value":[{"cidr_blocks":["0.0.0.0/0"],"description":null,"from_port":22,"ipv6_cidr_blocks":null,"prefix_list_ids":null,"protocol":"tcp","security_groups":null,"self":null,"to_port":22}]},"name":{"constant_value":"costiac_allow_ssh"}},"schema_version":1},{"address":"aws_subnet.costiac_public_subnet_1","mode":"managed","type":"aws_subnet","name":"costiac_public_subnet_1","provider_config_key":"aws","expressions":{"availability_zone":{"constant_value":"us-east-1a"},"cidr_block":{"constant_value":"10.0.1.0/24"},"map_public_ip_on_launch":{"constant_value":true},"tags":{"constant_value":{"Name":"costiac-public-subnet-1"}},"vpc_id":{"references":["aws_vpc.costiac_vpc.id","aws_vpc.costiac_vpc"]}},"schema_version":1},{"address":"aws_subnet.costiac_public_subnet_2","mode":"managed","type":"aws_subnet","name":"costiac_public_subnet_2","provider_config_key":"aws","expressions":{"availability_zone":{"constant_value":"us-east-1b"},"cidr_block":{"constant_value":"10.0.2.0/24"},"map_public_ip_on_launch":{"constant_value":true},"tags":{"constant_value":{"Name":"costiac-public-subnet-2"}},"vpc_id":{"references":["aws_vpc.costiac_vpc.id","aws_vpc.costiac_vpc"]}},"schema_version":1},{"address":"aws_vpc.costiac_vpc","mode":"managed","type":"aws_vpc","name":"costiac_vpc","provider_config_key":"aws","expressions":{"cidr_block":{"constant_value":"10.0.0.0/16"},"tags":{"constant_value":{"Name":"costiac-vpc"}}},"schema_version":1},{"address":"local_file.private_key","mode":"managed","type":"local_file","name":"private_key","provider_config_key":"local","expressions":{"content":{"references":["tls_private_key.ec2_key_pair.private_key_pem","tls_private_key.ec2_key_pair"]},"file_permission":{"constant_value":"0400"},"filename":{"references":["path.module"]}},"schema_version":0},{"address":"tls_private_key.ec2_key_pair","mode":"managed","type":"tls_private_key","name":"ec2_key_pair","provider_config_key":"tls","expressions":{"algorithm":{"constant_value":"RSA"},"rsa_bits":{"constant_value":2048}},"schema_version":1}]}},"relevant_attributes":[{"resource":"aws_vpc.costiac_vpc","attribute":["id"]},{"resource":"aws_subnet.costiac_public_subnet_2","attribute":["id"]},{"resource":"aws_route_table.costiac_public_route_table","attribute":["id"]},{"resource":"aws_subnet.costiac_public_subnet_1","attribute":["id"]},{"resource":"tls_private_key.ec2_key_pair","attribute":["public_key_openssh"]},{"resource":"aws_internet_gateway.costiac_igw","attribute":["id"]},{"resource":"aws_security_group.costiac_sg","attribute":["id"]},{"resource":"aws_efs_file_system.costiac_efs","attribute":["id"]},{"resource":"aws_key_pair.deployed_key","attribute":["key_name"]},{"resource":"aws_security_group.my_security_group","attribute":["id"]},{"resource":"tls_private_key.ec2_key_pair","attribute":["private_key_pem"]}],"timestamp":"2024-10-22T18:00:34Z","errored":false}
