{"format_version":"1.2","terraform_version":"1.6.6","planned_values":{"root_module":{"resources":[{"address":"aws_eip.ec2_1_eip","mode":"managed","type":"aws_eip","name":"ec2_1_eip","provider_name":"registry.terraform.io/hashicorp/aws","schema_version":0,"values":{"address":null,"associate_with_private_ip":null,"customer_owned_ipv4_pool":null,"tags":null,"timeouts":null},"sensitive_values":{"tags_all":{}}},{"address":"aws_instance.ec2_1","mode":"managed","type":"aws_instance","name":"ec2_1","provider_name":"registry.terraform.io/hashicorp/aws","schema_version":1,"values":{"ami":"ami-0dba2cb6798deb6d8","credit_specification":[],"get_password_data":false,"hibernation":null,"instance_type":"c4.8xlarge","launch_template":[],"root_block_device":[{"delete_on_termination":true,"tags":null,"volume_size":300,"volume_type":"gp2"}],"source_dest_check":true,"tags":{"Name":"Instance-C4-8xlarge"},"tags_all":{"Name":"Instance-C4-8xlarge"},"timeouts":null,"user_data_replace_on_change":false,"volume_tags":null},"sensitive_values":{"capacity_reservation_specification":[],"cpu_options":[],"credit_specification":[],"ebs_block_device":[],"enclave_options":[],"ephemeral_block_device":[],"instance_market_options":[],"ipv6_addresses":[],"launch_template":[],"maintenance_options":[],"metadata_options":[],"network_interface":[],"private_dns_name_options":[],"root_block_device":[{"tags_all":{}}],"secondary_private_ips":[],"security_groups":[],"tags":{},"tags_all":{},"vpc_security_group_ids":[]}},{"address":"aws_instance.ec2_2","mode":"managed","type":"aws_instance","name":"ec2_2","provider_name":"registry.terraform.io/hashicorp/aws","schema_version":1,"values":{"ami":"ami-0dba2cb6798deb6d8","credit_specification":[],"get_password_data":false,"hibernation":null,"instance_type":"t2.medium","launch_template":[],"root_block_device":[{"delete_on_termination":true,"tags":null,"volume_size":5000,"volume_type":"gp2"}],"source_dest_check":true,"tags":{"Name":"Instance-T2-Medium"},"tags_all":{"Name":"Instance-T2-Medium"},"timeouts":null,"user_data_replace_on_change":false,"volume_tags":null},"sensitive_values":{"capacity_reservation_specification":[],"cpu_options":[],"credit_specification":[],"ebs_block_device":[],"enclave_options":[],"ephemeral_block_device":[],"instance_market_options":[],"ipv6_addresses":[],"launch_template":[],"maintenance_options":[],"metadata_options":[],"network_interface":[],"private_dns_name_options":[],"root_block_device":[{"tags_all":{}}],"secondary_private_ips":[],"security_groups":[],"tags":{},"tags_all":{},"vpc_security_group_ids":[]}},{"address":"aws_instance.my_ec2","mode":"managed","type":"aws_instance","name":"my_ec2","provider_name":"registry.terraform.io/hashicorp/aws","schema_version":1,"values":{"ami":"ami-0c02fb55956c7d316","credit_specification":[],"get_password_data":false,"hibernation":null,"instance_type":"t3.medium","key_name":"my-generated-key","launch_template":[],"root_block_device":[{"delete_on_termination":true,"tags":null,"volume_size":8,"volume_type":"gp2"}],"source_dest_check":true,"tags":{"Name":"costiac-estimator"},"tags_all":{"Name":"costiac-estimator"},"timeouts":null,"user_data":"52c4d5c6cab775f3966a17552c2a712257bab0f3","user_data_replace_on_change":false,"volume_tags":null},"sensitive_values":{"capacity_reservation_specification":[],"cpu_options":[],"credit_specification":[],"ebs_block_device":[],"enclave_options":[],"ephemeral_block_device":[],"instance_market_options":[],"ipv6_addresses":[],"launch_template":[],"maintenance_options":[],"metadata_options":[],"network_interface":[],"private_dns_name_options":[],"root_block_device":[{"tags_all":{}}],"secondary_private_ips":[],"security_groups":[],"tags":{},"tags_all":{},"vpc_security_group_ids":[]}},{"address":"aws_key_pair.deployed_key","mode":"managed","type":"aws_key_pair","name":"deployed_key","provider_name":"registry.terraform.io/hashicorp/aws","schema_version":1,"values":{"key_name":"my-generated-key","tags":null},"sensitive_values":{"tags_all":{}}},{"address":"aws_security_group.my_security_group","mode":"managed","type":"aws_security_group","name":"my_security_group","provider_name":"registry.terraform.io/hashicorp/aws","schema_version":1,"values":{"description":"Allow SSH inbound traffic","egress":[{"cidr_blocks":["0.0.0.0/0"],"description":"","from_port":0,"ipv6_cidr_blocks":[],"prefix_list_ids":[],"protocol":"-1","security_groups":[],"self":false,"to_port":0}],"ingress":[{"cidr_blocks":["0.0.0.0/0"],"description":"","from_port":22,"ipv6_cidr_blocks":[],"prefix_list_ids":[],"protocol":"tcp","security_groups":[],"self":false,"to_port":22}],"name":"costiac_allow_ssh","revoke_rules_on_delete":false,"tags":null,"timeouts":null},"sensitive_values":{"egress":[{"cidr_blocks":[false],"ipv6_cidr_blocks":[],"prefix_list_ids":[],"security_groups":[]}],"ingress":[{"cidr_blocks":[false],"ipv6_cidr_blocks":[],"prefix_list_ids":[],"security_groups":[]}],"tags_all":{}}},{"address":"local_file.private_key","mode":"managed","type":"local_file","name":"private_key","provider_name":"registry.terraform.io/hashicorp/local","schema_version":0,"values":{"content_base64":null,"directory_permission":"0777","file_permission":"0400","filename":"./config/my-generated-key.pem","sensitive_content":null,"source":null},"sensitive_values":{"content":true}},{"address":"tls_private_key.ec2_key_pair","mode":"managed","type":"tls_private_key","name":"ec2_key_pair","provider_name":"registry.terraform.io/hashicorp/tls","schema_version":1,"values":{"algorithm":"RSA","ecdsa_curve":"P224","rsa_bits":2048},"sensitive_values":{}}]}},"resource_changes":[{"address":"aws_eip.ec2_1_eip","mode":"managed","type":"aws_eip","name":"ec2_1_eip","provider_name":"registry.terraform.io/hashicorp/aws","change":{"actions":["create"],"before":null,"after":{"address":null,"associate_with_private_ip":null,"customer_owned_ipv4_pool":null,"tags":null,"timeouts":null},"after_unknown":{"allocation_id":true,"arn":true,"association_id":true,"carrier_ip":true,"customer_owned_ip":true,"domain":true,"id":true,"instance":true,"ipam_pool_id":true,"network_border_group":true,"network_interface":true,"private_dns":true,"private_ip":true,"ptr_record":true,"public_dns":true,"public_ip":true,"public_ipv4_pool":true,"tags_all":true,"vpc":true},"before_sensitive":false,"after_sensitive":{"tags_all":{}}}},{"address":"aws_instance.ec2_1","mode":"managed","type":"aws_instance","name":"ec2_1","provider_name":"registry.terraform.io/hashicorp/aws","change":{"actions":["create"],"before":null,"after":{"ami":"ami-0dba2cb6798deb6d8","credit_specification":[],"get_password_data":false,"hibernation":null,"instance_type":"c4.8xlarge","launch_template":[],"root_block_device":[{"delete_on_termination":true,"tags":null,"volume_size":300,"volume_type":"gp2"}],"source_dest_check":true,"tags":{"Name":"Instance-C4-8xlarge"},"tags_all":{"Name":"Instance-C4-8xlarge"},"timeouts":null,"user_data_replace_on_change":false,"volume_tags":null},"after_unknown":{"arn":true,"associate_public_ip_address":true,"availability_zone":true,"capacity_reservation_specification":true,"cpu_core_count":true,"cpu_options":true,"cpu_threads_per_core":true,"credit_specification":[],"disable_api_stop":true,"disable_api_termination":true,"ebs_block_device":true,"ebs_optimized":true,"enclave_options":true,"ephemeral_block_device":true,"host_id":true,"host_resource_group_arn":true,"iam_instance_profile":true,"id":true,"instance_initiated_shutdown_behavior":true,"instance_lifecycle":true,"instance_market_options":true,"instance_state":true,"ipv6_address_count":true,"ipv6_addresses":true,"key_name":true,"launch_template":[],"maintenance_options":true,"metadata_options":true,"monitoring":true,"network_interface":true,"outpost_arn":true,"password_data":true,"placement_group":true,"placement_partition_number":true,"primary_network_interface_id":true,"private_dns":true,"private_dns_name_options":true,"private_ip":true,"public_dns":true,"public_ip":true,"root_block_device":[{"device_name":true,"encrypted":true,"iops":true,"kms_key_id":true,"tags_all":true,"throughput":true,"volume_id":true}],"secondary_private_ips":true,"security_groups":true,"spot_instance_request_id":true,"subnet_id":true,"tags":{},"tags_all":{},"tenancy":true,"user_data":true,"user_data_base64":true,"vpc_security_group_ids":true},"before_sensitive":false,"after_sensitive":{"capacity_reservation_specification":[],"cpu_options":[],"credit_specification":[],"ebs_block_device":[],"enclave_options":[],"ephemeral_block_device":[],"instance_market_options":[],"ipv6_addresses":[],"launch_template":[],"maintenance_options":[],"metadata_options":[],"network_interface":[],"private_dns_name_options":[],"root_block_device":[{"tags_all":{}}],"secondary_private_ips":[],"security_groups":[],"tags":{},"tags_all":{},"vpc_security_group_ids":[]}}},{"address":"aws_instance.ec2_2","mode":"managed","type":"aws_instance","name":"ec2_2","provider_name":"registry.terraform.io/hashicorp/aws","change":{"actions":["create"],"before":null,"after":{"ami":"ami-0dba2cb6798deb6d8","credit_specification":[],"get_password_data":false,"hibernation":null,"instance_type":"t2.medium","launch_template":[],"root_block_device":[{"delete_on_termination":true,"tags":null,"volume_size":5000,"volume_type":"gp2"}],"source_dest_check":true,"tags":{"Name":"Instance-T2-Medium"},"tags_all":{"Name":"Instance-T2-Medium"},"timeouts":null,"user_data_replace_on_change":false,"volume_tags":null},"after_unknown":{"arn":true,"associate_public_ip_address":true,"availability_zone":true,"capacity_reservation_specification":true,"cpu_core_count":true,"cpu_options":true,"cpu_threads_per_core":true,"credit_specification":[],"disable_api_stop":true,"disable_api_termination":true,"ebs_block_device":true,"ebs_optimized":true,"enclave_options":true,"ephemeral_block_device":true,"host_id":true,"host_resource_group_arn":true,"iam_instance_profile":true,"id":true,"instance_initiated_shutdown_behavior":true,"instance_lifecycle":true,"instance_market_options":true,"instance_state":true,"ipv6_address_count":true,"ipv6_addresses":true,"key_name":true,"launch_template":[],"maintenance_options":true,"metadata_options":true,"monitoring":true,"network_interface":true,"outpost_arn":true,"password_data":true,"placement_group":true,"placement_partition_number":true,"primary_network_interface_id":true,"private_dns":true,"private_dns_name_options":true,"private_ip":true,"public_dns":true,"public_ip":true,"root_block_device":[{"device_name":true,"encrypted":true,"iops":true,"kms_key_id":true,"tags_all":true,"throughput":true,"volume_id":true}],"secondary_private_ips":true,"security_groups":true,"spot_instance_request_id":true,"subnet_id":true,"tags":{},"tags_all":{},"tenancy":true,"user_data":true,"user_data_base64":true,"vpc_security_group_ids":true},"before_sensitive":false,"after_sensitive":{"capacity_reservation_specification":[],"cpu_options":[],"credit_specification":[],"ebs_block_device":[],"enclave_options":[],"ephemeral_block_device":[],"instance_market_options":[],"ipv6_addresses":[],"launch_template":[],"maintenance_options":[],"metadata_options":[],"network_interface":[],"private_dns_name_options":[],"root_block_device":[{"tags_all":{}}],"secondary_private_ips":[],"security_groups":[],"tags":{},"tags_all":{},"vpc_security_group_ids":[]}}},{"address":"aws_instance.my_ec2","mode":"managed","type":"aws_instance","name":"my_ec2","provider_name":"registry.terraform.io/hashicorp/aws","change":{"actions":["create"],"before":null,"after":{"ami":"ami-0c02fb55956c7d316","credit_specification":[],"get_password_data":false,"hibernation":null,"instance_type":"t3.medium","key_name":"my-generated-key","launch_template":[],"root_block_device":[{"delete_on_termination":true,"tags":null,"volume_size":8,"volume_type":"gp2"}],"source_dest_check":true,"tags":{"Name":"costiac-estimator"},"tags_all":{"Name":"costiac-estimator"},"timeouts":null,"user_data":"52c4d5c6cab775f3966a17552c2a712257bab0f3","user_data_replace_on_change":false,"volume_tags":null},"after_unknown":{"arn":true,"associate_public_ip_address":true,"availability_zone":true,"capacity_reservation_specification":true,"cpu_core_count":true,"cpu_options":true,"cpu_threads_per_core":true,"credit_specification":[],"disable_api_stop":true,"disable_api_termination":true,"ebs_block_device":true,"ebs_optimized":true,"enclave_options":true,"ephemeral_block_device":true,"host_id":true,"host_resource_group_arn":true,"iam_instance_profile":true,"id":true,"instance_initiated_shutdown_behavior":true,"instance_lifecycle":true,"instance_market_options":true,"instance_state":true,"ipv6_address_count":true,"ipv6_addresses":true,"launch_template":[],"maintenance_options":true,"metadata_options":true,"monitoring":true,"network_interface":true,"outpost_arn":true,"password_data":true,"placement_group":true,"placement_partition_number":true,"primary_network_interface_id":true,"private_dns":true,"private_dns_name_options":true,"private_ip":true,"public_dns":true,"public_ip":true,"root_block_device":[{"device_name":true,"encrypted":true,"iops":true,"kms_key_id":true,"tags_all":true,"throughput":true,"volume_id":true}],"secondary_private_ips":true,"security_groups":true,"spot_instance_request_id":true,"subnet_id":true,"tags":{},"tags_all":{},"tenancy":true,"user_data_base64":true,"vpc_security_group_ids":true},"before_sensitive":false,"after_sensitive":{"capacity_reservation_specification":[],"cpu_options":[],"credit_specification":[],"ebs_block_device":[],"enclave_options":[],"ephemeral_block_device":[],"instance_market_options":[],"ipv6_addresses":[],"launch_template":[],"maintenance_options":[],"metadata_options":[],"network_interface":[],"private_dns_name_options":[],"root_block_device":[{"tags_all":{}}],"secondary_private_ips":[],"security_groups":[],"tags":{},"tags_all":{},"vpc_security_group_ids":[]}}},{"address":"aws_key_pair.deployed_key","mode":"managed","type":"aws_key_pair","name":"deployed_key","provider_name":"registry.terraform.io/hashicorp/aws","change":{"actions":["create"],"before":null,"after":{"key_name":"my-generated-key","tags":null},"after_unknown":{"arn":true,"fingerprint":true,"id":true,"key_name_prefix":true,"key_pair_id":true,"key_type":true,"public_key":true,"tags_all":true},"before_sensitive":false,"after_sensitive":{"tags_all":{}}}},{"address":"aws_security_group.my_security_group","mode":"managed","type":"aws_security_group","name":"my_security_group","provider_name":"registry.terraform.io/hashicorp/aws","change":{"actions":["create"],"before":null,"after":{"description":"Allow SSH inbound traffic","egress":[{"cidr_blocks":["0.0.0.0/0"],"description":"","from_port":0,"ipv6_cidr_blocks":[],"prefix_list_ids":[],"protocol":"-1","security_groups":[],"self":false,"to_port":0}],"ingress":[{"cidr_blocks":["0.0.0.0/0"],"description":"","from_port":22,"ipv6_cidr_blocks":[],"prefix_list_ids":[],"protocol":"tcp","security_groups":[],"self":false,"to_port":22}],"name":"costiac_allow_ssh","revoke_rules_on_delete":false,"tags":null,"timeouts":null},"after_unknown":{"arn":true,"egress":[{"cidr_blocks":[false],"ipv6_cidr_blocks":[],"prefix_list_ids":[],"security_groups":[]}],"id":true,"ingress":[{"cidr_blocks":[false],"ipv6_cidr_blocks":[],"prefix_list_ids":[],"security_groups":[]}],"name_prefix":true,"owner_id":true,"tags_all":true,"vpc_id":true},"before_sensitive":false,"after_sensitive":{"egress":[{"cidr_blocks":[false],"ipv6_cidr_blocks":[],"prefix_list_ids":[],"security_groups":[]}],"ingress":[{"cidr_blocks":[false],"ipv6_cidr_blocks":[],"prefix_list_ids":[],"security_groups":[]}],"tags_all":{}}}},{"address":"local_file.private_key","mode":"managed","type":"local_file","name":"private_key","provider_name":"registry.terraform.io/hashicorp/local","change":{"actions":["create"],"before":null,"after":{"content_base64":null,"directory_permission":"0777","file_permission":"0400","filename":"./config/my-generated-key.pem","sensitive_content":null,"source":null},"after_unknown":{"content":true,"content_base64sha256":true,"content_base64sha512":true,"content_md5":true,"content_sha1":true,"content_sha256":true,"content_sha512":true,"id":true},"before_sensitive":false,"after_sensitive":{"content":true,"sensitive_content":true}}},{"address":"tls_private_key.ec2_key_pair","mode":"managed","type":"tls_private_key","name":"ec2_key_pair","provider_name":"registry.terraform.io/hashicorp/tls","change":{"actions":["create"],"before":null,"after":{"algorithm":"RSA","ecdsa_curve":"P224","rsa_bits":2048},"after_unknown":{"id":true,"private_key_openssh":true,"private_key_pem":true,"private_key_pem_pkcs8":true,"public_key_fingerprint_md5":true,"public_key_fingerprint_sha256":true,"public_key_openssh":true,"public_key_pem":true},"before_sensitive":false,"after_sensitive":{"private_key_openssh":true,"private_key_pem":true,"private_key_pem_pkcs8":true}}}],"configuration":{"provider_config":{"aws":{"name":"aws","full_name":"registry.terraform.io/hashicorp/aws","expressions":{"region":{"constant_value":"us-east-1"}}},"local":{"name":"local","full_name":"registry.terraform.io/hashicorp/local"},"tls":{"name":"tls","full_name":"registry.terraform.io/hashicorp/tls"}},"root_module":{"resources":[{"address":"aws_eip.ec2_1_eip","mode":"managed","type":"aws_eip","name":"ec2_1_eip","provider_config_key":"aws","expressions":{"instance":{"references":["aws_instance.ec2_1.id","aws_instance.ec2_1"]}},"schema_version":0},{"address":"aws_instance.ec2_1","mode":"managed","type":"aws_instance","name":"ec2_1","provider_config_key":"aws","expressions":{"ami":{"constant_value":"ami-0dba2cb6798deb6d8"},"instance_type":{"constant_value":"c4.8xlarge"},"root_block_device":[{"volume_size":{"constant_value":300},"volume_type":{"constant_value":"gp2"}}],"tags":{"constant_value":{"Name":"Instance-C4-8xlarge"}}},"schema_version":1},{"address":"aws_instance.ec2_2","mode":"managed","type":"aws_instance","name":"ec2_2","provider_config_key":"aws","expressions":{"ami":{"constant_value":"ami-0dba2cb6798deb6d8"},"instance_type":{"constant_value":"t2.medium"},"root_block_device":[{"volume_size":{"constant_value":5000},"volume_type":{"constant_value":"gp2"}}],"tags":{"constant_value":{"Name":"Instance-T2-Medium"}}},"schema_version":1},{"address":"aws_instance.my_ec2","mode":"managed","type":"aws_instance","name":"my_ec2","provider_config_key":"aws","expressions":{"ami":{"constant_value":"ami-0c02fb55956c7d316"},"instance_type":{"constant_value":"t3.medium"},"key_name":{"references":["aws_key_pair.deployed_key.key_name","aws_key_pair.deployed_key"]},"root_block_device":[{"volume_size":{"constant_value":8},"volume_type":{"constant_value":"gp2"}}],"tags":{"constant_value":{"Name":"costiac-estimator"}},"user_data":{"constant_value":"#!/bin/bash\r\n\r\n# Archivo de log\r\nLOG_FILE=\"/var/log/user-data.log\"\r\n\r\n# Redirigir toda la salida a este archivo de log\r\nexec \u003e \u003e(tee -a \\$LOG_FILE /var/log/cloud-init-output.log) 2\u003e\u00261\r\n\r\necho \"User Data script started at $(date)\" | tee -a \\$LOG_FILE\r\n\r\n# Actualizar paquetes del sistema\r\necho \"Updating system packages...\" | tee -a \\$LOG_FILE\r\nsudo yum update -y | tee -a \\$LOG_FILE\r\n\r\n# Instalar Python3\r\necho \"Installing Python3...\" | tee -a \\$LOG_FILE\r\nsudo yum install -y python3 | tee -a \\$LOG_FILE\r\n\r\n# Instalar pip (si es necesario)\r\necho \"Installing pip...\" | tee -a \\$LOG_FILE\r\nsudo yum install -y python3-pip | tee -a \\$LOG_FILE\r\n\r\n# Instalar boto3 (la biblioteca de AWS para Python)\r\necho \"Installing boto3...\" | tee -a \\$LOG_FILE\r\npip3 install boto3 | tee -a \\$LOG_FILE\r\n\r\n# Instalar JQ (para manejar JSON en bash)\r\necho \"Installing JQ...\" | tee -a \\$LOG_FILE\r\nsudo yum install -y jq | tee -a \\$LOG_FILE\r\n\r\necho \"User Data script finished at $(date)\" | tee -a \\$LOG_FILE\r\n"},"vpc_security_group_ids":{"references":["aws_security_group.my_security_group.id","aws_security_group.my_security_group"]}},"schema_version":1},{"address":"aws_key_pair.deployed_key","mode":"managed","type":"aws_key_pair","name":"deployed_key","provider_config_key":"aws","expressions":{"key_name":{"constant_value":"my-generated-key"},"public_key":{"references":["tls_private_key.ec2_key_pair.public_key_openssh","tls_private_key.ec2_key_pair"]}},"schema_version":1},{"address":"aws_security_group.my_security_group","mode":"managed","type":"aws_security_group","name":"my_security_group","provider_config_key":"aws","expressions":{"description":{"constant_value":"Allow SSH inbound traffic"},"egress":{"constant_value":[{"cidr_blocks":["0.0.0.0/0"],"description":null,"from_port":0,"ipv6_cidr_blocks":null,"prefix_list_ids":null,"protocol":"-1","security_groups":null,"self":null,"to_port":0}]},"ingress":{"constant_value":[{"cidr_blocks":["0.0.0.0/0"],"description":null,"from_port":22,"ipv6_cidr_blocks":null,"prefix_list_ids":null,"protocol":"tcp","security_groups":null,"self":null,"to_port":22}]},"name":{"constant_value":"costiac_allow_ssh"}},"schema_version":1},{"address":"local_file.private_key","mode":"managed","type":"local_file","name":"private_key","provider_config_key":"local","expressions":{"content":{"references":["tls_private_key.ec2_key_pair.private_key_pem","tls_private_key.ec2_key_pair"]},"file_permission":{"constant_value":"0400"},"filename":{"references":["path.module"]}},"schema_version":0},{"address":"tls_private_key.ec2_key_pair","mode":"managed","type":"tls_private_key","name":"ec2_key_pair","provider_config_key":"tls","expressions":{"algorithm":{"constant_value":"RSA"},"rsa_bits":{"constant_value":2048}},"schema_version":1}]}},"relevant_attributes":[{"resource":"tls_private_key.ec2_key_pair","attribute":["private_key_pem"]},{"resource":"tls_private_key.ec2_key_pair","attribute":["public_key_openssh"]},{"resource":"aws_instance.ec2_1","attribute":["id"]},{"resource":"aws_key_pair.deployed_key","attribute":["key_name"]},{"resource":"aws_security_group.my_security_group","attribute":["id"]}],"timestamp":"2024-10-23T00:33:38Z","errored":false}
