{"format_version":"1.2","terraform_version":"1.6.6","planned_values":{"root_module":{"resources":[{"address":"aws_ebs_volume.costiac_ebs_volume","mode":"managed","type":"aws_ebs_volume","name":"costiac_ebs_volume","provider_name":"registry.terraform.io/hashicorp/aws","schema_version":0,"values":{"availability_zone":"us-east-1a","final_snapshot":false,"multi_attach_enabled":null,"outpost_arn":null,"size":100,"tags":{"Name":"costiac-ebs-volume"},"tags_all":{"Name":"costiac-ebs-volume"},"timeouts":null},"sensitive_values":{"tags":{},"tags_all":{}}},{"address":"aws_efs_file_system.costiac_efs","mode":"managed","type":"aws_efs_file_system","name":"costiac_efs","provider_name":"registry.terraform.io/hashicorp/aws","schema_version":0,"values":{"lifecycle_policy":[],"provisioned_throughput_in_mibps":null,"tags":{"Name":"costiac-efs"},"tags_all":{"Name":"costiac-efs"},"throughput_mode":"bursting"},"sensitive_values":{"lifecycle_policy":[],"protection":[],"size_in_bytes":[],"tags":{},"tags_all":{}}},{"address":"aws_efs_mount_target.costiac_efs_mount_target","mode":"managed","type":"aws_efs_mount_target","name":"costiac_efs_mount_target","provider_name":"registry.terraform.io/hashicorp/aws","schema_version":0,"values":{"timeouts":null},"sensitive_values":{"security_groups":[]}},{"address":"aws_instance.costiac_instance_1","mode":"managed","type":"aws_instance","name":"costiac_instance_1","provider_name":"registry.terraform.io/hashicorp/aws","schema_version":1,"values":{"ami":"ami-0c02fb55956c7d316","credit_specification":[],"ebs_block_device":[{"delete_on_termination":true,"device_name":"/dev/sdh","tags":null}],"get_password_data":false,"hibernation":null,"instance_type":"t2.micro","launch_template":[],"root_block_device":[{"delete_on_termination":true,"tags":null,"volume_size":8}],"source_dest_check":true,"tags":{"Name":"costiac-instance-1"},"tags_all":{"Name":"costiac-instance-1"},"timeouts":null,"user_data":"3678008cf8f03b8f8c711e97fe52e20e21cb0987","user_data_replace_on_change":false,"volume_tags":null},"sensitive_values":{"capacity_reservation_specification":[],"cpu_options":[],"credit_specification":[],"ebs_block_device":[{"tags_all":{}}],"enclave_options":[],"ephemeral_block_device":[],"instance_market_options":[],"ipv6_addresses":[],"launch_template":[],"maintenance_options":[],"metadata_options":[],"network_interface":[],"private_dns_name_options":[],"root_block_device":[{"tags_all":{}}],"secondary_private_ips":[],"security_groups":[],"tags":{},"tags_all":{},"vpc_security_group_ids":[]}},{"address":"aws_instance.costiac_instance_2","mode":"managed","type":"aws_instance","name":"costiac_instance_2","provider_name":"registry.terraform.io/hashicorp/aws","schema_version":1,"values":{"ami":"ami-0c02fb55956c7d316","credit_specification":[],"get_password_data":false,"hibernation":null,"instance_type":"t2.micro","launch_template":[],"root_block_device":[{"delete_on_termination":true,"tags":null,"volume_size":8}],"source_dest_check":true,"tags":{"Name":"costiac-instance-2"},"tags_all":{"Name":"costiac-instance-2"},"timeouts":null,"user_data_replace_on_change":false,"volume_tags":null},"sensitive_values":{"capacity_reservation_specification":[],"cpu_options":[],"credit_specification":[],"ebs_block_device":[],"enclave_options":[],"ephemeral_block_device":[],"instance_market_options":[],"ipv6_addresses":[],"launch_template":[],"maintenance_options":[],"metadata_options":[],"network_interface":[],"private_dns_name_options":[],"root_block_device":[{"tags_all":{}}],"secondary_private_ips":[],"security_groups":[],"tags":{},"tags_all":{},"vpc_security_group_ids":[]}},{"address":"aws_instance.my_ec2","mode":"managed","type":"aws_instance","name":"my_ec2","provider_name":"registry.terraform.io/hashicorp/aws","schema_version":1,"values":{"ami":"ami-0c02fb55956c7d316","arn":"arn:aws:ec2:us-east-1:303057168699:instance/i-02a22358807a290f7","associate_public_ip_address":true,"availability_zone":"us-east-1c","capacity_reservation_specification":[{"capacity_reservation_preference":"open","capacity_reservation_target":[]}],"cpu_core_count":1,"cpu_options":[{"amd_sev_snp":"","core_count":1,"threads_per_core":2}],"cpu_threads_per_core":2,"credit_specification":[{"cpu_credits":"unlimited"}],"disable_api_stop":false,"disable_api_termination":false,"ebs_block_device":[],"ebs_optimized":false,"enclave_options":[{"enabled":false}],"ephemeral_block_device":[],"get_password_data":false,"hibernation":false,"host_id":"","host_resource_group_arn":null,"iam_instance_profile":"","id":"i-02a22358807a290f7","instance_initiated_shutdown_behavior":"stop","instance_lifecycle":"","instance_market_options":[],"instance_state":"running","instance_type":"t3.medium","ipv6_address_count":0,"ipv6_addresses":[],"key_name":"my-generated-key","launch_template":[],"maintenance_options":[{"auto_recovery":"default"}],"metadata_options":[{"http_endpoint":"enabled","http_protocol_ipv6":"disabled","http_put_response_hop_limit":1,"http_tokens":"optional","instance_metadata_tags":"disabled"}],"monitoring":false,"network_interface":[],"outpost_arn":"","password_data":"","placement_group":"","placement_partition_number":0,"primary_network_interface_id":"eni-0b92d61865fe99611","private_dns":"ip-172-31-24-176.ec2.internal","private_dns_name_options":[{"enable_resource_name_dns_a_record":false,"enable_resource_name_dns_aaaa_record":false,"hostname_type":"ip-name"}],"private_ip":"172.31.24.176","public_dns":"ec2-50-16-149-248.compute-1.amazonaws.com","public_ip":"50.16.149.248","root_block_device":[{"delete_on_termination":true,"device_name":"/dev/xvda","encrypted":false,"iops":100,"kms_key_id":"","tags":{},"tags_all":{},"throughput":0,"volume_id":"vol-08cea9e484d529482","volume_size":8,"volume_type":"gp2"}],"secondary_private_ips":[],"security_groups":["allow_ssh"],"source_dest_check":true,"spot_instance_request_id":"","subnet_id":"subnet-0ddd71c58e4a455a2","tags":{"Name":"costiac-PythonInstance"},"tags_all":{"Name":"costiac-PythonInstance"},"tenancy":"default","timeouts":null,"user_data":"7b12f401d86cd040b8e2d1b166ea99eda0d0029a","user_data_base64":null,"user_data_replace_on_change":false,"volume_tags":null},"sensitive_values":{"capacity_reservation_specification":[{"capacity_reservation_target":[]}],"cpu_options":[{}],"credit_specification":[{}],"ebs_block_device":[],"enclave_options":[{}],"ephemeral_block_device":[],"instance_market_options":[],"ipv6_addresses":[],"launch_template":[],"maintenance_options":[{}],"metadata_options":[{}],"network_interface":[],"private_dns_name_options":[{}],"root_block_device":[{"tags":{},"tags_all":{}}],"secondary_private_ips":[],"security_groups":[false],"tags":{},"tags_all":{},"vpc_security_group_ids":[]}},{"address":"aws_internet_gateway.costiac_igw","mode":"managed","type":"aws_internet_gateway","name":"costiac_igw","provider_name":"registry.terraform.io/hashicorp/aws","schema_version":0,"values":{"tags":{"Name":"costiac-igw"},"tags_all":{"Name":"costiac-igw"},"timeouts":null},"sensitive_values":{"tags":{},"tags_all":{}}},{"address":"aws_key_pair.deployed_key","mode":"managed","type":"aws_key_pair","name":"deployed_key","provider_name":"registry.terraform.io/hashicorp/aws","schema_version":1,"values":{"arn":"arn:aws:ec2:us-east-1:303057168699:key-pair/my-generated-key","fingerprint":"65:8e:4e:db:8c:0f:dc:d2:24:be:6e:d0:fb:36:aa:f9","id":"my-generated-key","key_name":"my-generated-key","key_name_prefix":"","key_pair_id":"key-0fa19f6024dcf1815","key_type":"rsa","public_key":"ssh-rsa AAAAB3NzaC1yc2EAAAADAQABAAABAQDLYKxeuQ/c4Lok8Kxg98p8afSnc58VPNhjmAi1wVhH6jQtmGd95RGlJcnTSK1TajbbKVaLajYp5qkL3Ls+TOlgomFCb3yD9XEOyF3c5pBcdbtoqwBt5UkoR5Qcn52DOb04zHgSE1mZIvzJVi3ApG3UiffIx7rpug+Few9TATofkjvjnK5N00L/SHb5ck+hA4m/iqKhY7J3gUYAc/5+L4ESAKC6pDL60rDhTaQkoSvNAK/Iq6BZTmbg+ojaCUuuuQ4WicTynQQtCskrEr4mgch2ZYzOlWSDRkcPwLDWm07I5QFpnMmqPB5La4ZHyw4BhkZluRoaIxybzFyMVz/H0qod","tags":{},"tags_all":{}},"sensitive_values":{"tags":{},"tags_all":{}}},{"address":"aws_route_table.costiac_public_route_table","mode":"managed","type":"aws_route_table","name":"costiac_public_route_table","provider_name":"registry.terraform.io/hashicorp/aws","schema_version":0,"values":{"route":[{"carrier_gateway_id":"","cidr_block":"0.0.0.0/0","core_network_arn":"","destination_prefix_list_id":"","egress_only_gateway_id":"","ipv6_cidr_block":"","local_gateway_id":"","nat_gateway_id":"","network_interface_id":"","transit_gateway_id":"","vpc_endpoint_id":"","vpc_peering_connection_id":""}],"tags":{"Name":"costiac-public-route-table"},"tags_all":{"Name":"costiac-public-route-table"},"timeouts":null},"sensitive_values":{"propagating_vgws":[],"route":[{}],"tags":{},"tags_all":{}}},{"address":"aws_route_table_association.costiac_route_assoc_subnet_1","mode":"managed","type":"aws_route_table_association","name":"costiac_route_assoc_subnet_1","provider_name":"registry.terraform.io/hashicorp/aws","schema_version":0,"values":{"gateway_id":null,"timeouts":null},"sensitive_values":{}},{"address":"aws_route_table_association.costiac_route_assoc_subnet_2","mode":"managed","type":"aws_route_table_association","name":"costiac_route_assoc_subnet_2","provider_name":"registry.terraform.io/hashicorp/aws","schema_version":0,"values":{"gateway_id":null,"timeouts":null},"sensitive_values":{}},{"address":"aws_security_group.costiac_sg","mode":"managed","type":"aws_security_group","name":"costiac_sg","provider_name":"registry.terraform.io/hashicorp/aws","schema_version":1,"values":{"description":"Managed by Terraform","egress":[{"cidr_blocks":["0.0.0.0/0"],"description":"","from_port":0,"ipv6_cidr_blocks":[],"prefix_list_ids":[],"protocol":"-1","security_groups":[],"self":false,"to_port":0}],"ingress":[{"cidr_blocks":["0.0.0.0/0"],"description":"","from_port":22,"ipv6_cidr_blocks":[],"prefix_list_ids":[],"protocol":"tcp","security_groups":[],"self":false,"to_port":22},{"cidr_blocks":["0.0.0.0/0"],"description":"","from_port":443,"ipv6_cidr_blocks":[],"prefix_list_ids":[],"protocol":"tcp","security_groups":[],"self":false,"to_port":443}],"revoke_rules_on_delete":false,"tags":{"Name":"costiac-sg"},"tags_all":{"Name":"costiac-sg"},"timeouts":null},"sensitive_values":{"egress":[{"cidr_blocks":[false],"ipv6_cidr_blocks":[],"prefix_list_ids":[],"security_groups":[]}],"ingress":[{"cidr_blocks":[false],"ipv6_cidr_blocks":[],"prefix_list_ids":[],"security_groups":[]},{"cidr_blocks":[false],"ipv6_cidr_blocks":[],"prefix_list_ids":[],"security_groups":[]}],"tags":{},"tags_all":{}}},{"address":"aws_security_group.my_security_group","mode":"managed","type":"aws_security_group","name":"my_security_group","provider_name":"registry.terraform.io/hashicorp/aws","schema_version":1,"values":{"description":"Allow SSH inbound traffic","egress":[{"cidr_blocks":["0.0.0.0/0"],"description":"","from_port":0,"ipv6_cidr_blocks":[],"prefix_list_ids":[],"protocol":"-1","security_groups":[],"self":false,"to_port":0}],"ingress":[{"cidr_blocks":["0.0.0.0/0"],"description":"","from_port":22,"ipv6_cidr_blocks":[],"prefix_list_ids":[],"protocol":"tcp","security_groups":[],"self":false,"to_port":22}],"name":"costiac_allow_ssh","revoke_rules_on_delete":false,"tags":null,"timeouts":null},"sensitive_values":{"egress":[{"cidr_blocks":[false],"ipv6_cidr_blocks":[],"prefix_list_ids":[],"security_groups":[]}],"ingress":[{"cidr_blocks":[false],"ipv6_cidr_blocks":[],"prefix_list_ids":[],"security_groups":[]}],"tags_all":{}}},{"address":"aws_subnet.costiac_public_subnet_1","mode":"managed","type":"aws_subnet","name":"costiac_public_subnet_1","provider_name":"registry.terraform.io/hashicorp/aws","schema_version":1,"values":{"assign_ipv6_address_on_creation":false,"availability_zone":"us-east-1a","cidr_block":"10.0.1.0/24","customer_owned_ipv4_pool":null,"enable_dns64":false,"enable_lni_at_device_index":null,"enable_resource_name_dns_a_record_on_launch":false,"enable_resource_name_dns_aaaa_record_on_launch":false,"ipv6_cidr_block":null,"ipv6_native":false,"map_customer_owned_ip_on_launch":null,"map_public_ip_on_launch":true,"outpost_arn":null,"tags":{"Name":"costiac-public-subnet-1"},"tags_all":{"Name":"costiac-public-subnet-1"},"timeouts":null},"sensitive_values":{"tags":{},"tags_all":{}}},{"address":"aws_subnet.costiac_public_subnet_2","mode":"managed","type":"aws_subnet","name":"costiac_public_subnet_2","provider_name":"registry.terraform.io/hashicorp/aws","schema_version":1,"values":{"assign_ipv6_address_on_creation":false,"availability_zone":"us-east-1b","cidr_block":"10.0.2.0/24","customer_owned_ipv4_pool":null,"enable_dns64":false,"enable_lni_at_device_index":null,"enable_resource_name_dns_a_record_on_launch":false,"enable_resource_name_dns_aaaa_record_on_launch":false,"ipv6_cidr_block":null,"ipv6_native":false,"map_customer_owned_ip_on_launch":null,"map_public_ip_on_launch":true,"outpost_arn":null,"tags":{"Name":"costiac-public-subnet-2"},"tags_all":{"Name":"costiac-public-subnet-2"},"timeouts":null},"sensitive_values":{"tags":{},"tags_all":{}}},{"address":"aws_vpc.costiac_vpc","mode":"managed","type":"aws_vpc","name":"costiac_vpc","provider_name":"registry.terraform.io/hashicorp/aws","schema_version":1,"values":{"assign_generated_ipv6_cidr_block":null,"cidr_block":"10.0.0.0/16","enable_dns_support":true,"instance_tenancy":"default","ipv4_ipam_pool_id":null,"ipv4_netmask_length":null,"ipv6_ipam_pool_id":null,"ipv6_netmask_length":null,"tags":{"Name":"costiac-vpc"},"tags_all":{"Name":"costiac-vpc"}},"sensitive_values":{"tags":{},"tags_all":{}}},{"address":"local_file.private_key","mode":"managed","type":"local_file","name":"private_key","provider_name":"registry.terraform.io/hashicorp/local","schema_version":0,"values":{"content":"-----BEGIN RSA PRIVATE KEY-----\nMIIEowIBAAKCAQEAy2CsXrkP3OC6JPCsYPfKfGn0p3OfFTzYY5gItcFYR+o0LZhn\nfeURpSXJ00itU2o22ylWi2o2KeapC9y7PkzpYKJhQm98g/VxDshd3OaQXHW7aKsA\nbeVJKEeUHJ+dgzm9OMx4EhNZmSL8yVYtwKRt1In3yMe66boPhXsPUwE6H5I745yu\nTdNC/0h2+XJPoQOJv4qioWOyd4FGAHP+fi+BEgCguqQy+tKw4U2kJKErzQCvyKug\nWU5m4PqI2glLrrkOFonE8p0ELQrJKxK+JoHIdmWMzpVkg0ZHD8Cw1ptOyOUBaZzJ\nqjweS2uGR8sOAYZGZbkaGiMcm8xcjFc/x9KqHQIDAQABAoIBACqd7mDG/Mj3GmqF\nOEn1gqvBdC/mrY5AusNb529WvY4MSLTJO96IssLdgUZR82gIWMhiCC2cqw7qs7+1\nmFL8wOasAB9wxzHLq85CNFEGy3dkgEn1k1hz9HmJTkMVO2d1IO6XAg4fmeXaDAiQ\nk3PLwOwJoS+kkslJYNlCqTpmhmx404docBmTMfomDVJBtTyHUS21WbNRwm5Z4alj\ngXm8Ti5qnGOAmwRBXz9a/3cx5g5wMkg/LPhfxFOQOx/ek8lzuphfm+P2MDBRG7RV\nZz3I6RyFYwKECXZRn9PdjDhh8JR0rgfgEcykNmRdVjQtJfwuj3BYT7XIi9JhOEGS\ntfvpKaECgYEA31gqFtL8zjp2Gp4GN5qnskz4GtkbWZ67DrXdKhkMaLFTWRtUu31M\nLdSVzKdZXuZZWx93nJwP9iuk2vyIQynmY8c8kwSxLD1vPlWWmk1UoS0vS+vIkUGP\nQrx3JoLKmY6P3p1mtb9/Bno5c5VHGEcSPDBJpOh3dITI05GYCC2jRCkCgYEA6R0l\n6S8hU+EZlIRzd3Hjwp/0M+vvSK7J1QdFx7brlUw2chD3UkQySA4mIGkHgIpM3rpw\nEpYHFNaUiw9pg7MUsQ5VQwNDlcAMW9AAnM7KVpbhcdIr1wjDq+tkh/+g5NSHKPBf\nlEksxaLIs8RBXtJJBeK/XyiIE+5ILcpa3G9h1NUCgYBtGdZFm/9ehnRXAEatNuEg\nWjUAeHnBx6Y8w14sSFwlcCn050L263ghEy2x8TXZA9E2kCKP4DRz3lIDn0S4+mjO\n6O6QKsSZhdEntAuDiK8EpNvrzFwHiO0Afqv9pfpuFJP2/RDFS6wzb9VMvukh1OX1\nfOkco2pnAs5Pe1m29QRCMQKBgH+qyvxuJ158xTmlYGdmJEqOt3tIF4BC2Z6loP3D\nnDnjx12pFQok9zSnKxJM8yLem0LP8Fj9eVtcOXX/NtY92XMuWludCgKVby9JN0yp\no/7QGx/u7ruRvTgGbsRcp40rJ+qv2minurFyeWCadwKrP/rNN+mxlPT1ZupNDH31\nMisRAoGBAKOML92uxo+bxJa3sbJ+tGtytKv/RnCTEzVHfA3Cz8gnIDlVCrMTfk81\nBBePZmcJwJxu/+zrozz0EWj9CvNQCjd2UBL1ZK2pebHMA3459PpSOcJHO76pEjXv\nlO6ldlwENNbL+XcFzVJDLCNlfv4rEp9bT0/1kfRsTFDQgRYT/jbQ\n-----END RSA PRIVATE KEY-----\n","content_base64":null,"content_base64sha256":"MHPLmi0lmzra5MSVNf2Ai1BXU58Cv7sgd3W0SqH6WR4=","content_base64sha512":"NxfGzHYCHKMYfDEayqd+3Rb6xcv1nvwe4ggivJt5nEzrK/8BidXzizJho2gciYC3sCEmvTMXBSdi8JL95IXk+w==","content_md5":"faf503fd8e412f890a7b1482c324330a","content_sha1":"3d6c58f400838e437bddf31ad55890b414f187a0","content_sha256":"3073cb9a2d259b3adae4c49535fd808b5057539f02bfbb207775b44aa1fa591e","content_sha512":"3717c6cc76021ca3187c311acaa77edd16fac5cbf59efc1ee20822bc9b799c4ceb2bff0189d5f38b3261a3681c8980b7b02126bd3317052762f092fde485e4fb","directory_permission":"0777","file_permission":"0400","filename":"./config/my-generated-key.pem","id":"3d6c58f400838e437bddf31ad55890b414f187a0","sensitive_content":null,"source":null},"sensitive_values":{"content":true}},{"address":"tls_private_key.ec2_key_pair","mode":"managed","type":"tls_private_key","name":"ec2_key_pair","provider_name":"registry.terraform.io/hashicorp/tls","schema_version":1,"values":{"algorithm":"RSA","ecdsa_curve":"P224","id":"45ec664f22e27e0401adc08dec4714f68ea76b14","private_key_openssh":"-----BEGIN OPENSSH PRIVATE KEY-----\nb3BlbnNzaC1rZXktdjEAAAAABG5vbmUAAAAEbm9uZQAAAAAAAAABAAABFwAAAAdz\nc2gtcnNhAAAAAwEAAQAAAQEAy2CsXrkP3OC6JPCsYPfKfGn0p3OfFTzYY5gItcFY\nR+o0LZhnfeURpSXJ00itU2o22ylWi2o2KeapC9y7PkzpYKJhQm98g/VxDshd3OaQ\nXHW7aKsAbeVJKEeUHJ+dgzm9OMx4EhNZmSL8yVYtwKRt1In3yMe66boPhXsPUwE6\nH5I745yuTdNC/0h2+XJPoQOJv4qioWOyd4FGAHP+fi+BEgCguqQy+tKw4U2kJKEr\nzQCvyKugWU5m4PqI2glLrrkOFonE8p0ELQrJKxK+JoHIdmWMzpVkg0ZHD8Cw1ptO\nyOUBaZzJqjweS2uGR8sOAYZGZbkaGiMcm8xcjFc/x9KqHQAAA7iREXnokRF56AAA\nAAdzc2gtcnNhAAABAQDLYKxeuQ/c4Lok8Kxg98p8afSnc58VPNhjmAi1wVhH6jQt\nmGd95RGlJcnTSK1TajbbKVaLajYp5qkL3Ls+TOlgomFCb3yD9XEOyF3c5pBcdbto\nqwBt5UkoR5Qcn52DOb04zHgSE1mZIvzJVi3ApG3UiffIx7rpug+Few9TATofkjvj\nnK5N00L/SHb5ck+hA4m/iqKhY7J3gUYAc/5+L4ESAKC6pDL60rDhTaQkoSvNAK/I\nq6BZTmbg+ojaCUuuuQ4WicTynQQtCskrEr4mgch2ZYzOlWSDRkcPwLDWm07I5QFp\nnMmqPB5La4ZHyw4BhkZluRoaIxybzFyMVz/H0qodAAAAAwEAAQAAAQAqne5gxvzI\n9xpqhThJ9YKrwXQv5q2OQLrDW+dvVr2ODEi0yTveiLLC3YFGUfNoCFjIYggtnKsO\n6rO/tZhS/MDmrAAfcMcxy6vOQjRRBst3ZIBJ9ZNYc/R5iU5DFTtndSDulwIOH5nl\n2gwIkJNzy8DsCaEvpJLJSWDZQqk6ZoZseNOHaHAZkzH6Jg1SQbU8h1EttVmzUcJu\nWeGpY4F5vE4uapxjgJsEQV8/Wv93MeYOcDJIPyz4X8RTkDsf3pPJc7qYX5vj9jAw\nURu0VWc9yOkchWMChAl2UZ/T3Yw4YfCUdK4H4BHMpDZkXVY0LSX8Lo9wWE+1yIvS\nYThBkrX76SmhAAAAgQCjjC/drsaPm8SWt7GyfrRrcrSr/0ZwkxM1R3wNws/IJyA5\nVQqzE35PNQQXj2ZnCcCcbv/s66M89BFo/QrzUAo3dlAS9WStqXmxzAN+OfT6UjnC\nRzu+qRI175TupXZcBDTWy/l3Bc1SQywjZX7+KxKfW09P9ZH0bExQ0IEWE/420AAA\nAIEA31gqFtL8zjp2Gp4GN5qnskz4GtkbWZ67DrXdKhkMaLFTWRtUu31MLdSVzKdZ\nXuZZWx93nJwP9iuk2vyIQynmY8c8kwSxLD1vPlWWmk1UoS0vS+vIkUGPQrx3JoLK\nmY6P3p1mtb9/Bno5c5VHGEcSPDBJpOh3dITI05GYCC2jRCkAAACBAOkdJekvIVPh\nGZSEc3dx48Kf9DPr70iuydUHRce265VMNnIQ91JEMkgOJiBpB4CKTN66cBKWBxTW\nlIsPaYOzFLEOVUMDQ5XADFvQAJzOylaW4XHSK9cIw6vrZIf/oOTUhyjwX5RJLMWi\nyLPEQV7SSQXiv18oiBPuSC3KWtxvYdTVAAAAAAEC\n-----END OPENSSH PRIVATE KEY-----\n","private_key_pem":"-----BEGIN RSA PRIVATE KEY-----\nMIIEowIBAAKCAQEAy2CsXrkP3OC6JPCsYPfKfGn0p3OfFTzYY5gItcFYR+o0LZhn\nfeURpSXJ00itU2o22ylWi2o2KeapC9y7PkzpYKJhQm98g/VxDshd3OaQXHW7aKsA\nbeVJKEeUHJ+dgzm9OMx4EhNZmSL8yVYtwKRt1In3yMe66boPhXsPUwE6H5I745yu\nTdNC/0h2+XJPoQOJv4qioWOyd4FGAHP+fi+BEgCguqQy+tKw4U2kJKErzQCvyKug\nWU5m4PqI2glLrrkOFonE8p0ELQrJKxK+JoHIdmWMzpVkg0ZHD8Cw1ptOyOUBaZzJ\nqjweS2uGR8sOAYZGZbkaGiMcm8xcjFc/x9KqHQIDAQABAoIBACqd7mDG/Mj3GmqF\nOEn1gqvBdC/mrY5AusNb529WvY4MSLTJO96IssLdgUZR82gIWMhiCC2cqw7qs7+1\nmFL8wOasAB9wxzHLq85CNFEGy3dkgEn1k1hz9HmJTkMVO2d1IO6XAg4fmeXaDAiQ\nk3PLwOwJoS+kkslJYNlCqTpmhmx404docBmTMfomDVJBtTyHUS21WbNRwm5Z4alj\ngXm8Ti5qnGOAmwRBXz9a/3cx5g5wMkg/LPhfxFOQOx/ek8lzuphfm+P2MDBRG7RV\nZz3I6RyFYwKECXZRn9PdjDhh8JR0rgfgEcykNmRdVjQtJfwuj3BYT7XIi9JhOEGS\ntfvpKaECgYEA31gqFtL8zjp2Gp4GN5qnskz4GtkbWZ67DrXdKhkMaLFTWRtUu31M\nLdSVzKdZXuZZWx93nJwP9iuk2vyIQynmY8c8kwSxLD1vPlWWmk1UoS0vS+vIkUGP\nQrx3JoLKmY6P3p1mtb9/Bno5c5VHGEcSPDBJpOh3dITI05GYCC2jRCkCgYEA6R0l\n6S8hU+EZlIRzd3Hjwp/0M+vvSK7J1QdFx7brlUw2chD3UkQySA4mIGkHgIpM3rpw\nEpYHFNaUiw9pg7MUsQ5VQwNDlcAMW9AAnM7KVpbhcdIr1wjDq+tkh/+g5NSHKPBf\nlEksxaLIs8RBXtJJBeK/XyiIE+5ILcpa3G9h1NUCgYBtGdZFm/9ehnRXAEatNuEg\nWjUAeHnBx6Y8w14sSFwlcCn050L263ghEy2x8TXZA9E2kCKP4DRz3lIDn0S4+mjO\n6O6QKsSZhdEntAuDiK8EpNvrzFwHiO0Afqv9pfpuFJP2/RDFS6wzb9VMvukh1OX1\nfOkco2pnAs5Pe1m29QRCMQKBgH+qyvxuJ158xTmlYGdmJEqOt3tIF4BC2Z6loP3D\nnDnjx12pFQok9zSnKxJM8yLem0LP8Fj9eVtcOXX/NtY92XMuWludCgKVby9JN0yp\no/7QGx/u7ruRvTgGbsRcp40rJ+qv2minurFyeWCadwKrP/rNN+mxlPT1ZupNDH31\nMisRAoGBAKOML92uxo+bxJa3sbJ+tGtytKv/RnCTEzVHfA3Cz8gnIDlVCrMTfk81\nBBePZmcJwJxu/+zrozz0EWj9CvNQCjd2UBL1ZK2pebHMA3459PpSOcJHO76pEjXv\nlO6ldlwENNbL+XcFzVJDLCNlfv4rEp9bT0/1kfRsTFDQgRYT/jbQ\n-----END RSA PRIVATE KEY-----\n","private_key_pem_pkcs8":"-----BEGIN PRIVATE KEY-----\nMIIEvQIBADANBgkqhkiG9w0BAQEFAASCBKcwggSjAgEAAoIBAQDLYKxeuQ/c4Lok\n8Kxg98p8afSnc58VPNhjmAi1wVhH6jQtmGd95RGlJcnTSK1TajbbKVaLajYp5qkL\n3Ls+TOlgomFCb3yD9XEOyF3c5pBcdbtoqwBt5UkoR5Qcn52DOb04zHgSE1mZIvzJ\nVi3ApG3UiffIx7rpug+Few9TATofkjvjnK5N00L/SHb5ck+hA4m/iqKhY7J3gUYA\nc/5+L4ESAKC6pDL60rDhTaQkoSvNAK/Iq6BZTmbg+ojaCUuuuQ4WicTynQQtCskr\nEr4mgch2ZYzOlWSDRkcPwLDWm07I5QFpnMmqPB5La4ZHyw4BhkZluRoaIxybzFyM\nVz/H0qodAgMBAAECggEAKp3uYMb8yPcaaoU4SfWCq8F0L+atjkC6w1vnb1a9jgxI\ntMk73oiywt2BRlHzaAhYyGIILZyrDuqzv7WYUvzA5qwAH3DHMcurzkI0UQbLd2SA\nSfWTWHP0eYlOQxU7Z3Ug7pcCDh+Z5doMCJCTc8vA7AmhL6SSyUlg2UKpOmaGbHjT\nh2hwGZMx+iYNUkG1PIdRLbVZs1HCblnhqWOBebxOLmqcY4CbBEFfP1r/dzHmDnAy\nSD8s+F/EU5A7H96TyXO6mF+b4/YwMFEbtFVnPcjpHIVjAoQJdlGf092MOGHwlHSu\nB+ARzKQ2ZF1WNC0l/C6PcFhPtciL0mE4QZK1++kpoQKBgQDfWCoW0vzOOnYangY3\nmqeyTPga2RtZnrsOtd0qGQxosVNZG1S7fUwt1JXMp1le5llbH3ecnA/2K6Ta/IhD\nKeZjxzyTBLEsPW8+VZaaTVShLS9L68iRQY9CvHcmgsqZjo/enWa1v38GejlzlUcY\nRxI8MEmk6Hd0hMjTkZgILaNEKQKBgQDpHSXpLyFT4RmUhHN3cePCn/Qz6+9IrsnV\nB0XHtuuVTDZyEPdSRDJIDiYgaQeAikzeunASlgcU1pSLD2mDsxSxDlVDA0OVwAxb\n0ACczspWluFx0ivXCMOr62SH/6Dk1Ico8F+USSzFosizxEFe0kkF4r9fKIgT7kgt\nylrcb2HU1QKBgG0Z1kWb/16GdFcARq024SBaNQB4ecHHpjzDXixIXCVwKfTnQvbr\neCETLbHxNdkD0TaQIo/gNHPeUgOfRLj6aM7o7pAqxJmF0Se0C4OIrwSk2+vMXAeI\n7QB+q/2l+m4Uk/b9EMVLrDNv1Uy+6SHU5fV86RyjamcCzk97Wbb1BEIxAoGAf6rK\n/G4nXnzFOaVgZ2YkSo63e0gXgELZnqWg/cOcOePHXakVCiT3NKcrEkzzIt6bQs/w\nWP15W1w5df821j3Zcy5aW50KApVvL0k3TKmj/tAbH+7uu5G9OAZuxFynjSsn6q/a\naKe6sXJ5YJp3Aqs/+s036bGU9PVm6k0MffUyKxECgYEAo4wv3a7Gj5vElrexsn60\na3K0q/9GcJMTNUd8DcLPyCcgOVUKsxN+TzUEF49mZwnAnG7/7OujPPQRaP0K81AK\nN3ZQEvVkral5scwDfjn0+lI5wkc7vqkSNe+U7qV2XAQ01sv5dwXNUkMsI2V+/isS\nn1tPT/WR9GxMUNCBFhP+NtA=\n-----END PRIVATE KEY-----\n","public_key_fingerprint_md5":"f4:d8:74:5a:45:54:22:6a:47:1a:f6:5d:a7:87:b8:09","public_key_fingerprint_sha256":"SHA256:YQgU1+fnPzyLAa/YCtEuTUwdicSJLnfojqpXdWfaVNM","public_key_openssh":"ssh-rsa AAAAB3NzaC1yc2EAAAADAQABAAABAQDLYKxeuQ/c4Lok8Kxg98p8afSnc58VPNhjmAi1wVhH6jQtmGd95RGlJcnTSK1TajbbKVaLajYp5qkL3Ls+TOlgomFCb3yD9XEOyF3c5pBcdbtoqwBt5UkoR5Qcn52DOb04zHgSE1mZIvzJVi3ApG3UiffIx7rpug+Few9TATofkjvjnK5N00L/SHb5ck+hA4m/iqKhY7J3gUYAc/5+L4ESAKC6pDL60rDhTaQkoSvNAK/Iq6BZTmbg+ojaCUuuuQ4WicTynQQtCskrEr4mgch2ZYzOlWSDRkcPwLDWm07I5QFpnMmqPB5La4ZHyw4BhkZluRoaIxybzFyMVz/H0qod\n","public_key_pem":"-----BEGIN PUBLIC KEY-----\nMIIBIjANBgkqhkiG9w0BAQEFAAOCAQ8AMIIBCgKCAQEAy2CsXrkP3OC6JPCsYPfK\nfGn0p3OfFTzYY5gItcFYR+o0LZhnfeURpSXJ00itU2o22ylWi2o2KeapC9y7Pkzp\nYKJhQm98g/VxDshd3OaQXHW7aKsAbeVJKEeUHJ+dgzm9OMx4EhNZmSL8yVYtwKRt\n1In3yMe66boPhXsPUwE6H5I745yuTdNC/0h2+XJPoQOJv4qioWOyd4FGAHP+fi+B\nEgCguqQy+tKw4U2kJKErzQCvyKugWU5m4PqI2glLrrkOFonE8p0ELQrJKxK+JoHI\ndmWMzpVkg0ZHD8Cw1ptOyOUBaZzJqjweS2uGR8sOAYZGZbkaGiMcm8xcjFc/x9Kq\nHQIDAQAB\n-----END PUBLIC KEY-----\n","rsa_bits":2048},"sensitive_values":{}}]}},"resource_drift":[{"address":"aws_instance.my_ec2","mode":"managed","type":"aws_instance","name":"my_ec2","provider_name":"registry.terraform.io/hashicorp/aws","change":{"actions":["update"],"before":{"ami":"ami-0c02fb55956c7d316","arn":"arn:aws:ec2:us-east-1:303057168699:instance/i-02a22358807a290f7","associate_public_ip_address":true,"availability_zone":"us-east-1c","capacity_reservation_specification":[{"capacity_reservation_preference":"open","capacity_reservation_target":[]}],"cpu_core_count":1,"cpu_options":[{"amd_sev_snp":"","core_count":1,"threads_per_core":2}],"cpu_threads_per_core":2,"credit_specification":[{"cpu_credits":"unlimited"}],"disable_api_stop":false,"disable_api_termination":false,"ebs_block_device":[],"ebs_optimized":false,"enclave_options":[{"enabled":false}],"ephemeral_block_device":[],"get_password_data":false,"hibernation":false,"host_id":"","host_resource_group_arn":null,"iam_instance_profile":"","id":"i-02a22358807a290f7","instance_initiated_shutdown_behavior":"stop","instance_lifecycle":"","instance_market_options":[],"instance_state":"running","instance_type":"t3.medium","ipv6_address_count":0,"ipv6_addresses":[],"key_name":"my-generated-key","launch_template":[],"maintenance_options":[{"auto_recovery":"default"}],"metadata_options":[{"http_endpoint":"enabled","http_protocol_ipv6":"disabled","http_put_response_hop_limit":1,"http_tokens":"optional","instance_metadata_tags":"disabled"}],"monitoring":false,"network_interface":[],"outpost_arn":"","password_data":"","placement_group":"","placement_partition_number":0,"primary_network_interface_id":"eni-0b92d61865fe99611","private_dns":"ip-172-31-24-176.ec2.internal","private_dns_name_options":[{"enable_resource_name_dns_a_record":false,"enable_resource_name_dns_aaaa_record":false,"hostname_type":"ip-name"}],"private_ip":"172.31.24.176","public_dns":"ec2-50-16-149-248.compute-1.amazonaws.com","public_ip":"50.16.149.248","root_block_device":[{"delete_on_termination":true,"device_name":"/dev/xvda","encrypted":false,"iops":100,"kms_key_id":"","tags":null,"tags_all":{},"throughput":0,"volume_id":"vol-08cea9e484d529482","volume_size":8,"volume_type":"gp2"}],"secondary_private_ips":[],"security_groups":["allow_ssh"],"source_dest_check":true,"spot_instance_request_id":"","subnet_id":"subnet-0ddd71c58e4a455a2","tags":{"Name":"MyEC2Instance"},"tags_all":{"Name":"MyEC2Instance"},"tenancy":"default","timeouts":null,"user_data":"7b12f401d86cd040b8e2d1b166ea99eda0d0029a","user_data_base64":null,"user_data_replace_on_change":false,"volume_tags":null,"vpc_security_group_ids":["sg-03138d022930244d0"]},"after":{"ami":"ami-0c02fb55956c7d316","arn":"arn:aws:ec2:us-east-1:303057168699:instance/i-02a22358807a290f7","associate_public_ip_address":true,"availability_zone":"us-east-1c","capacity_reservation_specification":[{"capacity_reservation_preference":"open","capacity_reservation_target":[]}],"cpu_core_count":1,"cpu_options":[{"amd_sev_snp":"","core_count":1,"threads_per_core":2}],"cpu_threads_per_core":2,"credit_specification":[{"cpu_credits":"unlimited"}],"disable_api_stop":false,"disable_api_termination":false,"ebs_block_device":[],"ebs_optimized":false,"enclave_options":[{"enabled":false}],"ephemeral_block_device":[],"get_password_data":false,"hibernation":false,"host_id":"","host_resource_group_arn":null,"iam_instance_profile":"","id":"i-02a22358807a290f7","instance_initiated_shutdown_behavior":"stop","instance_lifecycle":"","instance_market_options":[],"instance_state":"running","instance_type":"t3.medium","ipv6_address_count":0,"ipv6_addresses":[],"key_name":"my-generated-key","launch_template":[],"maintenance_options":[{"auto_recovery":"default"}],"metadata_options":[{"http_endpoint":"enabled","http_protocol_ipv6":"disabled","http_put_response_hop_limit":1,"http_tokens":"optional","instance_metadata_tags":"disabled"}],"monitoring":false,"network_interface":[],"outpost_arn":"","password_data":"","placement_group":"","placement_partition_number":0,"primary_network_interface_id":"eni-0b92d61865fe99611","private_dns":"ip-172-31-24-176.ec2.internal","private_dns_name_options":[{"enable_resource_name_dns_a_record":false,"enable_resource_name_dns_aaaa_record":false,"hostname_type":"ip-name"}],"private_ip":"172.31.24.176","public_dns":"ec2-50-16-149-248.compute-1.amazonaws.com","public_ip":"50.16.149.248","root_block_device":[{"delete_on_termination":true,"device_name":"/dev/xvda","encrypted":false,"iops":100,"kms_key_id":"","tags":{},"tags_all":{},"throughput":0,"volume_id":"vol-08cea9e484d529482","volume_size":8,"volume_type":"gp2"}],"secondary_private_ips":[],"security_groups":["allow_ssh"],"source_dest_check":true,"spot_instance_request_id":"","subnet_id":"subnet-0ddd71c58e4a455a2","tags":{"Name":"MyEC2Instance"},"tags_all":{"Name":"MyEC2Instance"},"tenancy":"default","timeouts":null,"user_data":"7b12f401d86cd040b8e2d1b166ea99eda0d0029a","user_data_base64":null,"user_data_replace_on_change":false,"volume_tags":null,"vpc_security_group_ids":["sg-03138d022930244d0"]},"after_unknown":{},"before_sensitive":{"capacity_reservation_specification":[{"capacity_reservation_target":[]}],"cpu_options":[{}],"credit_specification":[{}],"ebs_block_device":[],"enclave_options":[{}],"ephemeral_block_device":[],"instance_market_options":[],"ipv6_addresses":[],"launch_template":[],"maintenance_options":[{}],"metadata_options":[{}],"network_interface":[],"private_dns_name_options":[{}],"root_block_device":[{"tags_all":{}}],"secondary_private_ips":[],"security_groups":[false],"tags":{},"tags_all":{},"vpc_security_group_ids":[false]},"after_sensitive":{"capacity_reservation_specification":[{"capacity_reservation_target":[]}],"cpu_options":[{}],"credit_specification":[{}],"ebs_block_device":[],"enclave_options":[{}],"ephemeral_block_device":[],"instance_market_options":[],"ipv6_addresses":[],"launch_template":[],"maintenance_options":[{}],"metadata_options":[{}],"network_interface":[],"private_dns_name_options":[{}],"root_block_device":[{"tags":{},"tags_all":{}}],"secondary_private_ips":[],"security_groups":[false],"tags":{},"tags_all":{},"vpc_security_group_ids":[false]}}}],"resource_changes":[{"address":"aws_ebs_volume.costiac_ebs_volume","mode":"managed","type":"aws_ebs_volume","name":"costiac_ebs_volume","provider_name":"registry.terraform.io/hashicorp/aws","change":{"actions":["create"],"before":null,"after":{"availability_zone":"us-east-1a","final_snapshot":false,"multi_attach_enabled":null,"outpost_arn":null,"size":100,"tags":{"Name":"costiac-ebs-volume"},"tags_all":{"Name":"costiac-ebs-volume"},"timeouts":null},"after_unknown":{"arn":true,"encrypted":true,"id":true,"iops":true,"kms_key_id":true,"snapshot_id":true,"tags":{},"tags_all":{},"throughput":true,"type":true},"before_sensitive":false,"after_sensitive":{"tags":{},"tags_all":{}}}},{"address":"aws_efs_file_system.costiac_efs","mode":"managed","type":"aws_efs_file_system","name":"costiac_efs","provider_name":"registry.terraform.io/hashicorp/aws","change":{"actions":["create"],"before":null,"after":{"lifecycle_policy":[],"provisioned_throughput_in_mibps":null,"tags":{"Name":"costiac-efs"},"tags_all":{"Name":"costiac-efs"},"throughput_mode":"bursting"},"after_unknown":{"arn":true,"availability_zone_id":true,"availability_zone_name":true,"creation_token":true,"dns_name":true,"encrypted":true,"id":true,"kms_key_id":true,"lifecycle_policy":[],"name":true,"number_of_mount_targets":true,"owner_id":true,"performance_mode":true,"protection":true,"size_in_bytes":true,"tags":{},"tags_all":{}},"before_sensitive":false,"after_sensitive":{"lifecycle_policy":[],"protection":[],"size_in_bytes":[],"tags":{},"tags_all":{}}}},{"address":"aws_efs_mount_target.costiac_efs_mount_target","mode":"managed","type":"aws_efs_mount_target","name":"costiac_efs_mount_target","provider_name":"registry.terraform.io/hashicorp/aws","change":{"actions":["create"],"before":null,"after":{"timeouts":null},"after_unknown":{"availability_zone_id":true,"availability_zone_name":true,"dns_name":true,"file_system_arn":true,"file_system_id":true,"id":true,"ip_address":true,"mount_target_dns_name":true,"network_interface_id":true,"owner_id":true,"security_groups":true,"subnet_id":true},"before_sensitive":false,"after_sensitive":{"security_groups":[]}}},{"address":"aws_instance.costiac_instance_1","mode":"managed","type":"aws_instance","name":"costiac_instance_1","provider_name":"registry.terraform.io/hashicorp/aws","change":{"actions":["create"],"before":null,"after":{"ami":"ami-0c02fb55956c7d316","credit_specification":[],"ebs_block_device":[{"delete_on_termination":true,"device_name":"/dev/sdh","tags":null}],"get_password_data":false,"hibernation":null,"instance_type":"t2.micro","launch_template":[],"root_block_device":[{"delete_on_termination":true,"tags":null,"volume_size":8}],"source_dest_check":true,"tags":{"Name":"costiac-instance-1"},"tags_all":{"Name":"costiac-instance-1"},"timeouts":null,"user_data":"3678008cf8f03b8f8c711e97fe52e20e21cb0987","user_data_replace_on_change":false,"volume_tags":null},"after_unknown":{"arn":true,"associate_public_ip_address":true,"availability_zone":true,"capacity_reservation_specification":true,"cpu_core_count":true,"cpu_options":true,"cpu_threads_per_core":true,"credit_specification":[],"disable_api_stop":true,"disable_api_termination":true,"ebs_block_device":[{"encrypted":true,"iops":true,"kms_key_id":true,"snapshot_id":true,"tags_all":true,"throughput":true,"volume_id":true,"volume_size":true,"volume_type":true}],"ebs_optimized":true,"enclave_options":true,"ephemeral_block_device":true,"host_id":true,"host_resource_group_arn":true,"iam_instance_profile":true,"id":true,"instance_initiated_shutdown_behavior":true,"instance_lifecycle":true,"instance_market_options":true,"instance_state":true,"ipv6_address_count":true,"ipv6_addresses":true,"key_name":true,"launch_template":[],"maintenance_options":true,"metadata_options":true,"monitoring":true,"network_interface":true,"outpost_arn":true,"password_data":true,"placement_group":true,"placement_partition_number":true,"primary_network_interface_id":true,"private_dns":true,"private_dns_name_options":true,"private_ip":true,"public_dns":true,"public_ip":true,"root_block_device":[{"device_name":true,"encrypted":true,"iops":true,"kms_key_id":true,"tags_all":true,"throughput":true,"volume_id":true,"volume_type":true}],"secondary_private_ips":true,"security_groups":true,"spot_instance_request_id":true,"subnet_id":true,"tags":{},"tags_all":{},"tenancy":true,"user_data_base64":true,"vpc_security_group_ids":true},"before_sensitive":false,"after_sensitive":{"capacity_reservation_specification":[],"cpu_options":[],"credit_specification":[],"ebs_block_device":[{"tags_all":{}}],"enclave_options":[],"ephemeral_block_device":[],"instance_market_options":[],"ipv6_addresses":[],"launch_template":[],"maintenance_options":[],"metadata_options":[],"network_interface":[],"private_dns_name_options":[],"root_block_device":[{"tags_all":{}}],"secondary_private_ips":[],"security_groups":[],"tags":{},"tags_all":{},"vpc_security_group_ids":[]}}},{"address":"aws_instance.costiac_instance_2","mode":"managed","type":"aws_instance","name":"costiac_instance_2","provider_name":"registry.terraform.io/hashicorp/aws","change":{"actions":["create"],"before":null,"after":{"ami":"ami-0c02fb55956c7d316","credit_specification":[],"get_password_data":false,"hibernation":null,"instance_type":"t2.micro","launch_template":[],"root_block_device":[{"delete_on_termination":true,"tags":null,"volume_size":8}],"source_dest_check":true,"tags":{"Name":"costiac-instance-2"},"tags_all":{"Name":"costiac-instance-2"},"timeouts":null,"user_data_replace_on_change":false,"volume_tags":null},"after_unknown":{"arn":true,"associate_public_ip_address":true,"availability_zone":true,"capacity_reservation_specification":true,"cpu_core_count":true,"cpu_options":true,"cpu_threads_per_core":true,"credit_specification":[],"disable_api_stop":true,"disable_api_termination":true,"ebs_block_device":true,"ebs_optimized":true,"enclave_options":true,"ephemeral_block_device":true,"host_id":true,"host_resource_group_arn":true,"iam_instance_profile":true,"id":true,"instance_initiated_shutdown_behavior":true,"instance_lifecycle":true,"instance_market_options":true,"instance_state":true,"ipv6_address_count":true,"ipv6_addresses":true,"key_name":true,"launch_template":[],"maintenance_options":true,"metadata_options":true,"monitoring":true,"network_interface":true,"outpost_arn":true,"password_data":true,"placement_group":true,"placement_partition_number":true,"primary_network_interface_id":true,"private_dns":true,"private_dns_name_options":true,"private_ip":true,"public_dns":true,"public_ip":true,"root_block_device":[{"device_name":true,"encrypted":true,"iops":true,"kms_key_id":true,"tags_all":true,"throughput":true,"volume_id":true,"volume_type":true}],"secondary_private_ips":true,"security_groups":true,"spot_instance_request_id":true,"subnet_id":true,"tags":{},"tags_all":{},"tenancy":true,"user_data":true,"user_data_base64":true,"vpc_security_group_ids":true},"before_sensitive":false,"after_sensitive":{"capacity_reservation_specification":[],"cpu_options":[],"credit_specification":[],"ebs_block_device":[],"enclave_options":[],"ephemeral_block_device":[],"instance_market_options":[],"ipv6_addresses":[],"launch_template":[],"maintenance_options":[],"metadata_options":[],"network_interface":[],"private_dns_name_options":[],"root_block_device":[{"tags_all":{}}],"secondary_private_ips":[],"security_groups":[],"tags":{},"tags_all":{},"vpc_security_group_ids":[]}}},{"address":"aws_instance.my_ec2","mode":"managed","type":"aws_instance","name":"my_ec2","provider_name":"registry.terraform.io/hashicorp/aws","change":{"actions":["update"],"before":{"ami":"ami-0c02fb55956c7d316","arn":"arn:aws:ec2:us-east-1:303057168699:instance/i-02a22358807a290f7","associate_public_ip_address":true,"availability_zone":"us-east-1c","capacity_reservation_specification":[{"capacity_reservation_preference":"open","capacity_reservation_target":[]}],"cpu_core_count":1,"cpu_options":[{"amd_sev_snp":"","core_count":1,"threads_per_core":2}],"cpu_threads_per_core":2,"credit_specification":[{"cpu_credits":"unlimited"}],"disable_api_stop":false,"disable_api_termination":false,"ebs_block_device":[],"ebs_optimized":false,"enclave_options":[{"enabled":false}],"ephemeral_block_device":[],"get_password_data":false,"hibernation":false,"host_id":"","host_resource_group_arn":null,"iam_instance_profile":"","id":"i-02a22358807a290f7","instance_initiated_shutdown_behavior":"stop","instance_lifecycle":"","instance_market_options":[],"instance_state":"running","instance_type":"t3.medium","ipv6_address_count":0,"ipv6_addresses":[],"key_name":"my-generated-key","launch_template":[],"maintenance_options":[{"auto_recovery":"default"}],"metadata_options":[{"http_endpoint":"enabled","http_protocol_ipv6":"disabled","http_put_response_hop_limit":1,"http_tokens":"optional","instance_metadata_tags":"disabled"}],"monitoring":false,"network_interface":[],"outpost_arn":"","password_data":"","placement_group":"","placement_partition_number":0,"primary_network_interface_id":"eni-0b92d61865fe99611","private_dns":"ip-172-31-24-176.ec2.internal","private_dns_name_options":[{"enable_resource_name_dns_a_record":false,"enable_resource_name_dns_aaaa_record":false,"hostname_type":"ip-name"}],"private_ip":"172.31.24.176","public_dns":"ec2-50-16-149-248.compute-1.amazonaws.com","public_ip":"50.16.149.248","root_block_device":[{"delete_on_termination":true,"device_name":"/dev/xvda","encrypted":false,"iops":100,"kms_key_id":"","tags":{},"tags_all":{},"throughput":0,"volume_id":"vol-08cea9e484d529482","volume_size":8,"volume_type":"gp2"}],"secondary_private_ips":[],"security_groups":["allow_ssh"],"source_dest_check":true,"spot_instance_request_id":"","subnet_id":"subnet-0ddd71c58e4a455a2","tags":{"Name":"MyEC2Instance"},"tags_all":{"Name":"MyEC2Instance"},"tenancy":"default","timeouts":null,"user_data":"7b12f401d86cd040b8e2d1b166ea99eda0d0029a","user_data_base64":null,"user_data_replace_on_change":false,"volume_tags":null,"vpc_security_group_ids":["sg-03138d022930244d0"]},"after":{"ami":"ami-0c02fb55956c7d316","arn":"arn:aws:ec2:us-east-1:303057168699:instance/i-02a22358807a290f7","associate_public_ip_address":true,"availability_zone":"us-east-1c","capacity_reservation_specification":[{"capacity_reservation_preference":"open","capacity_reservation_target":[]}],"cpu_core_count":1,"cpu_options":[{"amd_sev_snp":"","core_count":1,"threads_per_core":2}],"cpu_threads_per_core":2,"credit_specification":[{"cpu_credits":"unlimited"}],"disable_api_stop":false,"disable_api_termination":false,"ebs_block_device":[],"ebs_optimized":false,"enclave_options":[{"enabled":false}],"ephemeral_block_device":[],"get_password_data":false,"hibernation":false,"host_id":"","host_resource_group_arn":null,"iam_instance_profile":"","id":"i-02a22358807a290f7","instance_initiated_shutdown_behavior":"stop","instance_lifecycle":"","instance_market_options":[],"instance_state":"running","instance_type":"t3.medium","ipv6_address_count":0,"ipv6_addresses":[],"key_name":"my-generated-key","launch_template":[],"maintenance_options":[{"auto_recovery":"default"}],"metadata_options":[{"http_endpoint":"enabled","http_protocol_ipv6":"disabled","http_put_response_hop_limit":1,"http_tokens":"optional","instance_metadata_tags":"disabled"}],"monitoring":false,"network_interface":[],"outpost_arn":"","password_data":"","placement_group":"","placement_partition_number":0,"primary_network_interface_id":"eni-0b92d61865fe99611","private_dns":"ip-172-31-24-176.ec2.internal","private_dns_name_options":[{"enable_resource_name_dns_a_record":false,"enable_resource_name_dns_aaaa_record":false,"hostname_type":"ip-name"}],"private_ip":"172.31.24.176","public_dns":"ec2-50-16-149-248.compute-1.amazonaws.com","public_ip":"50.16.149.248","root_block_device":[{"delete_on_termination":true,"device_name":"/dev/xvda","encrypted":false,"iops":100,"kms_key_id":"","tags":{},"tags_all":{},"throughput":0,"volume_id":"vol-08cea9e484d529482","volume_size":8,"volume_type":"gp2"}],"secondary_private_ips":[],"security_groups":["allow_ssh"],"source_dest_check":true,"spot_instance_request_id":"","subnet_id":"subnet-0ddd71c58e4a455a2","tags":{"Name":"costiac-PythonInstance"},"tags_all":{"Name":"costiac-PythonInstance"},"tenancy":"default","timeouts":null,"user_data":"7b12f401d86cd040b8e2d1b166ea99eda0d0029a","user_data_base64":null,"user_data_replace_on_change":false,"volume_tags":null},"after_unknown":{"capacity_reservation_specification":[{"capacity_reservation_target":[]}],"cpu_options":[{}],"credit_specification":[{}],"ebs_block_device":[],"enclave_options":[{}],"ephemeral_block_device":[],"instance_market_options":[],"ipv6_addresses":[],"launch_template":[],"maintenance_options":[{}],"metadata_options":[{}],"network_interface":[],"private_dns_name_options":[{}],"root_block_device":[{"tags":{},"tags_all":{}}],"secondary_private_ips":[],"security_groups":[false],"tags":{},"tags_all":{},"vpc_security_group_ids":true},"before_sensitive":{"capacity_reservation_specification":[{"capacity_reservation_target":[]}],"cpu_options":[{}],"credit_specification":[{}],"ebs_block_device":[],"enclave_options":[{}],"ephemeral_block_device":[],"instance_market_options":[],"ipv6_addresses":[],"launch_template":[],"maintenance_options":[{}],"metadata_options":[{}],"network_interface":[],"private_dns_name_options":[{}],"root_block_device":[{"tags":{},"tags_all":{}}],"secondary_private_ips":[],"security_groups":[false],"tags":{},"tags_all":{},"vpc_security_group_ids":[false]},"after_sensitive":{"capacity_reservation_specification":[{"capacity_reservation_target":[]}],"cpu_options":[{}],"credit_specification":[{}],"ebs_block_device":[],"enclave_options":[{}],"ephemeral_block_device":[],"instance_market_options":[],"ipv6_addresses":[],"launch_template":[],"maintenance_options":[{}],"metadata_options":[{}],"network_interface":[],"private_dns_name_options":[{}],"root_block_device":[{"tags":{},"tags_all":{}}],"secondary_private_ips":[],"security_groups":[false],"tags":{},"tags_all":{},"vpc_security_group_ids":[]}}},{"address":"aws_internet_gateway.costiac_igw","mode":"managed","type":"aws_internet_gateway","name":"costiac_igw","provider_name":"registry.terraform.io/hashicorp/aws","change":{"actions":["create"],"before":null,"after":{"tags":{"Name":"costiac-igw"},"tags_all":{"Name":"costiac-igw"},"timeouts":null},"after_unknown":{"arn":true,"id":true,"owner_id":true,"tags":{},"tags_all":{},"vpc_id":true},"before_sensitive":false,"after_sensitive":{"tags":{},"tags_all":{}}}},{"address":"aws_key_pair.deployed_key","mode":"managed","type":"aws_key_pair","name":"deployed_key","provider_name":"registry.terraform.io/hashicorp/aws","change":{"actions":["no-op"],"before":{"arn":"arn:aws:ec2:us-east-1:303057168699:key-pair/my-generated-key","fingerprint":"65:8e:4e:db:8c:0f:dc:d2:24:be:6e:d0:fb:36:aa:f9","id":"my-generated-key","key_name":"my-generated-key","key_name_prefix":"","key_pair_id":"key-0fa19f6024dcf1815","key_type":"rsa","public_key":"ssh-rsa AAAAB3NzaC1yc2EAAAADAQABAAABAQDLYKxeuQ/c4Lok8Kxg98p8afSnc58VPNhjmAi1wVhH6jQtmGd95RGlJcnTSK1TajbbKVaLajYp5qkL3Ls+TOlgomFCb3yD9XEOyF3c5pBcdbtoqwBt5UkoR5Qcn52DOb04zHgSE1mZIvzJVi3ApG3UiffIx7rpug+Few9TATofkjvjnK5N00L/SHb5ck+hA4m/iqKhY7J3gUYAc/5+L4ESAKC6pDL60rDhTaQkoSvNAK/Iq6BZTmbg+ojaCUuuuQ4WicTynQQtCskrEr4mgch2ZYzOlWSDRkcPwLDWm07I5QFpnMmqPB5La4ZHyw4BhkZluRoaIxybzFyMVz/H0qod","tags":{},"tags_all":{}},"after":{"arn":"arn:aws:ec2:us-east-1:303057168699:key-pair/my-generated-key","fingerprint":"65:8e:4e:db:8c:0f:dc:d2:24:be:6e:d0:fb:36:aa:f9","id":"my-generated-key","key_name":"my-generated-key","key_name_prefix":"","key_pair_id":"key-0fa19f6024dcf1815","key_type":"rsa","public_key":"ssh-rsa AAAAB3NzaC1yc2EAAAADAQABAAABAQDLYKxeuQ/c4Lok8Kxg98p8afSnc58VPNhjmAi1wVhH6jQtmGd95RGlJcnTSK1TajbbKVaLajYp5qkL3Ls+TOlgomFCb3yD9XEOyF3c5pBcdbtoqwBt5UkoR5Qcn52DOb04zHgSE1mZIvzJVi3ApG3UiffIx7rpug+Few9TATofkjvjnK5N00L/SHb5ck+hA4m/iqKhY7J3gUYAc/5+L4ESAKC6pDL60rDhTaQkoSvNAK/Iq6BZTmbg+ojaCUuuuQ4WicTynQQtCskrEr4mgch2ZYzOlWSDRkcPwLDWm07I5QFpnMmqPB5La4ZHyw4BhkZluRoaIxybzFyMVz/H0qod","tags":{},"tags_all":{}},"after_unknown":{},"before_sensitive":{"tags":{},"tags_all":{}},"after_sensitive":{"tags":{},"tags_all":{}}}},{"address":"aws_route_table.costiac_public_route_table","mode":"managed","type":"aws_route_table","name":"costiac_public_route_table","provider_name":"registry.terraform.io/hashicorp/aws","change":{"actions":["create"],"before":null,"after":{"route":[{"carrier_gateway_id":"","cidr_block":"0.0.0.0/0","core_network_arn":"","destination_prefix_list_id":"","egress_only_gateway_id":"","ipv6_cidr_block":"","local_gateway_id":"","nat_gateway_id":"","network_interface_id":"","transit_gateway_id":"","vpc_endpoint_id":"","vpc_peering_connection_id":""}],"tags":{"Name":"costiac-public-route-table"},"tags_all":{"Name":"costiac-public-route-table"},"timeouts":null},"after_unknown":{"arn":true,"id":true,"owner_id":true,"propagating_vgws":true,"route":[{"gateway_id":true}],"tags":{},"tags_all":{},"vpc_id":true},"before_sensitive":false,"after_sensitive":{"propagating_vgws":[],"route":[{}],"tags":{},"tags_all":{}}}},{"address":"aws_route_table_association.costiac_route_assoc_subnet_1","mode":"managed","type":"aws_route_table_association","name":"costiac_route_assoc_subnet_1","provider_name":"registry.terraform.io/hashicorp/aws","change":{"actions":["create"],"before":null,"after":{"gateway_id":null,"timeouts":null},"after_unknown":{"id":true,"route_table_id":true,"subnet_id":true},"before_sensitive":false,"after_sensitive":{}}},{"address":"aws_route_table_association.costiac_route_assoc_subnet_2","mode":"managed","type":"aws_route_table_association","name":"costiac_route_assoc_subnet_2","provider_name":"registry.terraform.io/hashicorp/aws","change":{"actions":["create"],"before":null,"after":{"gateway_id":null,"timeouts":null},"after_unknown":{"id":true,"route_table_id":true,"subnet_id":true},"before_sensitive":false,"after_sensitive":{}}},{"address":"aws_security_group.costiac_sg","mode":"managed","type":"aws_security_group","name":"costiac_sg","provider_name":"registry.terraform.io/hashicorp/aws","change":{"actions":["create"],"before":null,"after":{"description":"Managed by Terraform","egress":[{"cidr_blocks":["0.0.0.0/0"],"description":"","from_port":0,"ipv6_cidr_blocks":[],"prefix_list_ids":[],"protocol":"-1","security_groups":[],"self":false,"to_port":0}],"ingress":[{"cidr_blocks":["0.0.0.0/0"],"description":"","from_port":22,"ipv6_cidr_blocks":[],"prefix_list_ids":[],"protocol":"tcp","security_groups":[],"self":false,"to_port":22},{"cidr_blocks":["0.0.0.0/0"],"description":"","from_port":443,"ipv6_cidr_blocks":[],"prefix_list_ids":[],"protocol":"tcp","security_groups":[],"self":false,"to_port":443}],"revoke_rules_on_delete":false,"tags":{"Name":"costiac-sg"},"tags_all":{"Name":"costiac-sg"},"timeouts":null},"after_unknown":{"arn":true,"egress":[{"cidr_blocks":[false],"ipv6_cidr_blocks":[],"prefix_list_ids":[],"security_groups":[]}],"id":true,"ingress":[{"cidr_blocks":[false],"ipv6_cidr_blocks":[],"prefix_list_ids":[],"security_groups":[]},{"cidr_blocks":[false],"ipv6_cidr_blocks":[],"prefix_list_ids":[],"security_groups":[]}],"name":true,"name_prefix":true,"owner_id":true,"tags":{},"tags_all":{},"vpc_id":true},"before_sensitive":false,"after_sensitive":{"egress":[{"cidr_blocks":[false],"ipv6_cidr_blocks":[],"prefix_list_ids":[],"security_groups":[]}],"ingress":[{"cidr_blocks":[false],"ipv6_cidr_blocks":[],"prefix_list_ids":[],"security_groups":[]},{"cidr_blocks":[false],"ipv6_cidr_blocks":[],"prefix_list_ids":[],"security_groups":[]}],"tags":{},"tags_all":{}}}},{"address":"aws_security_group.my_security_group","mode":"managed","type":"aws_security_group","name":"my_security_group","provider_name":"registry.terraform.io/hashicorp/aws","change":{"actions":["delete","create"],"before":{"arn":"arn:aws:ec2:us-east-1:303057168699:security-group/sg-03138d022930244d0","description":"Allow SSH inbound traffic","egress":[{"cidr_blocks":["0.0.0.0/0"],"description":"","from_port":0,"ipv6_cidr_blocks":[],"prefix_list_ids":[],"protocol":"-1","security_groups":[],"self":false,"to_port":0}],"id":"sg-03138d022930244d0","ingress":[{"cidr_blocks":["0.0.0.0/0"],"description":"","from_port":22,"ipv6_cidr_blocks":[],"prefix_list_ids":[],"protocol":"tcp","security_groups":[],"self":false,"to_port":22}],"name":"allow_ssh","name_prefix":"","owner_id":"303057168699","revoke_rules_on_delete":false,"tags":{},"tags_all":{},"timeouts":null,"vpc_id":"vpc-080449fdc460c49c5"},"after":{"description":"Allow SSH inbound traffic","egress":[{"cidr_blocks":["0.0.0.0/0"],"description":"","from_port":0,"ipv6_cidr_blocks":[],"prefix_list_ids":[],"protocol":"-1","security_groups":[],"self":false,"to_port":0}],"ingress":[{"cidr_blocks":["0.0.0.0/0"],"description":"","from_port":22,"ipv6_cidr_blocks":[],"prefix_list_ids":[],"protocol":"tcp","security_groups":[],"self":false,"to_port":22}],"name":"costiac_allow_ssh","revoke_rules_on_delete":false,"tags":null,"timeouts":null},"after_unknown":{"arn":true,"egress":[{"cidr_blocks":[false],"ipv6_cidr_blocks":[],"prefix_list_ids":[],"security_groups":[]}],"id":true,"ingress":[{"cidr_blocks":[false],"ipv6_cidr_blocks":[],"prefix_list_ids":[],"security_groups":[]}],"name_prefix":true,"owner_id":true,"tags_all":true,"vpc_id":true},"before_sensitive":{"egress":[{"cidr_blocks":[false],"ipv6_cidr_blocks":[],"prefix_list_ids":[],"security_groups":[]}],"ingress":[{"cidr_blocks":[false],"ipv6_cidr_blocks":[],"prefix_list_ids":[],"security_groups":[]}],"tags":{},"tags_all":{}},"after_sensitive":{"egress":[{"cidr_blocks":[false],"ipv6_cidr_blocks":[],"prefix_list_ids":[],"security_groups":[]}],"ingress":[{"cidr_blocks":[false],"ipv6_cidr_blocks":[],"prefix_list_ids":[],"security_groups":[]}],"tags_all":{}},"replace_paths":[["name"]]},"action_reason":"replace_because_cannot_update"},{"address":"aws_subnet.costiac_public_subnet_1","mode":"managed","type":"aws_subnet","name":"costiac_public_subnet_1","provider_name":"registry.terraform.io/hashicorp/aws","change":{"actions":["create"],"before":null,"after":{"assign_ipv6_address_on_creation":false,"availability_zone":"us-east-1a","cidr_block":"10.0.1.0/24","customer_owned_ipv4_pool":null,"enable_dns64":false,"enable_lni_at_device_index":null,"enable_resource_name_dns_a_record_on_launch":false,"enable_resource_name_dns_aaaa_record_on_launch":false,"ipv6_cidr_block":null,"ipv6_native":false,"map_customer_owned_ip_on_launch":null,"map_public_ip_on_launch":true,"outpost_arn":null,"tags":{"Name":"costiac-public-subnet-1"},"tags_all":{"Name":"costiac-public-subnet-1"},"timeouts":null},"after_unknown":{"arn":true,"availability_zone_id":true,"id":true,"ipv6_cidr_block_association_id":true,"owner_id":true,"private_dns_hostname_type_on_launch":true,"tags":{},"tags_all":{},"vpc_id":true},"before_sensitive":false,"after_sensitive":{"tags":{},"tags_all":{}}}},{"address":"aws_subnet.costiac_public_subnet_2","mode":"managed","type":"aws_subnet","name":"costiac_public_subnet_2","provider_name":"registry.terraform.io/hashicorp/aws","change":{"actions":["create"],"before":null,"after":{"assign_ipv6_address_on_creation":false,"availability_zone":"us-east-1b","cidr_block":"10.0.2.0/24","customer_owned_ipv4_pool":null,"enable_dns64":false,"enable_lni_at_device_index":null,"enable_resource_name_dns_a_record_on_launch":false,"enable_resource_name_dns_aaaa_record_on_launch":false,"ipv6_cidr_block":null,"ipv6_native":false,"map_customer_owned_ip_on_launch":null,"map_public_ip_on_launch":true,"outpost_arn":null,"tags":{"Name":"costiac-public-subnet-2"},"tags_all":{"Name":"costiac-public-subnet-2"},"timeouts":null},"after_unknown":{"arn":true,"availability_zone_id":true,"id":true,"ipv6_cidr_block_association_id":true,"owner_id":true,"private_dns_hostname_type_on_launch":true,"tags":{},"tags_all":{},"vpc_id":true},"before_sensitive":false,"after_sensitive":{"tags":{},"tags_all":{}}}},{"address":"aws_vpc.costiac_vpc","mode":"managed","type":"aws_vpc","name":"costiac_vpc","provider_name":"registry.terraform.io/hashicorp/aws","change":{"actions":["create"],"before":null,"after":{"assign_generated_ipv6_cidr_block":null,"cidr_block":"10.0.0.0/16","enable_dns_support":true,"instance_tenancy":"default","ipv4_ipam_pool_id":null,"ipv4_netmask_length":null,"ipv6_ipam_pool_id":null,"ipv6_netmask_length":null,"tags":{"Name":"costiac-vpc"},"tags_all":{"Name":"costiac-vpc"}},"after_unknown":{"arn":true,"default_network_acl_id":true,"default_route_table_id":true,"default_security_group_id":true,"dhcp_options_id":true,"enable_dns_hostnames":true,"enable_network_address_usage_metrics":true,"id":true,"ipv6_association_id":true,"ipv6_cidr_block":true,"ipv6_cidr_block_network_border_group":true,"main_route_table_id":true,"owner_id":true,"tags":{},"tags_all":{}},"before_sensitive":false,"after_sensitive":{"tags":{},"tags_all":{}}}},{"address":"local_file.private_key","mode":"managed","type":"local_file","name":"private_key","provider_name":"registry.terraform.io/hashicorp/local","change":{"actions":["no-op"],"before":{"content":"-----BEGIN RSA PRIVATE KEY-----\nMIIEowIBAAKCAQEAy2CsXrkP3OC6JPCsYPfKfGn0p3OfFTzYY5gItcFYR+o0LZhn\nfeURpSXJ00itU2o22ylWi2o2KeapC9y7PkzpYKJhQm98g/VxDshd3OaQXHW7aKsA\nbeVJKEeUHJ+dgzm9OMx4EhNZmSL8yVYtwKRt1In3yMe66boPhXsPUwE6H5I745yu\nTdNC/0h2+XJPoQOJv4qioWOyd4FGAHP+fi+BEgCguqQy+tKw4U2kJKErzQCvyKug\nWU5m4PqI2glLrrkOFonE8p0ELQrJKxK+JoHIdmWMzpVkg0ZHD8Cw1ptOyOUBaZzJ\nqjweS2uGR8sOAYZGZbkaGiMcm8xcjFc/x9KqHQIDAQABAoIBACqd7mDG/Mj3GmqF\nOEn1gqvBdC/mrY5AusNb529WvY4MSLTJO96IssLdgUZR82gIWMhiCC2cqw7qs7+1\nmFL8wOasAB9wxzHLq85CNFEGy3dkgEn1k1hz9HmJTkMVO2d1IO6XAg4fmeXaDAiQ\nk3PLwOwJoS+kkslJYNlCqTpmhmx404docBmTMfomDVJBtTyHUS21WbNRwm5Z4alj\ngXm8Ti5qnGOAmwRBXz9a/3cx5g5wMkg/LPhfxFOQOx/ek8lzuphfm+P2MDBRG7RV\nZz3I6RyFYwKECXZRn9PdjDhh8JR0rgfgEcykNmRdVjQtJfwuj3BYT7XIi9JhOEGS\ntfvpKaECgYEA31gqFtL8zjp2Gp4GN5qnskz4GtkbWZ67DrXdKhkMaLFTWRtUu31M\nLdSVzKdZXuZZWx93nJwP9iuk2vyIQynmY8c8kwSxLD1vPlWWmk1UoS0vS+vIkUGP\nQrx3JoLKmY6P3p1mtb9/Bno5c5VHGEcSPDBJpOh3dITI05GYCC2jRCkCgYEA6R0l\n6S8hU+EZlIRzd3Hjwp/0M+vvSK7J1QdFx7brlUw2chD3UkQySA4mIGkHgIpM3rpw\nEpYHFNaUiw9pg7MUsQ5VQwNDlcAMW9AAnM7KVpbhcdIr1wjDq+tkh/+g5NSHKPBf\nlEksxaLIs8RBXtJJBeK/XyiIE+5ILcpa3G9h1NUCgYBtGdZFm/9ehnRXAEatNuEg\nWjUAeHnBx6Y8w14sSFwlcCn050L263ghEy2x8TXZA9E2kCKP4DRz3lIDn0S4+mjO\n6O6QKsSZhdEntAuDiK8EpNvrzFwHiO0Afqv9pfpuFJP2/RDFS6wzb9VMvukh1OX1\nfOkco2pnAs5Pe1m29QRCMQKBgH+qyvxuJ158xTmlYGdmJEqOt3tIF4BC2Z6loP3D\nnDnjx12pFQok9zSnKxJM8yLem0LP8Fj9eVtcOXX/NtY92XMuWludCgKVby9JN0yp\no/7QGx/u7ruRvTgGbsRcp40rJ+qv2minurFyeWCadwKrP/rNN+mxlPT1ZupNDH31\nMisRAoGBAKOML92uxo+bxJa3sbJ+tGtytKv/RnCTEzVHfA3Cz8gnIDlVCrMTfk81\nBBePZmcJwJxu/+zrozz0EWj9CvNQCjd2UBL1ZK2pebHMA3459PpSOcJHO76pEjXv\nlO6ldlwENNbL+XcFzVJDLCNlfv4rEp9bT0/1kfRsTFDQgRYT/jbQ\n-----END RSA PRIVATE KEY-----\n","content_base64":null,"content_base64sha256":"MHPLmi0lmzra5MSVNf2Ai1BXU58Cv7sgd3W0SqH6WR4=","content_base64sha512":"NxfGzHYCHKMYfDEayqd+3Rb6xcv1nvwe4ggivJt5nEzrK/8BidXzizJho2gciYC3sCEmvTMXBSdi8JL95IXk+w==","content_md5":"faf503fd8e412f890a7b1482c324330a","content_sha1":"3d6c58f400838e437bddf31ad55890b414f187a0","content_sha256":"3073cb9a2d259b3adae4c49535fd808b5057539f02bfbb207775b44aa1fa591e","content_sha512":"3717c6cc76021ca3187c311acaa77edd16fac5cbf59efc1ee20822bc9b799c4ceb2bff0189d5f38b3261a3681c8980b7b02126bd3317052762f092fde485e4fb","directory_permission":"0777","file_permission":"0400","filename":"./config/my-generated-key.pem","id":"3d6c58f400838e437bddf31ad55890b414f187a0","sensitive_content":null,"source":null},"after":{"content":"-----BEGIN RSA PRIVATE KEY-----\nMIIEowIBAAKCAQEAy2CsXrkP3OC6JPCsYPfKfGn0p3OfFTzYY5gItcFYR+o0LZhn\nfeURpSXJ00itU2o22ylWi2o2KeapC9y7PkzpYKJhQm98g/VxDshd3OaQXHW7aKsA\nbeVJKEeUHJ+dgzm9OMx4EhNZmSL8yVYtwKRt1In3yMe66boPhXsPUwE6H5I745yu\nTdNC/0h2+XJPoQOJv4qioWOyd4FGAHP+fi+BEgCguqQy+tKw4U2kJKErzQCvyKug\nWU5m4PqI2glLrrkOFonE8p0ELQrJKxK+JoHIdmWMzpVkg0ZHD8Cw1ptOyOUBaZzJ\nqjweS2uGR8sOAYZGZbkaGiMcm8xcjFc/x9KqHQIDAQABAoIBACqd7mDG/Mj3GmqF\nOEn1gqvBdC/mrY5AusNb529WvY4MSLTJO96IssLdgUZR82gIWMhiCC2cqw7qs7+1\nmFL8wOasAB9wxzHLq85CNFEGy3dkgEn1k1hz9HmJTkMVO2d1IO6XAg4fmeXaDAiQ\nk3PLwOwJoS+kkslJYNlCqTpmhmx404docBmTMfomDVJBtTyHUS21WbNRwm5Z4alj\ngXm8Ti5qnGOAmwRBXz9a/3cx5g5wMkg/LPhfxFOQOx/ek8lzuphfm+P2MDBRG7RV\nZz3I6RyFYwKECXZRn9PdjDhh8JR0rgfgEcykNmRdVjQtJfwuj3BYT7XIi9JhOEGS\ntfvpKaECgYEA31gqFtL8zjp2Gp4GN5qnskz4GtkbWZ67DrXdKhkMaLFTWRtUu31M\nLdSVzKdZXuZZWx93nJwP9iuk2vyIQynmY8c8kwSxLD1vPlWWmk1UoS0vS+vIkUGP\nQrx3JoLKmY6P3p1mtb9/Bno5c5VHGEcSPDBJpOh3dITI05GYCC2jRCkCgYEA6R0l\n6S8hU+EZlIRzd3Hjwp/0M+vvSK7J1QdFx7brlUw2chD3UkQySA4mIGkHgIpM3rpw\nEpYHFNaUiw9pg7MUsQ5VQwNDlcAMW9AAnM7KVpbhcdIr1wjDq+tkh/+g5NSHKPBf\nlEksxaLIs8RBXtJJBeK/XyiIE+5ILcpa3G9h1NUCgYBtGdZFm/9ehnRXAEatNuEg\nWjUAeHnBx6Y8w14sSFwlcCn050L263ghEy2x8TXZA9E2kCKP4DRz3lIDn0S4+mjO\n6O6QKsSZhdEntAuDiK8EpNvrzFwHiO0Afqv9pfpuFJP2/RDFS6wzb9VMvukh1OX1\nfOkco2pnAs5Pe1m29QRCMQKBgH+qyvxuJ158xTmlYGdmJEqOt3tIF4BC2Z6loP3D\nnDnjx12pFQok9zSnKxJM8yLem0LP8Fj9eVtcOXX/NtY92XMuWludCgKVby9JN0yp\no/7QGx/u7ruRvTgGbsRcp40rJ+qv2minurFyeWCadwKrP/rNN+mxlPT1ZupNDH31\nMisRAoGBAKOML92uxo+bxJa3sbJ+tGtytKv/RnCTEzVHfA3Cz8gnIDlVCrMTfk81\nBBePZmcJwJxu/+zrozz0EWj9CvNQCjd2UBL1ZK2pebHMA3459PpSOcJHO76pEjXv\nlO6ldlwENNbL+XcFzVJDLCNlfv4rEp9bT0/1kfRsTFDQgRYT/jbQ\n-----END RSA PRIVATE KEY-----\n","content_base64":null,"content_base64sha256":"MHPLmi0lmzra5MSVNf2Ai1BXU58Cv7sgd3W0SqH6WR4=","content_base64sha512":"NxfGzHYCHKMYfDEayqd+3Rb6xcv1nvwe4ggivJt5nEzrK/8BidXzizJho2gciYC3sCEmvTMXBSdi8JL95IXk+w==","content_md5":"faf503fd8e412f890a7b1482c324330a","content_sha1":"3d6c58f400838e437bddf31ad55890b414f187a0","content_sha256":"3073cb9a2d259b3adae4c49535fd808b5057539f02bfbb207775b44aa1fa591e","content_sha512":"3717c6cc76021ca3187c311acaa77edd16fac5cbf59efc1ee20822bc9b799c4ceb2bff0189d5f38b3261a3681c8980b7b02126bd3317052762f092fde485e4fb","directory_permission":"0777","file_permission":"0400","filename":"./config/my-generated-key.pem","id":"3d6c58f400838e437bddf31ad55890b414f187a0","sensitive_content":null,"source":null},"after_unknown":{},"before_sensitive":{"content":true,"sensitive_content":true},"after_sensitive":{"content":true,"sensitive_content":true}}},{"address":"tls_private_key.ec2_key_pair","mode":"managed","type":"tls_private_key","name":"ec2_key_pair","provider_name":"registry.terraform.io/hashicorp/tls","change":{"actions":["no-op"],"before":{"algorithm":"RSA","ecdsa_curve":"P224","id":"45ec664f22e27e0401adc08dec4714f68ea76b14","private_key_openssh":"-----BEGIN OPENSSH PRIVATE KEY-----\nb3BlbnNzaC1rZXktdjEAAAAABG5vbmUAAAAEbm9uZQAAAAAAAAABAAABFwAAAAdz\nc2gtcnNhAAAAAwEAAQAAAQEAy2CsXrkP3OC6JPCsYPfKfGn0p3OfFTzYY5gItcFY\nR+o0LZhnfeURpSXJ00itU2o22ylWi2o2KeapC9y7PkzpYKJhQm98g/VxDshd3OaQ\nXHW7aKsAbeVJKEeUHJ+dgzm9OMx4EhNZmSL8yVYtwKRt1In3yMe66boPhXsPUwE6\nH5I745yuTdNC/0h2+XJPoQOJv4qioWOyd4FGAHP+fi+BEgCguqQy+tKw4U2kJKEr\nzQCvyKugWU5m4PqI2glLrrkOFonE8p0ELQrJKxK+JoHIdmWMzpVkg0ZHD8Cw1ptO\nyOUBaZzJqjweS2uGR8sOAYZGZbkaGiMcm8xcjFc/x9KqHQAAA7iREXnokRF56AAA\nAAdzc2gtcnNhAAABAQDLYKxeuQ/c4Lok8Kxg98p8afSnc58VPNhjmAi1wVhH6jQt\nmGd95RGlJcnTSK1TajbbKVaLajYp5qkL3Ls+TOlgomFCb3yD9XEOyF3c5pBcdbto\nqwBt5UkoR5Qcn52DOb04zHgSE1mZIvzJVi3ApG3UiffIx7rpug+Few9TATofkjvj\nnK5N00L/SHb5ck+hA4m/iqKhY7J3gUYAc/5+L4ESAKC6pDL60rDhTaQkoSvNAK/I\nq6BZTmbg+ojaCUuuuQ4WicTynQQtCskrEr4mgch2ZYzOlWSDRkcPwLDWm07I5QFp\nnMmqPB5La4ZHyw4BhkZluRoaIxybzFyMVz/H0qodAAAAAwEAAQAAAQAqne5gxvzI\n9xpqhThJ9YKrwXQv5q2OQLrDW+dvVr2ODEi0yTveiLLC3YFGUfNoCFjIYggtnKsO\n6rO/tZhS/MDmrAAfcMcxy6vOQjRRBst3ZIBJ9ZNYc/R5iU5DFTtndSDulwIOH5nl\n2gwIkJNzy8DsCaEvpJLJSWDZQqk6ZoZseNOHaHAZkzH6Jg1SQbU8h1EttVmzUcJu\nWeGpY4F5vE4uapxjgJsEQV8/Wv93MeYOcDJIPyz4X8RTkDsf3pPJc7qYX5vj9jAw\nURu0VWc9yOkchWMChAl2UZ/T3Yw4YfCUdK4H4BHMpDZkXVY0LSX8Lo9wWE+1yIvS\nYThBkrX76SmhAAAAgQCjjC/drsaPm8SWt7GyfrRrcrSr/0ZwkxM1R3wNws/IJyA5\nVQqzE35PNQQXj2ZnCcCcbv/s66M89BFo/QrzUAo3dlAS9WStqXmxzAN+OfT6UjnC\nRzu+qRI175TupXZcBDTWy/l3Bc1SQywjZX7+KxKfW09P9ZH0bExQ0IEWE/420AAA\nAIEA31gqFtL8zjp2Gp4GN5qnskz4GtkbWZ67DrXdKhkMaLFTWRtUu31MLdSVzKdZ\nXuZZWx93nJwP9iuk2vyIQynmY8c8kwSxLD1vPlWWmk1UoS0vS+vIkUGPQrx3JoLK\nmY6P3p1mtb9/Bno5c5VHGEcSPDBJpOh3dITI05GYCC2jRCkAAACBAOkdJekvIVPh\nGZSEc3dx48Kf9DPr70iuydUHRce265VMNnIQ91JEMkgOJiBpB4CKTN66cBKWBxTW\nlIsPaYOzFLEOVUMDQ5XADFvQAJzOylaW4XHSK9cIw6vrZIf/oOTUhyjwX5RJLMWi\nyLPEQV7SSQXiv18oiBPuSC3KWtxvYdTVAAAAAAEC\n-----END OPENSSH PRIVATE KEY-----\n","private_key_pem":"-----BEGIN RSA PRIVATE KEY-----\nMIIEowIBAAKCAQEAy2CsXrkP3OC6JPCsYPfKfGn0p3OfFTzYY5gItcFYR+o0LZhn\nfeURpSXJ00itU2o22ylWi2o2KeapC9y7PkzpYKJhQm98g/VxDshd3OaQXHW7aKsA\nbeVJKEeUHJ+dgzm9OMx4EhNZmSL8yVYtwKRt1In3yMe66boPhXsPUwE6H5I745yu\nTdNC/0h2+XJPoQOJv4qioWOyd4FGAHP+fi+BEgCguqQy+tKw4U2kJKErzQCvyKug\nWU5m4PqI2glLrrkOFonE8p0ELQrJKxK+JoHIdmWMzpVkg0ZHD8Cw1ptOyOUBaZzJ\nqjweS2uGR8sOAYZGZbkaGiMcm8xcjFc/x9KqHQIDAQABAoIBACqd7mDG/Mj3GmqF\nOEn1gqvBdC/mrY5AusNb529WvY4MSLTJO96IssLdgUZR82gIWMhiCC2cqw7qs7+1\nmFL8wOasAB9wxzHLq85CNFEGy3dkgEn1k1hz9HmJTkMVO2d1IO6XAg4fmeXaDAiQ\nk3PLwOwJoS+kkslJYNlCqTpmhmx404docBmTMfomDVJBtTyHUS21WbNRwm5Z4alj\ngXm8Ti5qnGOAmwRBXz9a/3cx5g5wMkg/LPhfxFOQOx/ek8lzuphfm+P2MDBRG7RV\nZz3I6RyFYwKECXZRn9PdjDhh8JR0rgfgEcykNmRdVjQtJfwuj3BYT7XIi9JhOEGS\ntfvpKaECgYEA31gqFtL8zjp2Gp4GN5qnskz4GtkbWZ67DrXdKhkMaLFTWRtUu31M\nLdSVzKdZXuZZWx93nJwP9iuk2vyIQynmY8c8kwSxLD1vPlWWmk1UoS0vS+vIkUGP\nQrx3JoLKmY6P3p1mtb9/Bno5c5VHGEcSPDBJpOh3dITI05GYCC2jRCkCgYEA6R0l\n6S8hU+EZlIRzd3Hjwp/0M+vvSK7J1QdFx7brlUw2chD3UkQySA4mIGkHgIpM3rpw\nEpYHFNaUiw9pg7MUsQ5VQwNDlcAMW9AAnM7KVpbhcdIr1wjDq+tkh/+g5NSHKPBf\nlEksxaLIs8RBXtJJBeK/XyiIE+5ILcpa3G9h1NUCgYBtGdZFm/9ehnRXAEatNuEg\nWjUAeHnBx6Y8w14sSFwlcCn050L263ghEy2x8TXZA9E2kCKP4DRz3lIDn0S4+mjO\n6O6QKsSZhdEntAuDiK8EpNvrzFwHiO0Afqv9pfpuFJP2/RDFS6wzb9VMvukh1OX1\nfOkco2pnAs5Pe1m29QRCMQKBgH+qyvxuJ158xTmlYGdmJEqOt3tIF4BC2Z6loP3D\nnDnjx12pFQok9zSnKxJM8yLem0LP8Fj9eVtcOXX/NtY92XMuWludCgKVby9JN0yp\no/7QGx/u7ruRvTgGbsRcp40rJ+qv2minurFyeWCadwKrP/rNN+mxlPT1ZupNDH31\nMisRAoGBAKOML92uxo+bxJa3sbJ+tGtytKv/RnCTEzVHfA3Cz8gnIDlVCrMTfk81\nBBePZmcJwJxu/+zrozz0EWj9CvNQCjd2UBL1ZK2pebHMA3459PpSOcJHO76pEjXv\nlO6ldlwENNbL+XcFzVJDLCNlfv4rEp9bT0/1kfRsTFDQgRYT/jbQ\n-----END RSA PRIVATE KEY-----\n","private_key_pem_pkcs8":"-----BEGIN PRIVATE KEY-----\nMIIEvQIBADANBgkqhkiG9w0BAQEFAASCBKcwggSjAgEAAoIBAQDLYKxeuQ/c4Lok\n8Kxg98p8afSnc58VPNhjmAi1wVhH6jQtmGd95RGlJcnTSK1TajbbKVaLajYp5qkL\n3Ls+TOlgomFCb3yD9XEOyF3c5pBcdbtoqwBt5UkoR5Qcn52DOb04zHgSE1mZIvzJ\nVi3ApG3UiffIx7rpug+Few9TATofkjvjnK5N00L/SHb5ck+hA4m/iqKhY7J3gUYA\nc/5+L4ESAKC6pDL60rDhTaQkoSvNAK/Iq6BZTmbg+ojaCUuuuQ4WicTynQQtCskr\nEr4mgch2ZYzOlWSDRkcPwLDWm07I5QFpnMmqPB5La4ZHyw4BhkZluRoaIxybzFyM\nVz/H0qodAgMBAAECggEAKp3uYMb8yPcaaoU4SfWCq8F0L+atjkC6w1vnb1a9jgxI\ntMk73oiywt2BRlHzaAhYyGIILZyrDuqzv7WYUvzA5qwAH3DHMcurzkI0UQbLd2SA\nSfWTWHP0eYlOQxU7Z3Ug7pcCDh+Z5doMCJCTc8vA7AmhL6SSyUlg2UKpOmaGbHjT\nh2hwGZMx+iYNUkG1PIdRLbVZs1HCblnhqWOBebxOLmqcY4CbBEFfP1r/dzHmDnAy\nSD8s+F/EU5A7H96TyXO6mF+b4/YwMFEbtFVnPcjpHIVjAoQJdlGf092MOGHwlHSu\nB+ARzKQ2ZF1WNC0l/C6PcFhPtciL0mE4QZK1++kpoQKBgQDfWCoW0vzOOnYangY3\nmqeyTPga2RtZnrsOtd0qGQxosVNZG1S7fUwt1JXMp1le5llbH3ecnA/2K6Ta/IhD\nKeZjxzyTBLEsPW8+VZaaTVShLS9L68iRQY9CvHcmgsqZjo/enWa1v38GejlzlUcY\nRxI8MEmk6Hd0hMjTkZgILaNEKQKBgQDpHSXpLyFT4RmUhHN3cePCn/Qz6+9IrsnV\nB0XHtuuVTDZyEPdSRDJIDiYgaQeAikzeunASlgcU1pSLD2mDsxSxDlVDA0OVwAxb\n0ACczspWluFx0ivXCMOr62SH/6Dk1Ico8F+USSzFosizxEFe0kkF4r9fKIgT7kgt\nylrcb2HU1QKBgG0Z1kWb/16GdFcARq024SBaNQB4ecHHpjzDXixIXCVwKfTnQvbr\neCETLbHxNdkD0TaQIo/gNHPeUgOfRLj6aM7o7pAqxJmF0Se0C4OIrwSk2+vMXAeI\n7QB+q/2l+m4Uk/b9EMVLrDNv1Uy+6SHU5fV86RyjamcCzk97Wbb1BEIxAoGAf6rK\n/G4nXnzFOaVgZ2YkSo63e0gXgELZnqWg/cOcOePHXakVCiT3NKcrEkzzIt6bQs/w\nWP15W1w5df821j3Zcy5aW50KApVvL0k3TKmj/tAbH+7uu5G9OAZuxFynjSsn6q/a\naKe6sXJ5YJp3Aqs/+s036bGU9PVm6k0MffUyKxECgYEAo4wv3a7Gj5vElrexsn60\na3K0q/9GcJMTNUd8DcLPyCcgOVUKsxN+TzUEF49mZwnAnG7/7OujPPQRaP0K81AK\nN3ZQEvVkral5scwDfjn0+lI5wkc7vqkSNe+U7qV2XAQ01sv5dwXNUkMsI2V+/isS\nn1tPT/WR9GxMUNCBFhP+NtA=\n-----END PRIVATE KEY-----\n","public_key_fingerprint_md5":"f4:d8:74:5a:45:54:22:6a:47:1a:f6:5d:a7:87:b8:09","public_key_fingerprint_sha256":"SHA256:YQgU1+fnPzyLAa/YCtEuTUwdicSJLnfojqpXdWfaVNM","public_key_openssh":"ssh-rsa AAAAB3NzaC1yc2EAAAADAQABAAABAQDLYKxeuQ/c4Lok8Kxg98p8afSnc58VPNhjmAi1wVhH6jQtmGd95RGlJcnTSK1TajbbKVaLajYp5qkL3Ls+TOlgomFCb3yD9XEOyF3c5pBcdbtoqwBt5UkoR5Qcn52DOb04zHgSE1mZIvzJVi3ApG3UiffIx7rpug+Few9TATofkjvjnK5N00L/SHb5ck+hA4m/iqKhY7J3gUYAc/5+L4ESAKC6pDL60rDhTaQkoSvNAK/Iq6BZTmbg+ojaCUuuuQ4WicTynQQtCskrEr4mgch2ZYzOlWSDRkcPwLDWm07I5QFpnMmqPB5La4ZHyw4BhkZluRoaIxybzFyMVz/H0qod\n","public_key_pem":"-----BEGIN PUBLIC KEY-----\nMIIBIjANBgkqhkiG9w0BAQEFAAOCAQ8AMIIBCgKCAQEAy2CsXrkP3OC6JPCsYPfK\nfGn0p3OfFTzYY5gItcFYR+o0LZhnfeURpSXJ00itU2o22ylWi2o2KeapC9y7Pkzp\nYKJhQm98g/VxDshd3OaQXHW7aKsAbeVJKEeUHJ+dgzm9OMx4EhNZmSL8yVYtwKRt\n1In3yMe66boPhXsPUwE6H5I745yuTdNC/0h2+XJPoQOJv4qioWOyd4FGAHP+fi+B\nEgCguqQy+tKw4U2kJKErzQCvyKugWU5m4PqI2glLrrkOFonE8p0ELQrJKxK+JoHI\ndmWMzpVkg0ZHD8Cw1ptOyOUBaZzJqjweS2uGR8sOAYZGZbkaGiMcm8xcjFc/x9Kq\nHQIDAQAB\n-----END PUBLIC KEY-----\n","rsa_bits":2048},"after":{"algorithm":"RSA","ecdsa_curve":"P224","id":"45ec664f22e27e0401adc08dec4714f68ea76b14","private_key_openssh":"-----BEGIN OPENSSH PRIVATE KEY-----\nb3BlbnNzaC1rZXktdjEAAAAABG5vbmUAAAAEbm9uZQAAAAAAAAABAAABFwAAAAdz\nc2gtcnNhAAAAAwEAAQAAAQEAy2CsXrkP3OC6JPCsYPfKfGn0p3OfFTzYY5gItcFY\nR+o0LZhnfeURpSXJ00itU2o22ylWi2o2KeapC9y7PkzpYKJhQm98g/VxDshd3OaQ\nXHW7aKsAbeVJKEeUHJ+dgzm9OMx4EhNZmSL8yVYtwKRt1In3yMe66boPhXsPUwE6\nH5I745yuTdNC/0h2+XJPoQOJv4qioWOyd4FGAHP+fi+BEgCguqQy+tKw4U2kJKEr\nzQCvyKugWU5m4PqI2glLrrkOFonE8p0ELQrJKxK+JoHIdmWMzpVkg0ZHD8Cw1ptO\nyOUBaZzJqjweS2uGR8sOAYZGZbkaGiMcm8xcjFc/x9KqHQAAA7iREXnokRF56AAA\nAAdzc2gtcnNhAAABAQDLYKxeuQ/c4Lok8Kxg98p8afSnc58VPNhjmAi1wVhH6jQt\nmGd95RGlJcnTSK1TajbbKVaLajYp5qkL3Ls+TOlgomFCb3yD9XEOyF3c5pBcdbto\nqwBt5UkoR5Qcn52DOb04zHgSE1mZIvzJVi3ApG3UiffIx7rpug+Few9TATofkjvj\nnK5N00L/SHb5ck+hA4m/iqKhY7J3gUYAc/5+L4ESAKC6pDL60rDhTaQkoSvNAK/I\nq6BZTmbg+ojaCUuuuQ4WicTynQQtCskrEr4mgch2ZYzOlWSDRkcPwLDWm07I5QFp\nnMmqPB5La4ZHyw4BhkZluRoaIxybzFyMVz/H0qodAAAAAwEAAQAAAQAqne5gxvzI\n9xpqhThJ9YKrwXQv5q2OQLrDW+dvVr2ODEi0yTveiLLC3YFGUfNoCFjIYggtnKsO\n6rO/tZhS/MDmrAAfcMcxy6vOQjRRBst3ZIBJ9ZNYc/R5iU5DFTtndSDulwIOH5nl\n2gwIkJNzy8DsCaEvpJLJSWDZQqk6ZoZseNOHaHAZkzH6Jg1SQbU8h1EttVmzUcJu\nWeGpY4F5vE4uapxjgJsEQV8/Wv93MeYOcDJIPyz4X8RTkDsf3pPJc7qYX5vj9jAw\nURu0VWc9yOkchWMChAl2UZ/T3Yw4YfCUdK4H4BHMpDZkXVY0LSX8Lo9wWE+1yIvS\nYThBkrX76SmhAAAAgQCjjC/drsaPm8SWt7GyfrRrcrSr/0ZwkxM1R3wNws/IJyA5\nVQqzE35PNQQXj2ZnCcCcbv/s66M89BFo/QrzUAo3dlAS9WStqXmxzAN+OfT6UjnC\nRzu+qRI175TupXZcBDTWy/l3Bc1SQywjZX7+KxKfW09P9ZH0bExQ0IEWE/420AAA\nAIEA31gqFtL8zjp2Gp4GN5qnskz4GtkbWZ67DrXdKhkMaLFTWRtUu31MLdSVzKdZ\nXuZZWx93nJwP9iuk2vyIQynmY8c8kwSxLD1vPlWWmk1UoS0vS+vIkUGPQrx3JoLK\nmY6P3p1mtb9/Bno5c5VHGEcSPDBJpOh3dITI05GYCC2jRCkAAACBAOkdJekvIVPh\nGZSEc3dx48Kf9DPr70iuydUHRce265VMNnIQ91JEMkgOJiBpB4CKTN66cBKWBxTW\nlIsPaYOzFLEOVUMDQ5XADFvQAJzOylaW4XHSK9cIw6vrZIf/oOTUhyjwX5RJLMWi\nyLPEQV7SSQXiv18oiBPuSC3KWtxvYdTVAAAAAAEC\n-----END OPENSSH PRIVATE KEY-----\n","private_key_pem":"-----BEGIN RSA PRIVATE KEY-----\nMIIEowIBAAKCAQEAy2CsXrkP3OC6JPCsYPfKfGn0p3OfFTzYY5gItcFYR+o0LZhn\nfeURpSXJ00itU2o22ylWi2o2KeapC9y7PkzpYKJhQm98g/VxDshd3OaQXHW7aKsA\nbeVJKEeUHJ+dgzm9OMx4EhNZmSL8yVYtwKRt1In3yMe66boPhXsPUwE6H5I745yu\nTdNC/0h2+XJPoQOJv4qioWOyd4FGAHP+fi+BEgCguqQy+tKw4U2kJKErzQCvyKug\nWU5m4PqI2glLrrkOFonE8p0ELQrJKxK+JoHIdmWMzpVkg0ZHD8Cw1ptOyOUBaZzJ\nqjweS2uGR8sOAYZGZbkaGiMcm8xcjFc/x9KqHQIDAQABAoIBACqd7mDG/Mj3GmqF\nOEn1gqvBdC/mrY5AusNb529WvY4MSLTJO96IssLdgUZR82gIWMhiCC2cqw7qs7+1\nmFL8wOasAB9wxzHLq85CNFEGy3dkgEn1k1hz9HmJTkMVO2d1IO6XAg4fmeXaDAiQ\nk3PLwOwJoS+kkslJYNlCqTpmhmx404docBmTMfomDVJBtTyHUS21WbNRwm5Z4alj\ngXm8Ti5qnGOAmwRBXz9a/3cx5g5wMkg/LPhfxFOQOx/ek8lzuphfm+P2MDBRG7RV\nZz3I6RyFYwKECXZRn9PdjDhh8JR0rgfgEcykNmRdVjQtJfwuj3BYT7XIi9JhOEGS\ntfvpKaECgYEA31gqFtL8zjp2Gp4GN5qnskz4GtkbWZ67DrXdKhkMaLFTWRtUu31M\nLdSVzKdZXuZZWx93nJwP9iuk2vyIQynmY8c8kwSxLD1vPlWWmk1UoS0vS+vIkUGP\nQrx3JoLKmY6P3p1mtb9/Bno5c5VHGEcSPDBJpOh3dITI05GYCC2jRCkCgYEA6R0l\n6S8hU+EZlIRzd3Hjwp/0M+vvSK7J1QdFx7brlUw2chD3UkQySA4mIGkHgIpM3rpw\nEpYHFNaUiw9pg7MUsQ5VQwNDlcAMW9AAnM7KVpbhcdIr1wjDq+tkh/+g5NSHKPBf\nlEksxaLIs8RBXtJJBeK/XyiIE+5ILcpa3G9h1NUCgYBtGdZFm/9ehnRXAEatNuEg\nWjUAeHnBx6Y8w14sSFwlcCn050L263ghEy2x8TXZA9E2kCKP4DRz3lIDn0S4+mjO\n6O6QKsSZhdEntAuDiK8EpNvrzFwHiO0Afqv9pfpuFJP2/RDFS6wzb9VMvukh1OX1\nfOkco2pnAs5Pe1m29QRCMQKBgH+qyvxuJ158xTmlYGdmJEqOt3tIF4BC2Z6loP3D\nnDnjx12pFQok9zSnKxJM8yLem0LP8Fj9eVtcOXX/NtY92XMuWludCgKVby9JN0yp\no/7QGx/u7ruRvTgGbsRcp40rJ+qv2minurFyeWCadwKrP/rNN+mxlPT1ZupNDH31\nMisRAoGBAKOML92uxo+bxJa3sbJ+tGtytKv/RnCTEzVHfA3Cz8gnIDlVCrMTfk81\nBBePZmcJwJxu/+zrozz0EWj9CvNQCjd2UBL1ZK2pebHMA3459PpSOcJHO76pEjXv\nlO6ldlwENNbL+XcFzVJDLCNlfv4rEp9bT0/1kfRsTFDQgRYT/jbQ\n-----END RSA PRIVATE KEY-----\n","private_key_pem_pkcs8":"-----BEGIN PRIVATE KEY-----\nMIIEvQIBADANBgkqhkiG9w0BAQEFAASCBKcwggSjAgEAAoIBAQDLYKxeuQ/c4Lok\n8Kxg98p8afSnc58VPNhjmAi1wVhH6jQtmGd95RGlJcnTSK1TajbbKVaLajYp5qkL\n3Ls+TOlgomFCb3yD9XEOyF3c5pBcdbtoqwBt5UkoR5Qcn52DOb04zHgSE1mZIvzJ\nVi3ApG3UiffIx7rpug+Few9TATofkjvjnK5N00L/SHb5ck+hA4m/iqKhY7J3gUYA\nc/5+L4ESAKC6pDL60rDhTaQkoSvNAK/Iq6BZTmbg+ojaCUuuuQ4WicTynQQtCskr\nEr4mgch2ZYzOlWSDRkcPwLDWm07I5QFpnMmqPB5La4ZHyw4BhkZluRoaIxybzFyM\nVz/H0qodAgMBAAECggEAKp3uYMb8yPcaaoU4SfWCq8F0L+atjkC6w1vnb1a9jgxI\ntMk73oiywt2BRlHzaAhYyGIILZyrDuqzv7WYUvzA5qwAH3DHMcurzkI0UQbLd2SA\nSfWTWHP0eYlOQxU7Z3Ug7pcCDh+Z5doMCJCTc8vA7AmhL6SSyUlg2UKpOmaGbHjT\nh2hwGZMx+iYNUkG1PIdRLbVZs1HCblnhqWOBebxOLmqcY4CbBEFfP1r/dzHmDnAy\nSD8s+F/EU5A7H96TyXO6mF+b4/YwMFEbtFVnPcjpHIVjAoQJdlGf092MOGHwlHSu\nB+ARzKQ2ZF1WNC0l/C6PcFhPtciL0mE4QZK1++kpoQKBgQDfWCoW0vzOOnYangY3\nmqeyTPga2RtZnrsOtd0qGQxosVNZG1S7fUwt1JXMp1le5llbH3ecnA/2K6Ta/IhD\nKeZjxzyTBLEsPW8+VZaaTVShLS9L68iRQY9CvHcmgsqZjo/enWa1v38GejlzlUcY\nRxI8MEmk6Hd0hMjTkZgILaNEKQKBgQDpHSXpLyFT4RmUhHN3cePCn/Qz6+9IrsnV\nB0XHtuuVTDZyEPdSRDJIDiYgaQeAikzeunASlgcU1pSLD2mDsxSxDlVDA0OVwAxb\n0ACczspWluFx0ivXCMOr62SH/6Dk1Ico8F+USSzFosizxEFe0kkF4r9fKIgT7kgt\nylrcb2HU1QKBgG0Z1kWb/16GdFcARq024SBaNQB4ecHHpjzDXixIXCVwKfTnQvbr\neCETLbHxNdkD0TaQIo/gNHPeUgOfRLj6aM7o7pAqxJmF0Se0C4OIrwSk2+vMXAeI\n7QB+q/2l+m4Uk/b9EMVLrDNv1Uy+6SHU5fV86RyjamcCzk97Wbb1BEIxAoGAf6rK\n/G4nXnzFOaVgZ2YkSo63e0gXgELZnqWg/cOcOePHXakVCiT3NKcrEkzzIt6bQs/w\nWP15W1w5df821j3Zcy5aW50KApVvL0k3TKmj/tAbH+7uu5G9OAZuxFynjSsn6q/a\naKe6sXJ5YJp3Aqs/+s036bGU9PVm6k0MffUyKxECgYEAo4wv3a7Gj5vElrexsn60\na3K0q/9GcJMTNUd8DcLPyCcgOVUKsxN+TzUEF49mZwnAnG7/7OujPPQRaP0K81AK\nN3ZQEvVkral5scwDfjn0+lI5wkc7vqkSNe+U7qV2XAQ01sv5dwXNUkMsI2V+/isS\nn1tPT/WR9GxMUNCBFhP+NtA=\n-----END PRIVATE KEY-----\n","public_key_fingerprint_md5":"f4:d8:74:5a:45:54:22:6a:47:1a:f6:5d:a7:87:b8:09","public_key_fingerprint_sha256":"SHA256:YQgU1+fnPzyLAa/YCtEuTUwdicSJLnfojqpXdWfaVNM","public_key_openssh":"ssh-rsa AAAAB3NzaC1yc2EAAAADAQABAAABAQDLYKxeuQ/c4Lok8Kxg98p8afSnc58VPNhjmAi1wVhH6jQtmGd95RGlJcnTSK1TajbbKVaLajYp5qkL3Ls+TOlgomFCb3yD9XEOyF3c5pBcdbtoqwBt5UkoR5Qcn52DOb04zHgSE1mZIvzJVi3ApG3UiffIx7rpug+Few9TATofkjvjnK5N00L/SHb5ck+hA4m/iqKhY7J3gUYAc/5+L4ESAKC6pDL60rDhTaQkoSvNAK/Iq6BZTmbg+ojaCUuuuQ4WicTynQQtCskrEr4mgch2ZYzOlWSDRkcPwLDWm07I5QFpnMmqPB5La4ZHyw4BhkZluRoaIxybzFyMVz/H0qod\n","public_key_pem":"-----BEGIN PUBLIC KEY-----\nMIIBIjANBgkqhkiG9w0BAQEFAAOCAQ8AMIIBCgKCAQEAy2CsXrkP3OC6JPCsYPfK\nfGn0p3OfFTzYY5gItcFYR+o0LZhnfeURpSXJ00itU2o22ylWi2o2KeapC9y7Pkzp\nYKJhQm98g/VxDshd3OaQXHW7aKsAbeVJKEeUHJ+dgzm9OMx4EhNZmSL8yVYtwKRt\n1In3yMe66boPhXsPUwE6H5I745yuTdNC/0h2+XJPoQOJv4qioWOyd4FGAHP+fi+B\nEgCguqQy+tKw4U2kJKErzQCvyKugWU5m4PqI2glLrrkOFonE8p0ELQrJKxK+JoHI\ndmWMzpVkg0ZHD8Cw1ptOyOUBaZzJqjweS2uGR8sOAYZGZbkaGiMcm8xcjFc/x9Kq\nHQIDAQAB\n-----END PUBLIC KEY-----\n","rsa_bits":2048},"after_unknown":{},"before_sensitive":{"private_key_openssh":true,"private_key_pem":true,"private_key_pem_pkcs8":true},"after_sensitive":{"private_key_openssh":true,"private_key_pem":true,"private_key_pem_pkcs8":true}}}],"prior_state":{"format_version":"1.0","terraform_version":"1.6.6","values":{"root_module":{"resources":[{"address":"aws_instance.my_ec2","mode":"managed","type":"aws_instance","name":"my_ec2","provider_name":"registry.terraform.io/hashicorp/aws","schema_version":1,"values":{"ami":"ami-0c02fb55956c7d316","arn":"arn:aws:ec2:us-east-1:303057168699:instance/i-02a22358807a290f7","associate_public_ip_address":true,"availability_zone":"us-east-1c","capacity_reservation_specification":[{"capacity_reservation_preference":"open","capacity_reservation_target":[]}],"cpu_core_count":1,"cpu_options":[{"amd_sev_snp":"","core_count":1,"threads_per_core":2}],"cpu_threads_per_core":2,"credit_specification":[{"cpu_credits":"unlimited"}],"disable_api_stop":false,"disable_api_termination":false,"ebs_block_device":[],"ebs_optimized":false,"enclave_options":[{"enabled":false}],"ephemeral_block_device":[],"get_password_data":false,"hibernation":false,"host_id":"","host_resource_group_arn":null,"iam_instance_profile":"","id":"i-02a22358807a290f7","instance_initiated_shutdown_behavior":"stop","instance_lifecycle":"","instance_market_options":[],"instance_state":"running","instance_type":"t3.medium","ipv6_address_count":0,"ipv6_addresses":[],"key_name":"my-generated-key","launch_template":[],"maintenance_options":[{"auto_recovery":"default"}],"metadata_options":[{"http_endpoint":"enabled","http_protocol_ipv6":"disabled","http_put_response_hop_limit":1,"http_tokens":"optional","instance_metadata_tags":"disabled"}],"monitoring":false,"network_interface":[],"outpost_arn":"","password_data":"","placement_group":"","placement_partition_number":0,"primary_network_interface_id":"eni-0b92d61865fe99611","private_dns":"ip-172-31-24-176.ec2.internal","private_dns_name_options":[{"enable_resource_name_dns_a_record":false,"enable_resource_name_dns_aaaa_record":false,"hostname_type":"ip-name"}],"private_ip":"172.31.24.176","public_dns":"ec2-50-16-149-248.compute-1.amazonaws.com","public_ip":"50.16.149.248","root_block_device":[{"delete_on_termination":true,"device_name":"/dev/xvda","encrypted":false,"iops":100,"kms_key_id":"","tags":{},"tags_all":{},"throughput":0,"volume_id":"vol-08cea9e484d529482","volume_size":8,"volume_type":"gp2"}],"secondary_private_ips":[],"security_groups":["allow_ssh"],"source_dest_check":true,"spot_instance_request_id":"","subnet_id":"subnet-0ddd71c58e4a455a2","tags":{"Name":"MyEC2Instance"},"tags_all":{"Name":"MyEC2Instance"},"tenancy":"default","timeouts":null,"user_data":"7b12f401d86cd040b8e2d1b166ea99eda0d0029a","user_data_base64":null,"user_data_replace_on_change":false,"volume_tags":null,"vpc_security_group_ids":["sg-03138d022930244d0"]},"sensitive_values":{"capacity_reservation_specification":[{"capacity_reservation_target":[]}],"cpu_options":[{}],"credit_specification":[{}],"ebs_block_device":[],"enclave_options":[{}],"ephemeral_block_device":[],"instance_market_options":[],"ipv6_addresses":[],"launch_template":[],"maintenance_options":[{}],"metadata_options":[{}],"network_interface":[],"private_dns_name_options":[{}],"root_block_device":[{"tags":{},"tags_all":{}}],"secondary_private_ips":[],"security_groups":[false],"tags":{},"tags_all":{},"vpc_security_group_ids":[false]},"depends_on":["aws_key_pair.deployed_key","aws_security_group.my_security_group","tls_private_key.ec2_key_pair"]},{"address":"aws_key_pair.deployed_key","mode":"managed","type":"aws_key_pair","name":"deployed_key","provider_name":"registry.terraform.io/hashicorp/aws","schema_version":1,"values":{"arn":"arn:aws:ec2:us-east-1:303057168699:key-pair/my-generated-key","fingerprint":"65:8e:4e:db:8c:0f:dc:d2:24:be:6e:d0:fb:36:aa:f9","id":"my-generated-key","key_name":"my-generated-key","key_name_prefix":"","key_pair_id":"key-0fa19f6024dcf1815","key_type":"rsa","public_key":"ssh-rsa AAAAB3NzaC1yc2EAAAADAQABAAABAQDLYKxeuQ/c4Lok8Kxg98p8afSnc58VPNhjmAi1wVhH6jQtmGd95RGlJcnTSK1TajbbKVaLajYp5qkL3Ls+TOlgomFCb3yD9XEOyF3c5pBcdbtoqwBt5UkoR5Qcn52DOb04zHgSE1mZIvzJVi3ApG3UiffIx7rpug+Few9TATofkjvjnK5N00L/SHb5ck+hA4m/iqKhY7J3gUYAc/5+L4ESAKC6pDL60rDhTaQkoSvNAK/Iq6BZTmbg+ojaCUuuuQ4WicTynQQtCskrEr4mgch2ZYzOlWSDRkcPwLDWm07I5QFpnMmqPB5La4ZHyw4BhkZluRoaIxybzFyMVz/H0qod","tags":{},"tags_all":{}},"sensitive_values":{"tags":{},"tags_all":{}},"depends_on":["tls_private_key.ec2_key_pair"]},{"address":"aws_security_group.my_security_group","mode":"managed","type":"aws_security_group","name":"my_security_group","provider_name":"registry.terraform.io/hashicorp/aws","schema_version":1,"values":{"arn":"arn:aws:ec2:us-east-1:303057168699:security-group/sg-03138d022930244d0","description":"Allow SSH inbound traffic","egress":[{"cidr_blocks":["0.0.0.0/0"],"description":"","from_port":0,"ipv6_cidr_blocks":[],"prefix_list_ids":[],"protocol":"-1","security_groups":[],"self":false,"to_port":0}],"id":"sg-03138d022930244d0","ingress":[{"cidr_blocks":["0.0.0.0/0"],"description":"","from_port":22,"ipv6_cidr_blocks":[],"prefix_list_ids":[],"protocol":"tcp","security_groups":[],"self":false,"to_port":22}],"name":"allow_ssh","name_prefix":"","owner_id":"303057168699","revoke_rules_on_delete":false,"tags":{},"tags_all":{},"timeouts":null,"vpc_id":"vpc-080449fdc460c49c5"},"sensitive_values":{"egress":[{"cidr_blocks":[false],"ipv6_cidr_blocks":[],"prefix_list_ids":[],"security_groups":[]}],"ingress":[{"cidr_blocks":[false],"ipv6_cidr_blocks":[],"prefix_list_ids":[],"security_groups":[]}],"tags":{},"tags_all":{}}},{"address":"local_file.private_key","mode":"managed","type":"local_file","name":"private_key","provider_name":"registry.terraform.io/hashicorp/local","schema_version":0,"values":{"content":"-----BEGIN RSA PRIVATE KEY-----\nMIIEowIBAAKCAQEAy2CsXrkP3OC6JPCsYPfKfGn0p3OfFTzYY5gItcFYR+o0LZhn\nfeURpSXJ00itU2o22ylWi2o2KeapC9y7PkzpYKJhQm98g/VxDshd3OaQXHW7aKsA\nbeVJKEeUHJ+dgzm9OMx4EhNZmSL8yVYtwKRt1In3yMe66boPhXsPUwE6H5I745yu\nTdNC/0h2+XJPoQOJv4qioWOyd4FGAHP+fi+BEgCguqQy+tKw4U2kJKErzQCvyKug\nWU5m4PqI2glLrrkOFonE8p0ELQrJKxK+JoHIdmWMzpVkg0ZHD8Cw1ptOyOUBaZzJ\nqjweS2uGR8sOAYZGZbkaGiMcm8xcjFc/x9KqHQIDAQABAoIBACqd7mDG/Mj3GmqF\nOEn1gqvBdC/mrY5AusNb529WvY4MSLTJO96IssLdgUZR82gIWMhiCC2cqw7qs7+1\nmFL8wOasAB9wxzHLq85CNFEGy3dkgEn1k1hz9HmJTkMVO2d1IO6XAg4fmeXaDAiQ\nk3PLwOwJoS+kkslJYNlCqTpmhmx404docBmTMfomDVJBtTyHUS21WbNRwm5Z4alj\ngXm8Ti5qnGOAmwRBXz9a/3cx5g5wMkg/LPhfxFOQOx/ek8lzuphfm+P2MDBRG7RV\nZz3I6RyFYwKECXZRn9PdjDhh8JR0rgfgEcykNmRdVjQtJfwuj3BYT7XIi9JhOEGS\ntfvpKaECgYEA31gqFtL8zjp2Gp4GN5qnskz4GtkbWZ67DrXdKhkMaLFTWRtUu31M\nLdSVzKdZXuZZWx93nJwP9iuk2vyIQynmY8c8kwSxLD1vPlWWmk1UoS0vS+vIkUGP\nQrx3JoLKmY6P3p1mtb9/Bno5c5VHGEcSPDBJpOh3dITI05GYCC2jRCkCgYEA6R0l\n6S8hU+EZlIRzd3Hjwp/0M+vvSK7J1QdFx7brlUw2chD3UkQySA4mIGkHgIpM3rpw\nEpYHFNaUiw9pg7MUsQ5VQwNDlcAMW9AAnM7KVpbhcdIr1wjDq+tkh/+g5NSHKPBf\nlEksxaLIs8RBXtJJBeK/XyiIE+5ILcpa3G9h1NUCgYBtGdZFm/9ehnRXAEatNuEg\nWjUAeHnBx6Y8w14sSFwlcCn050L263ghEy2x8TXZA9E2kCKP4DRz3lIDn0S4+mjO\n6O6QKsSZhdEntAuDiK8EpNvrzFwHiO0Afqv9pfpuFJP2/RDFS6wzb9VMvukh1OX1\nfOkco2pnAs5Pe1m29QRCMQKBgH+qyvxuJ158xTmlYGdmJEqOt3tIF4BC2Z6loP3D\nnDnjx12pFQok9zSnKxJM8yLem0LP8Fj9eVtcOXX/NtY92XMuWludCgKVby9JN0yp\no/7QGx/u7ruRvTgGbsRcp40rJ+qv2minurFyeWCadwKrP/rNN+mxlPT1ZupNDH31\nMisRAoGBAKOML92uxo+bxJa3sbJ+tGtytKv/RnCTEzVHfA3Cz8gnIDlVCrMTfk81\nBBePZmcJwJxu/+zrozz0EWj9CvNQCjd2UBL1ZK2pebHMA3459PpSOcJHO76pEjXv\nlO6ldlwENNbL+XcFzVJDLCNlfv4rEp9bT0/1kfRsTFDQgRYT/jbQ\n-----END RSA PRIVATE KEY-----\n","content_base64":null,"content_base64sha256":"MHPLmi0lmzra5MSVNf2Ai1BXU58Cv7sgd3W0SqH6WR4=","content_base64sha512":"NxfGzHYCHKMYfDEayqd+3Rb6xcv1nvwe4ggivJt5nEzrK/8BidXzizJho2gciYC3sCEmvTMXBSdi8JL95IXk+w==","content_md5":"faf503fd8e412f890a7b1482c324330a","content_sha1":"3d6c58f400838e437bddf31ad55890b414f187a0","content_sha256":"3073cb9a2d259b3adae4c49535fd808b5057539f02bfbb207775b44aa1fa591e","content_sha512":"3717c6cc76021ca3187c311acaa77edd16fac5cbf59efc1ee20822bc9b799c4ceb2bff0189d5f38b3261a3681c8980b7b02126bd3317052762f092fde485e4fb","directory_permission":"0777","file_permission":"0400","filename":"./config/my-generated-key.pem","id":"3d6c58f400838e437bddf31ad55890b414f187a0","sensitive_content":null,"source":null},"sensitive_values":{"content":true,"sensitive_content":true},"depends_on":["tls_private_key.ec2_key_pair"]},{"address":"tls_private_key.ec2_key_pair","mode":"managed","type":"tls_private_key","name":"ec2_key_pair","provider_name":"registry.terraform.io/hashicorp/tls","schema_version":1,"values":{"algorithm":"RSA","ecdsa_curve":"P224","id":"45ec664f22e27e0401adc08dec4714f68ea76b14","private_key_openssh":"-----BEGIN OPENSSH PRIVATE KEY-----\nb3BlbnNzaC1rZXktdjEAAAAABG5vbmUAAAAEbm9uZQAAAAAAAAABAAABFwAAAAdz\nc2gtcnNhAAAAAwEAAQAAAQEAy2CsXrkP3OC6JPCsYPfKfGn0p3OfFTzYY5gItcFY\nR+o0LZhnfeURpSXJ00itU2o22ylWi2o2KeapC9y7PkzpYKJhQm98g/VxDshd3OaQ\nXHW7aKsAbeVJKEeUHJ+dgzm9OMx4EhNZmSL8yVYtwKRt1In3yMe66boPhXsPUwE6\nH5I745yuTdNC/0h2+XJPoQOJv4qioWOyd4FGAHP+fi+BEgCguqQy+tKw4U2kJKEr\nzQCvyKugWU5m4PqI2glLrrkOFonE8p0ELQrJKxK+JoHIdmWMzpVkg0ZHD8Cw1ptO\nyOUBaZzJqjweS2uGR8sOAYZGZbkaGiMcm8xcjFc/x9KqHQAAA7iREXnokRF56AAA\nAAdzc2gtcnNhAAABAQDLYKxeuQ/c4Lok8Kxg98p8afSnc58VPNhjmAi1wVhH6jQt\nmGd95RGlJcnTSK1TajbbKVaLajYp5qkL3Ls+TOlgomFCb3yD9XEOyF3c5pBcdbto\nqwBt5UkoR5Qcn52DOb04zHgSE1mZIvzJVi3ApG3UiffIx7rpug+Few9TATofkjvj\nnK5N00L/SHb5ck+hA4m/iqKhY7J3gUYAc/5+L4ESAKC6pDL60rDhTaQkoSvNAK/I\nq6BZTmbg+ojaCUuuuQ4WicTynQQtCskrEr4mgch2ZYzOlWSDRkcPwLDWm07I5QFp\nnMmqPB5La4ZHyw4BhkZluRoaIxybzFyMVz/H0qodAAAAAwEAAQAAAQAqne5gxvzI\n9xpqhThJ9YKrwXQv5q2OQLrDW+dvVr2ODEi0yTveiLLC3YFGUfNoCFjIYggtnKsO\n6rO/tZhS/MDmrAAfcMcxy6vOQjRRBst3ZIBJ9ZNYc/R5iU5DFTtndSDulwIOH5nl\n2gwIkJNzy8DsCaEvpJLJSWDZQqk6ZoZseNOHaHAZkzH6Jg1SQbU8h1EttVmzUcJu\nWeGpY4F5vE4uapxjgJsEQV8/Wv93MeYOcDJIPyz4X8RTkDsf3pPJc7qYX5vj9jAw\nURu0VWc9yOkchWMChAl2UZ/T3Yw4YfCUdK4H4BHMpDZkXVY0LSX8Lo9wWE+1yIvS\nYThBkrX76SmhAAAAgQCjjC/drsaPm8SWt7GyfrRrcrSr/0ZwkxM1R3wNws/IJyA5\nVQqzE35PNQQXj2ZnCcCcbv/s66M89BFo/QrzUAo3dlAS9WStqXmxzAN+OfT6UjnC\nRzu+qRI175TupXZcBDTWy/l3Bc1SQywjZX7+KxKfW09P9ZH0bExQ0IEWE/420AAA\nAIEA31gqFtL8zjp2Gp4GN5qnskz4GtkbWZ67DrXdKhkMaLFTWRtUu31MLdSVzKdZ\nXuZZWx93nJwP9iuk2vyIQynmY8c8kwSxLD1vPlWWmk1UoS0vS+vIkUGPQrx3JoLK\nmY6P3p1mtb9/Bno5c5VHGEcSPDBJpOh3dITI05GYCC2jRCkAAACBAOkdJekvIVPh\nGZSEc3dx48Kf9DPr70iuydUHRce265VMNnIQ91JEMkgOJiBpB4CKTN66cBKWBxTW\nlIsPaYOzFLEOVUMDQ5XADFvQAJzOylaW4XHSK9cIw6vrZIf/oOTUhyjwX5RJLMWi\nyLPEQV7SSQXiv18oiBPuSC3KWtxvYdTVAAAAAAEC\n-----END OPENSSH PRIVATE KEY-----\n","private_key_pem":"-----BEGIN RSA PRIVATE KEY-----\nMIIEowIBAAKCAQEAy2CsXrkP3OC6JPCsYPfKfGn0p3OfFTzYY5gItcFYR+o0LZhn\nfeURpSXJ00itU2o22ylWi2o2KeapC9y7PkzpYKJhQm98g/VxDshd3OaQXHW7aKsA\nbeVJKEeUHJ+dgzm9OMx4EhNZmSL8yVYtwKRt1In3yMe66boPhXsPUwE6H5I745yu\nTdNC/0h2+XJPoQOJv4qioWOyd4FGAHP+fi+BEgCguqQy+tKw4U2kJKErzQCvyKug\nWU5m4PqI2glLrrkOFonE8p0ELQrJKxK+JoHIdmWMzpVkg0ZHD8Cw1ptOyOUBaZzJ\nqjweS2uGR8sOAYZGZbkaGiMcm8xcjFc/x9KqHQIDAQABAoIBACqd7mDG/Mj3GmqF\nOEn1gqvBdC/mrY5AusNb529WvY4MSLTJO96IssLdgUZR82gIWMhiCC2cqw7qs7+1\nmFL8wOasAB9wxzHLq85CNFEGy3dkgEn1k1hz9HmJTkMVO2d1IO6XAg4fmeXaDAiQ\nk3PLwOwJoS+kkslJYNlCqTpmhmx404docBmTMfomDVJBtTyHUS21WbNRwm5Z4alj\ngXm8Ti5qnGOAmwRBXz9a/3cx5g5wMkg/LPhfxFOQOx/ek8lzuphfm+P2MDBRG7RV\nZz3I6RyFYwKECXZRn9PdjDhh8JR0rgfgEcykNmRdVjQtJfwuj3BYT7XIi9JhOEGS\ntfvpKaECgYEA31gqFtL8zjp2Gp4GN5qnskz4GtkbWZ67DrXdKhkMaLFTWRtUu31M\nLdSVzKdZXuZZWx93nJwP9iuk2vyIQynmY8c8kwSxLD1vPlWWmk1UoS0vS+vIkUGP\nQrx3JoLKmY6P3p1mtb9/Bno5c5VHGEcSPDBJpOh3dITI05GYCC2jRCkCgYEA6R0l\n6S8hU+EZlIRzd3Hjwp/0M+vvSK7J1QdFx7brlUw2chD3UkQySA4mIGkHgIpM3rpw\nEpYHFNaUiw9pg7MUsQ5VQwNDlcAMW9AAnM7KVpbhcdIr1wjDq+tkh/+g5NSHKPBf\nlEksxaLIs8RBXtJJBeK/XyiIE+5ILcpa3G9h1NUCgYBtGdZFm/9ehnRXAEatNuEg\nWjUAeHnBx6Y8w14sSFwlcCn050L263ghEy2x8TXZA9E2kCKP4DRz3lIDn0S4+mjO\n6O6QKsSZhdEntAuDiK8EpNvrzFwHiO0Afqv9pfpuFJP2/RDFS6wzb9VMvukh1OX1\nfOkco2pnAs5Pe1m29QRCMQKBgH+qyvxuJ158xTmlYGdmJEqOt3tIF4BC2Z6loP3D\nnDnjx12pFQok9zSnKxJM8yLem0LP8Fj9eVtcOXX/NtY92XMuWludCgKVby9JN0yp\no/7QGx/u7ruRvTgGbsRcp40rJ+qv2minurFyeWCadwKrP/rNN+mxlPT1ZupNDH31\nMisRAoGBAKOML92uxo+bxJa3sbJ+tGtytKv/RnCTEzVHfA3Cz8gnIDlVCrMTfk81\nBBePZmcJwJxu/+zrozz0EWj9CvNQCjd2UBL1ZK2pebHMA3459PpSOcJHO76pEjXv\nlO6ldlwENNbL+XcFzVJDLCNlfv4rEp9bT0/1kfRsTFDQgRYT/jbQ\n-----END RSA PRIVATE KEY-----\n","private_key_pem_pkcs8":"-----BEGIN PRIVATE KEY-----\nMIIEvQIBADANBgkqhkiG9w0BAQEFAASCBKcwggSjAgEAAoIBAQDLYKxeuQ/c4Lok\n8Kxg98p8afSnc58VPNhjmAi1wVhH6jQtmGd95RGlJcnTSK1TajbbKVaLajYp5qkL\n3Ls+TOlgomFCb3yD9XEOyF3c5pBcdbtoqwBt5UkoR5Qcn52DOb04zHgSE1mZIvzJ\nVi3ApG3UiffIx7rpug+Few9TATofkjvjnK5N00L/SHb5ck+hA4m/iqKhY7J3gUYA\nc/5+L4ESAKC6pDL60rDhTaQkoSvNAK/Iq6BZTmbg+ojaCUuuuQ4WicTynQQtCskr\nEr4mgch2ZYzOlWSDRkcPwLDWm07I5QFpnMmqPB5La4ZHyw4BhkZluRoaIxybzFyM\nVz/H0qodAgMBAAECggEAKp3uYMb8yPcaaoU4SfWCq8F0L+atjkC6w1vnb1a9jgxI\ntMk73oiywt2BRlHzaAhYyGIILZyrDuqzv7WYUvzA5qwAH3DHMcurzkI0UQbLd2SA\nSfWTWHP0eYlOQxU7Z3Ug7pcCDh+Z5doMCJCTc8vA7AmhL6SSyUlg2UKpOmaGbHjT\nh2hwGZMx+iYNUkG1PIdRLbVZs1HCblnhqWOBebxOLmqcY4CbBEFfP1r/dzHmDnAy\nSD8s+F/EU5A7H96TyXO6mF+b4/YwMFEbtFVnPcjpHIVjAoQJdlGf092MOGHwlHSu\nB+ARzKQ2ZF1WNC0l/C6PcFhPtciL0mE4QZK1++kpoQKBgQDfWCoW0vzOOnYangY3\nmqeyTPga2RtZnrsOtd0qGQxosVNZG1S7fUwt1JXMp1le5llbH3ecnA/2K6Ta/IhD\nKeZjxzyTBLEsPW8+VZaaTVShLS9L68iRQY9CvHcmgsqZjo/enWa1v38GejlzlUcY\nRxI8MEmk6Hd0hMjTkZgILaNEKQKBgQDpHSXpLyFT4RmUhHN3cePCn/Qz6+9IrsnV\nB0XHtuuVTDZyEPdSRDJIDiYgaQeAikzeunASlgcU1pSLD2mDsxSxDlVDA0OVwAxb\n0ACczspWluFx0ivXCMOr62SH/6Dk1Ico8F+USSzFosizxEFe0kkF4r9fKIgT7kgt\nylrcb2HU1QKBgG0Z1kWb/16GdFcARq024SBaNQB4ecHHpjzDXixIXCVwKfTnQvbr\neCETLbHxNdkD0TaQIo/gNHPeUgOfRLj6aM7o7pAqxJmF0Se0C4OIrwSk2+vMXAeI\n7QB+q/2l+m4Uk/b9EMVLrDNv1Uy+6SHU5fV86RyjamcCzk97Wbb1BEIxAoGAf6rK\n/G4nXnzFOaVgZ2YkSo63e0gXgELZnqWg/cOcOePHXakVCiT3NKcrEkzzIt6bQs/w\nWP15W1w5df821j3Zcy5aW50KApVvL0k3TKmj/tAbH+7uu5G9OAZuxFynjSsn6q/a\naKe6sXJ5YJp3Aqs/+s036bGU9PVm6k0MffUyKxECgYEAo4wv3a7Gj5vElrexsn60\na3K0q/9GcJMTNUd8DcLPyCcgOVUKsxN+TzUEF49mZwnAnG7/7OujPPQRaP0K81AK\nN3ZQEvVkral5scwDfjn0+lI5wkc7vqkSNe+U7qV2XAQ01sv5dwXNUkMsI2V+/isS\nn1tPT/WR9GxMUNCBFhP+NtA=\n-----END PRIVATE KEY-----\n","public_key_fingerprint_md5":"f4:d8:74:5a:45:54:22:6a:47:1a:f6:5d:a7:87:b8:09","public_key_fingerprint_sha256":"SHA256:YQgU1+fnPzyLAa/YCtEuTUwdicSJLnfojqpXdWfaVNM","public_key_openssh":"ssh-rsa AAAAB3NzaC1yc2EAAAADAQABAAABAQDLYKxeuQ/c4Lok8Kxg98p8afSnc58VPNhjmAi1wVhH6jQtmGd95RGlJcnTSK1TajbbKVaLajYp5qkL3Ls+TOlgomFCb3yD9XEOyF3c5pBcdbtoqwBt5UkoR5Qcn52DOb04zHgSE1mZIvzJVi3ApG3UiffIx7rpug+Few9TATofkjvjnK5N00L/SHb5ck+hA4m/iqKhY7J3gUYAc/5+L4ESAKC6pDL60rDhTaQkoSvNAK/Iq6BZTmbg+ojaCUuuuQ4WicTynQQtCskrEr4mgch2ZYzOlWSDRkcPwLDWm07I5QFpnMmqPB5La4ZHyw4BhkZluRoaIxybzFyMVz/H0qod\n","public_key_pem":"-----BEGIN PUBLIC KEY-----\nMIIBIjANBgkqhkiG9w0BAQEFAAOCAQ8AMIIBCgKCAQEAy2CsXrkP3OC6JPCsYPfK\nfGn0p3OfFTzYY5gItcFYR+o0LZhnfeURpSXJ00itU2o22ylWi2o2KeapC9y7Pkzp\nYKJhQm98g/VxDshd3OaQXHW7aKsAbeVJKEeUHJ+dgzm9OMx4EhNZmSL8yVYtwKRt\n1In3yMe66boPhXsPUwE6H5I745yuTdNC/0h2+XJPoQOJv4qioWOyd4FGAHP+fi+B\nEgCguqQy+tKw4U2kJKErzQCvyKugWU5m4PqI2glLrrkOFonE8p0ELQrJKxK+JoHI\ndmWMzpVkg0ZHD8Cw1ptOyOUBaZzJqjweS2uGR8sOAYZGZbkaGiMcm8xcjFc/x9Kq\nHQIDAQAB\n-----END PUBLIC KEY-----\n","rsa_bits":2048},"sensitive_values":{"private_key_openssh":true,"private_key_pem":true,"private_key_pem_pkcs8":true}}]}}},"configuration":{"provider_config":{"aws":{"name":"aws","full_name":"registry.terraform.io/hashicorp/aws","expressions":{"region":{"constant_value":"us-east-1"}}},"local":{"name":"local","full_name":"registry.terraform.io/hashicorp/local"},"tls":{"name":"tls","full_name":"registry.terraform.io/hashicorp/tls"}},"root_module":{"resources":[{"address":"aws_ebs_volume.costiac_ebs_volume","mode":"managed","type":"aws_ebs_volume","name":"costiac_ebs_volume","provider_config_key":"aws","expressions":{"availability_zone":{"constant_value":"us-east-1a"},"size":{"constant_value":100},"tags":{"constant_value":{"Name":"costiac-ebs-volume"}}},"schema_version":0},{"address":"aws_efs_file_system.costiac_efs","mode":"managed","type":"aws_efs_file_system","name":"costiac_efs","provider_config_key":"aws","expressions":{"tags":{"constant_value":{"Name":"costiac-efs"}}},"schema_version":0},{"address":"aws_efs_mount_target.costiac_efs_mount_target","mode":"managed","type":"aws_efs_mount_target","name":"costiac_efs_mount_target","provider_config_key":"aws","expressions":{"file_system_id":{"references":["aws_efs_file_system.costiac_efs.id","aws_efs_file_system.costiac_efs"]},"security_groups":{"references":["aws_security_group.costiac_sg.id","aws_security_group.costiac_sg"]},"subnet_id":{"references":["aws_subnet.costiac_public_subnet_2.id","aws_subnet.costiac_public_subnet_2"]}},"schema_version":0},{"address":"aws_instance.costiac_instance_1","mode":"managed","type":"aws_instance","name":"costiac_instance_1","provider_config_key":"aws","expressions":{"ami":{"constant_value":"ami-0c02fb55956c7d316"},"ebs_block_device":[{"device_name":{"constant_value":"/dev/sdh"},"volume_id":{"references":["aws_ebs_volume.costiac_ebs_volume.id","aws_ebs_volume.costiac_ebs_volume"]}}],"instance_type":{"constant_value":"t2.micro"},"root_block_device":[{"volume_size":{"constant_value":8}}],"security_groups":{"references":["aws_security_group.costiac_sg.id","aws_security_group.costiac_sg"]},"subnet_id":{"references":["aws_subnet.costiac_public_subnet_1.id","aws_subnet.costiac_public_subnet_1"]},"tags":{"constant_value":{"Name":"costiac-instance-1"}},"user_data":{"constant_value":"#!/bin/bash\r\nyum install -y amazon-ssm-agent\r\nsystemctl enable amazon-ssm-agent\r\nsystemctl start amazon-ssm-agent\r\n"}},"schema_version":1},{"address":"aws_instance.costiac_instance_2","mode":"managed","type":"aws_instance","name":"costiac_instance_2","provider_config_key":"aws","expressions":{"ami":{"constant_value":"ami-0c02fb55956c7d316"},"instance_type":{"constant_value":"t2.micro"},"root_block_device":[{"volume_size":{"constant_value":8}}],"security_groups":{"references":["aws_security_group.costiac_sg.id","aws_security_group.costiac_sg"]},"subnet_id":{"references":["aws_subnet.costiac_public_subnet_2.id","aws_subnet.costiac_public_subnet_2"]},"tags":{"constant_value":{"Name":"costiac-instance-2"}},"user_data":{"references":["aws_efs_file_system.costiac_efs.id","aws_efs_file_system.costiac_efs"]}},"schema_version":1},{"address":"aws_instance.my_ec2","mode":"managed","type":"aws_instance","name":"my_ec2","provider_config_key":"aws","expressions":{"ami":{"constant_value":"ami-0c02fb55956c7d316"},"instance_type":{"constant_value":"t3.medium"},"key_name":{"references":["aws_key_pair.deployed_key.key_name","aws_key_pair.deployed_key"]},"root_block_device":[{"volume_size":{"constant_value":8},"volume_type":{"constant_value":"gp2"}}],"tags":{"constant_value":{"Name":"costiac-PythonInstance"}},"user_data":{"constant_value":"#!/bin/bash\r\n\r\n# Archivo de log\r\nLOG_FILE=\"/var/log/user-data.log\"\r\n\r\n# Redirigir toda la salida a este archivo de log\r\nexec \u003e \u003e(tee -a \\$LOG_FILE /var/log/cloud-init-output.log) 2\u003e\u00261\r\n\r\necho \"User Data script started at $(date)\" | tee -a \\$LOG_FILE\r\n\r\n# Actualizar paquetes del sistema\r\necho \"Updating system packages...\" | tee -a \\$LOG_FILE\r\nsudo yum update -y | tee -a \\$LOG_FILE\r\n\r\n# Instalar Python3\r\necho \"Installing Python3...\" | tee -a \\$LOG_FILE\r\nsudo yum install -y python3 | tee -a \\$LOG_FILE\r\n\r\n# Instalar Git\r\necho \"Installing Git...\" | tee -a \\$LOG_FILE\r\nsudo yum install -y git | tee -a \\$LOG_FILE\r\n\r\n# Instalar JQ\r\necho \"Installing JQ...\" | tee -a \\$LOG_FILE\r\nsudo yum install -y jq | tee -a \\$LOG_FILE\r\n\r\necho \"User Data script finished at $(date)\" | tee -a \\$LOG_FILE\r\n"},"vpc_security_group_ids":{"references":["aws_security_group.my_security_group.id","aws_security_group.my_security_group"]}},"schema_version":1},{"address":"aws_internet_gateway.costiac_igw","mode":"managed","type":"aws_internet_gateway","name":"costiac_igw","provider_config_key":"aws","expressions":{"tags":{"constant_value":{"Name":"costiac-igw"}},"vpc_id":{"references":["aws_vpc.costiac_vpc.id","aws_vpc.costiac_vpc"]}},"schema_version":0},{"address":"aws_key_pair.deployed_key","mode":"managed","type":"aws_key_pair","name":"deployed_key","provider_config_key":"aws","expressions":{"key_name":{"constant_value":"my-generated-key"},"public_key":{"references":["tls_private_key.ec2_key_pair.public_key_openssh","tls_private_key.ec2_key_pair"]}},"schema_version":1},{"address":"aws_route_table.costiac_public_route_table","mode":"managed","type":"aws_route_table","name":"costiac_public_route_table","provider_config_key":"aws","expressions":{"route":{"references":["aws_internet_gateway.costiac_igw.id","aws_internet_gateway.costiac_igw"]},"tags":{"constant_value":{"Name":"costiac-public-route-table"}},"vpc_id":{"references":["aws_vpc.costiac_vpc.id","aws_vpc.costiac_vpc"]}},"schema_version":0},{"address":"aws_route_table_association.costiac_route_assoc_subnet_1","mode":"managed","type":"aws_route_table_association","name":"costiac_route_assoc_subnet_1","provider_config_key":"aws","expressions":{"route_table_id":{"references":["aws_route_table.costiac_public_route_table.id","aws_route_table.costiac_public_route_table"]},"subnet_id":{"references":["aws_subnet.costiac_public_subnet_1.id","aws_subnet.costiac_public_subnet_1"]}},"schema_version":0},{"address":"aws_route_table_association.costiac_route_assoc_subnet_2","mode":"managed","type":"aws_route_table_association","name":"costiac_route_assoc_subnet_2","provider_config_key":"aws","expressions":{"route_table_id":{"references":["aws_route_table.costiac_public_route_table.id","aws_route_table.costiac_public_route_table"]},"subnet_id":{"references":["aws_subnet.costiac_public_subnet_2.id","aws_subnet.costiac_public_subnet_2"]}},"schema_version":0},{"address":"aws_security_group.costiac_sg","mode":"managed","type":"aws_security_group","name":"costiac_sg","provider_config_key":"aws","expressions":{"egress":{"constant_value":[{"cidr_blocks":["0.0.0.0/0"],"description":null,"from_port":0,"ipv6_cidr_blocks":null,"prefix_list_ids":null,"protocol":"-1","security_groups":null,"self":null,"to_port":0}]},"ingress":{"constant_value":[{"cidr_blocks":["0.0.0.0/0"],"description":null,"from_port":22,"ipv6_cidr_blocks":null,"prefix_list_ids":null,"protocol":"tcp","security_groups":null,"self":null,"to_port":22},{"cidr_blocks":["0.0.0.0/0"],"description":null,"from_port":443,"ipv6_cidr_blocks":null,"prefix_list_ids":null,"protocol":"tcp","security_groups":null,"self":null,"to_port":443}]},"tags":{"constant_value":{"Name":"costiac-sg"}},"vpc_id":{"references":["aws_vpc.costiac_vpc.id","aws_vpc.costiac_vpc"]}},"schema_version":1},{"address":"aws_security_group.my_security_group","mode":"managed","type":"aws_security_group","name":"my_security_group","provider_config_key":"aws","expressions":{"description":{"constant_value":"Allow SSH inbound traffic"},"egress":{"constant_value":[{"cidr_blocks":["0.0.0.0/0"],"description":null,"from_port":0,"ipv6_cidr_blocks":null,"prefix_list_ids":null,"protocol":"-1","security_groups":null,"self":null,"to_port":0}]},"ingress":{"constant_value":[{"cidr_blocks":["0.0.0.0/0"],"description":null,"from_port":22,"ipv6_cidr_blocks":null,"prefix_list_ids":null,"protocol":"tcp","security_groups":null,"self":null,"to_port":22}]},"name":{"constant_value":"costiac_allow_ssh"}},"schema_version":1},{"address":"aws_subnet.costiac_public_subnet_1","mode":"managed","type":"aws_subnet","name":"costiac_public_subnet_1","provider_config_key":"aws","expressions":{"availability_zone":{"constant_value":"us-east-1a"},"cidr_block":{"constant_value":"10.0.1.0/24"},"map_public_ip_on_launch":{"constant_value":true},"tags":{"constant_value":{"Name":"costiac-public-subnet-1"}},"vpc_id":{"references":["aws_vpc.costiac_vpc.id","aws_vpc.costiac_vpc"]}},"schema_version":1},{"address":"aws_subnet.costiac_public_subnet_2","mode":"managed","type":"aws_subnet","name":"costiac_public_subnet_2","provider_config_key":"aws","expressions":{"availability_zone":{"constant_value":"us-east-1b"},"cidr_block":{"constant_value":"10.0.2.0/24"},"map_public_ip_on_launch":{"constant_value":true},"tags":{"constant_value":{"Name":"costiac-public-subnet-2"}},"vpc_id":{"references":["aws_vpc.costiac_vpc.id","aws_vpc.costiac_vpc"]}},"schema_version":1},{"address":"aws_vpc.costiac_vpc","mode":"managed","type":"aws_vpc","name":"costiac_vpc","provider_config_key":"aws","expressions":{"cidr_block":{"constant_value":"10.0.0.0/16"},"tags":{"constant_value":{"Name":"costiac-vpc"}}},"schema_version":1},{"address":"local_file.private_key","mode":"managed","type":"local_file","name":"private_key","provider_config_key":"local","expressions":{"content":{"references":["tls_private_key.ec2_key_pair.private_key_pem","tls_private_key.ec2_key_pair"]},"file_permission":{"constant_value":"0400"},"filename":{"references":["path.module"]}},"schema_version":0},{"address":"tls_private_key.ec2_key_pair","mode":"managed","type":"tls_private_key","name":"ec2_key_pair","provider_config_key":"tls","expressions":{"algorithm":{"constant_value":"RSA"},"rsa_bits":{"constant_value":2048}},"schema_version":1}]}},"relevant_attributes":[{"resource":"aws_vpc.costiac_vpc","attribute":["id"]},{"resource":"aws_subnet.costiac_public_subnet_1","attribute":["id"]},{"resource":"aws_subnet.costiac_public_subnet_2","attribute":["id"]},{"resource":"aws_key_pair.deployed_key","attribute":["key_name"]},{"resource":"aws_internet_gateway.costiac_igw","attribute":["id"]},{"resource":"aws_route_table.costiac_public_route_table","attribute":["id"]},{"resource":"aws_security_group.costiac_sg","attribute":["id"]},{"resource":"aws_efs_file_system.costiac_efs","attribute":["id"]},{"resource":"aws_ebs_volume.costiac_ebs_volume","attribute":["id"]},{"resource":"aws_security_group.my_security_group","attribute":["id"]}],"timestamp":"2024-10-20T23:28:40Z","errored":false}
