{"format_version":"1.2","terraform_version":"1.6.6","planned_values":{"root_module":{"resources":[{"address":"aws_eip.ec2_1_eip","mode":"managed","type":"aws_eip","name":"ec2_1_eip","provider_name":"registry.terraform.io/hashicorp/aws","schema_version":0,"values":{"address":null,"associate_with_private_ip":null,"customer_owned_ipv4_pool":null,"tags":null,"timeouts":null},"sensitive_values":{"tags_all":{}}},{"address":"aws_instance.ec2_1","mode":"managed","type":"aws_instance","name":"ec2_1","provider_name":"registry.terraform.io/hashicorp/aws","schema_version":1,"values":{"ami":"ami-0dba2cb6798deb6d8","credit_specification":[],"get_password_data":false,"hibernation":null,"instance_type":"c4.8xlarge","launch_template":[],"root_block_device":[{"delete_on_termination":true,"tags":null,"volume_size":300,"volume_type":"gp2"}],"source_dest_check":true,"tags":{"Name":"Instance-C4-8xlarge"},"tags_all":{"Name":"Instance-C4-8xlarge"},"timeouts":null,"user_data_replace_on_change":false,"volume_tags":null},"sensitive_values":{"capacity_reservation_specification":[],"cpu_options":[],"credit_specification":[],"ebs_block_device":[],"enclave_options":[],"ephemeral_block_device":[],"instance_market_options":[],"ipv6_addresses":[],"launch_template":[],"maintenance_options":[],"metadata_options":[],"network_interface":[],"private_dns_name_options":[],"root_block_device":[{"tags_all":{}}],"secondary_private_ips":[],"security_groups":[],"tags":{},"tags_all":{},"vpc_security_group_ids":[]}},{"address":"aws_instance.ec2_2","mode":"managed","type":"aws_instance","name":"ec2_2","provider_name":"registry.terraform.io/hashicorp/aws","schema_version":1,"values":{"ami":"ami-0dba2cb6798deb6d8","credit_specification":[],"get_password_data":false,"hibernation":null,"instance_type":"t2.medium","launch_template":[],"root_block_device":[{"delete_on_termination":true,"tags":null,"volume_size":5000,"volume_type":"gp2"}],"source_dest_check":true,"tags":{"Name":"Instance-T2-Medium"},"tags_all":{"Name":"Instance-T2-Medium"},"timeouts":null,"user_data_replace_on_change":false,"volume_tags":null},"sensitive_values":{"capacity_reservation_specification":[],"cpu_options":[],"credit_specification":[],"ebs_block_device":[],"enclave_options":[],"ephemeral_block_device":[],"instance_market_options":[],"ipv6_addresses":[],"launch_template":[],"maintenance_options":[],"metadata_options":[],"network_interface":[],"private_dns_name_options":[],"root_block_device":[{"tags_all":{}}],"secondary_private_ips":[],"security_groups":[],"tags":{},"tags_all":{},"vpc_security_group_ids":[]}}]}},"resource_changes":[{"address":"aws_eip.ec2_1_eip","mode":"managed","type":"aws_eip","name":"ec2_1_eip","provider_name":"registry.terraform.io/hashicorp/aws","change":{"actions":["create"],"before":null,"after":{"address":null,"associate_with_private_ip":null,"customer_owned_ipv4_pool":null,"tags":null,"timeouts":null},"after_unknown":{"allocation_id":true,"arn":true,"association_id":true,"carrier_ip":true,"customer_owned_ip":true,"domain":true,"id":true,"instance":true,"ipam_pool_id":true,"network_border_group":true,"network_interface":true,"private_dns":true,"private_ip":true,"ptr_record":true,"public_dns":true,"public_ip":true,"public_ipv4_pool":true,"tags_all":true,"vpc":true},"before_sensitive":false,"after_sensitive":{"tags_all":{}}}},{"address":"aws_instance.ec2_1","mode":"managed","type":"aws_instance","name":"ec2_1","provider_name":"registry.terraform.io/hashicorp/aws","change":{"actions":["create"],"before":null,"after":{"ami":"ami-0dba2cb6798deb6d8","credit_specification":[],"get_password_data":false,"hibernation":null,"instance_type":"c4.8xlarge","launch_template":[],"root_block_device":[{"delete_on_termination":true,"tags":null,"volume_size":300,"volume_type":"gp2"}],"source_dest_check":true,"tags":{"Name":"Instance-C4-8xlarge"},"tags_all":{"Name":"Instance-C4-8xlarge"},"timeouts":null,"user_data_replace_on_change":false,"volume_tags":null},"after_unknown":{"arn":true,"associate_public_ip_address":true,"availability_zone":true,"capacity_reservation_specification":true,"cpu_core_count":true,"cpu_options":true,"cpu_threads_per_core":true,"credit_specification":[],"disable_api_stop":true,"disable_api_termination":true,"ebs_block_device":true,"ebs_optimized":true,"enclave_options":true,"ephemeral_block_device":true,"host_id":true,"host_resource_group_arn":true,"iam_instance_profile":true,"id":true,"instance_initiated_shutdown_behavior":true,"instance_lifecycle":true,"instance_market_options":true,"instance_state":true,"ipv6_address_count":true,"ipv6_addresses":true,"key_name":true,"launch_template":[],"maintenance_options":true,"metadata_options":true,"monitoring":true,"network_interface":true,"outpost_arn":true,"password_data":true,"placement_group":true,"placement_partition_number":true,"primary_network_interface_id":true,"private_dns":true,"private_dns_name_options":true,"private_ip":true,"public_dns":true,"public_ip":true,"root_block_device":[{"device_name":true,"encrypted":true,"iops":true,"kms_key_id":true,"tags_all":true,"throughput":true,"volume_id":true}],"secondary_private_ips":true,"security_groups":true,"spot_instance_request_id":true,"subnet_id":true,"tags":{},"tags_all":{},"tenancy":true,"user_data":true,"user_data_base64":true,"vpc_security_group_ids":true},"before_sensitive":false,"after_sensitive":{"capacity_reservation_specification":[],"cpu_options":[],"credit_specification":[],"ebs_block_device":[],"enclave_options":[],"ephemeral_block_device":[],"instance_market_options":[],"ipv6_addresses":[],"launch_template":[],"maintenance_options":[],"metadata_options":[],"network_interface":[],"private_dns_name_options":[],"root_block_device":[{"tags_all":{}}],"secondary_private_ips":[],"security_groups":[],"tags":{},"tags_all":{},"vpc_security_group_ids":[]}}},{"address":"aws_instance.ec2_2","mode":"managed","type":"aws_instance","name":"ec2_2","provider_name":"registry.terraform.io/hashicorp/aws","change":{"actions":["create"],"before":null,"after":{"ami":"ami-0dba2cb6798deb6d8","credit_specification":[],"get_password_data":false,"hibernation":null,"instance_type":"t2.medium","launch_template":[],"root_block_device":[{"delete_on_termination":true,"tags":null,"volume_size":5000,"volume_type":"gp2"}],"source_dest_check":true,"tags":{"Name":"Instance-T2-Medium"},"tags_all":{"Name":"Instance-T2-Medium"},"timeouts":null,"user_data_replace_on_change":false,"volume_tags":null},"after_unknown":{"arn":true,"associate_public_ip_address":true,"availability_zone":true,"capacity_reservation_specification":true,"cpu_core_count":true,"cpu_options":true,"cpu_threads_per_core":true,"credit_specification":[],"disable_api_stop":true,"disable_api_termination":true,"ebs_block_device":true,"ebs_optimized":true,"enclave_options":true,"ephemeral_block_device":true,"host_id":true,"host_resource_group_arn":true,"iam_instance_profile":true,"id":true,"instance_initiated_shutdown_behavior":true,"instance_lifecycle":true,"instance_market_options":true,"instance_state":true,"ipv6_address_count":true,"ipv6_addresses":true,"key_name":true,"launch_template":[],"maintenance_options":true,"metadata_options":true,"monitoring":true,"network_interface":true,"outpost_arn":true,"password_data":true,"placement_group":true,"placement_partition_number":true,"primary_network_interface_id":true,"private_dns":true,"private_dns_name_options":true,"private_ip":true,"public_dns":true,"public_ip":true,"root_block_device":[{"device_name":true,"encrypted":true,"iops":true,"kms_key_id":true,"tags_all":true,"throughput":true,"volume_id":true}],"secondary_private_ips":true,"security_groups":true,"spot_instance_request_id":true,"subnet_id":true,"tags":{},"tags_all":{},"tenancy":true,"user_data":true,"user_data_base64":true,"vpc_security_group_ids":true},"before_sensitive":false,"after_sensitive":{"capacity_reservation_specification":[],"cpu_options":[],"credit_specification":[],"ebs_block_device":[],"enclave_options":[],"ephemeral_block_device":[],"instance_market_options":[],"ipv6_addresses":[],"launch_template":[],"maintenance_options":[],"metadata_options":[],"network_interface":[],"private_dns_name_options":[],"root_block_device":[{"tags_all":{}}],"secondary_private_ips":[],"security_groups":[],"tags":{},"tags_all":{},"vpc_security_group_ids":[]}}}],"configuration":{"provider_config":{"aws":{"name":"aws","full_name":"registry.terraform.io/hashicorp/aws","expressions":{"region":{"constant_value":"us-east-1"}}}},"root_module":{"resources":[{"address":"aws_eip.ec2_1_eip","mode":"managed","type":"aws_eip","name":"ec2_1_eip","provider_config_key":"aws","expressions":{"instance":{"references":["aws_instance.ec2_1.id","aws_instance.ec2_1"]}},"schema_version":0},{"address":"aws_instance.ec2_1","mode":"managed","type":"aws_instance","name":"ec2_1","provider_config_key":"aws","expressions":{"ami":{"constant_value":"ami-0dba2cb6798deb6d8"},"instance_type":{"constant_value":"c4.8xlarge"},"root_block_device":[{"volume_size":{"constant_value":300},"volume_type":{"constant_value":"gp2"}}],"tags":{"constant_value":{"Name":"Instance-C4-8xlarge"}}},"schema_version":1},{"address":"aws_instance.ec2_2","mode":"managed","type":"aws_instance","name":"ec2_2","provider_config_key":"aws","expressions":{"ami":{"constant_value":"ami-0dba2cb6798deb6d8"},"instance_type":{"constant_value":"t2.medium"},"root_block_device":[{"volume_size":{"constant_value":5000},"volume_type":{"constant_value":"gp2"}}],"tags":{"constant_value":{"Name":"Instance-T2-Medium"}}},"schema_version":1}]}},"relevant_attributes":[{"resource":"aws_instance.ec2_1","attribute":["id"]}],"timestamp":"2024-10-23T12:26:14Z","errored":false}
